<?xml version="1.0" encoding="utf-8"?>
<Project ToolsVersion="12.0" xmlns="http://schemas.microsoft.com/developer/msbuild/2003">
  <ItemGroup>
    <ClCompile Include="..\..\Util\src\AbstractConfiguration.cpp">
      <Filter>Configuration\Source Files</Filter>
    </ClCompile>
    <ClCompile Include="..\..\Util\src\Application.cpp">
      <Filter>Application\Source Files</Filter>
    </ClCompile>
    <ClCompile Include="..\..\Util\src\ConfigurationMapper.cpp">
      <Filter>Configuration\Source Files</Filter>
    </ClCompile>
    <ClCompile Include="..\..\Util\src\ConfigurationView.cpp">
      <Filter>Configuration\Source Files</Filter>
    </ClCompile>
    <ClCompile Include="..\..\Util\src\FilesystemConfiguration.cpp">
      <Filter>Configuration\Source Files</Filter>
    </ClCompile>
    <ClCompile Include="..\..\Util\src\HelpFormatter.cpp">
      <Filter>Options\Source Files</Filter>
    </ClCompile>
    <ClCompile Include="..\..\Util\src\IniFileConfiguration.cpp">
      <Filter>Configuration\Source Files</Filter>
    </ClCompile>
    <ClCompile Include="..\..\Util\src\IntValidator.cpp">
      <Filter>Options\Source Files</Filter>
    </ClCompile>
    <ClCompile Include="..\..\Util\src\JSONConfiguration.cpp">
      <Filter>JSON\Source Files</Filter>
    </ClCompile>
    <ClCompile Include="..\..\Util\src\LayeredConfiguration.cpp">
      <Filter>Configuration\Source Files</Filter>
    </ClCompile>
    <ClCompile Include="..\..\Util\src\LoggingConfigurator.cpp">
      <Filter>Configuration\Source Files</Filter>
    </ClCompile>
    <ClCompile Include="..\..\Util\src\LoggingSubsystem.cpp">
      <Filter>Application\Source Files</Filter>
    </ClCompile>
    <ClCompile Include="..\..\Util\src\MapConfiguration.cpp">
      <Filter>Configuration\Source Files</Filter>
    </ClCompile>
    <ClCompile Include="..\..\Util\src\Option.cpp">
      <Filter>Options\Source Files</Filter>
    </ClCompile>
    <ClCompile Include="..\..\Util\src\OptionCallback.cpp">
      <Filter>Options\Source Files</Filter>
    </ClCompile>
    <ClCompile Include="..\..\Util\src\OptionException.cpp">
      <Filter>Options\Source Files</Filter>
    </ClCompile>
    <ClCompile Include="..\..\Util\src\OptionProcessor.cpp">
      <Filter>Options\Source Files</Filter>
    </ClCompile>
    <ClCompile Include="..\..\Util\src\OptionSet.cpp">
      <Filter>Options\Source Files</Filter>
    </ClCompile>
    <ClCompile Include="..\..\Util\src\PropertyFileConfiguration.cpp">
      <Filter>Configuration\Source Files</Filter>
    </ClCompile>
    <ClCompile Include="..\..\Util\src\RegExpValidator.cpp">
      <Filter>Options\Source Files</Filter>
    </ClCompile>
    <ClCompile Include="..\..\Util\src\ServerApplication.cpp">
      <Filter>Application\Source Files</Filter>
    </ClCompile>
    <ClCompile Include="..\..\Util\src\Subsystem.cpp">
      <Filter>Application\Source Files</Filter>
    </ClCompile>
    <ClCompile Include="..\..\Util\src\SystemConfiguration.cpp">
      <Filter>Configuration\Source Files</Filter>
    </ClCompile>
    <ClCompile Include="..\..\Util\src\Timer.cpp">
      <Filter>Timer\Source Files</Filter>
    </ClCompile>
    <ClCompile Include="..\..\Util\src\TimerTask.cpp">
      <Filter>Timer\Source Files</Filter>
    </ClCompile>
    <ClCompile Include="..\..\Util\src\Validator.cpp">
      <Filter>Options\Source Files</Filter>
    </ClCompile>
    <ClCompile Include="..\..\Util\src\WinRegistryConfiguration.cpp">
      <Filter>Windows\Source Files</Filter>
    </ClCompile>
    <ClCompile Include="..\..\Util\src\WinRegistryKey.cpp">
      <Filter>Windows\Source Files</Filter>
    </ClCompile>
    <ClCompile Include="..\..\Util\src\WinService.cpp">
      <Filter>Windows\Source Files</Filter>
    </ClCompile>
    <ClCompile Include="..\..\Util\src\XMLConfiguration.cpp">
      <Filter>Configuration\Source Files</Filter>
    </ClCompile>
  </ItemGroup>
  <ItemGroup>
    <ClInclude Include="..\..\Util\include\Poco\Util\AbstractConfiguration.h">
      <Filter>Configuration\Header Files</Filter>
    </ClInclude>
    <ClInclude Include="..\..\Util\include\Poco\Util\Application.h">
      <Filter>Application\Header Files</Filter>
    </ClInclude>
    <ClInclude Include="..\..\Util\include\Poco\Util\ConfigurationMapper.h">
      <Filter>Configuration\Header Files</Filter>
    </ClInclude>
    <ClInclude Include="..\..\Util\include\Poco\Util\ConfigurationView.h">
      <Filter>Configuration\Header Files</Filter>
    </ClInclude>
    <ClInclude Include="..\..\Util\include\Poco\Util\FilesystemConfiguration.h">
      <Filter>Configuration\Header Files</Filter>
    </ClInclude>
    <ClInclude Include="..\..\Util\include\Poco\Util\HelpFormatter.h">
      <Filter>Options\Header Files</Filter>
    </ClInclude>
    <ClInclude Include="..\..\Util\include\Poco\Util\IniFileConfiguration.h">
      <Filter>Configuration\Header Files</Filter>
    </ClInclude>
    <ClInclude Include="..\..\Util\include\Poco\Util\IntValidator.h">
      <Filter>Options\Header Files</Filter>
    </ClInclude>
    <ClInclude Include="..\..\Util\include\Poco\Util\JSONConfiguration.h">
      <Filter>Util\Header Files</Filter>
    </ClInclude>
    <ClInclude Include="..\..\Util\include\Poco\Util\LayeredConfiguration.h">
      <Filter>Configuration\Header Files</Filter>
    </ClInclude>
    <ClInclude Include="..\..\Util\include\Poco\Util\LoggingConfigurator.h">
      <Filter>Configuration\Header Files</Filter>
    </ClInclude>
    <ClInclude Include="..\..\Util\include\Poco\Util\LoggingSubsystem.h">
      <Filter>Application\Header Files</Filter>
    </ClInclude>
    <ClInclude Include="..\..\Util\include\Poco\Util\MapConfiguration.h">
      <Filter>Configuration\Header Files</Filter>
    </ClInclude>
    <ClInclude Include="..\..\Util\include\Poco\Util\Option.h">
      <Filter>Options\Header Files</Filter>
    </ClInclude>
    <ClInclude Include="..\..\Util\include\Poco\Util\OptionCallback.h">
      <Filter>Options\Header Files</Filter>
    </ClInclude>
    <ClInclude Include="..\..\Util\include\Poco\Util\OptionException.h">
      <Filter>Options\Header Files</Filter>
    </ClInclude>
    <ClInclude Include="..\..\Util\include\Poco\Util\OptionProcessor.h">
      <Filter>Options\Header Files</Filter>
    </ClInclude>
    <ClInclude Include="..\..\Util\include\Poco\Util\OptionSet.h">
      <Filter>Options\Header Files</Filter>
    </ClInclude>
    <ClInclude Include="..\..\Util\include\Poco\Util\PropertyFileConfiguration.h">
      <Filter>Configuration\Header Files</Filter>
    </ClInclude>
    <ClInclude Include="..\..\Util\include\Poco\Util\RegExpValidator.h">
      <Filter>Options\Header Files</Filter>
    </ClInclude>
    <ClInclude Include="..\..\Util\include\Poco\Util\ServerApplication.h">
      <Filter>Application\Header Files</Filter>
    </ClInclude>
    <ClInclude Include="..\..\Util\include\Poco\Util\Subsystem.h">
      <Filter>Application\Header Files</Filter>
    </ClInclude>
    <ClInclude Include="..\..\Util\include\Poco\Util\SystemConfiguration.h">
      <Filter>Configuration\Header Files</Filter>
    </ClInclude>
    <ClInclude Include="..\..\Util\include\Poco\Util\Timer.h">
      <Filter>Timer\Header Files</Filter>
    </ClInclude>
    <ClInclude Include="..\..\Util\include\Poco\Util\TimerTask.h">
      <Filter>Timer\Header Files</Filter>
    </ClInclude>
    <ClInclude Include="..\..\Util\include\Poco\Util\TimerTaskAdapter.h">
      <Filter>Timer\Header Files</Filter>
    </ClInclude>
    <ClInclude Include="..\..\Util\include\Poco\Util\Units.h">
      <Filter>Units\Header Files</Filter>
    </ClInclude>
    <ClInclude Include="..\..\Util\include\Poco\Util\Util.h">
      <Filter>Util\Header Files</Filter>
    </ClInclude>
    <ClInclude Include="..\..\Util\include\Poco\Util\Validator.h">
      <Filter>Options\Header Files</Filter>
    </ClInclude>
    <ClInclude Include="..\..\Util\include\Poco\Util\WinRegistryConfiguration.h">
      <Filter>Windows\Header Files</Filter>
    </ClInclude>
    <ClInclude Include="..\..\Util\include\Poco\Util\WinRegistryKey.h">
      <Filter>Windows\Header Files</Filter>
    </ClInclude>
    <ClInclude Include="..\..\Util\include\Poco\Util\WinService.h">
      <Filter>Windows\Header Files</Filter>
    </ClInclude>
    <ClInclude Include="..\..\Util\include\Poco\Util\XMLConfiguration.h">
      <Filter>Configuration\Header Files</Filter>
    </ClInclude>
  </ItemGroup>
  <ItemGroup>
    <Filter Include="Options\Source Files">
      <UniqueIdentifier>{8627BD8C-A8BC-4990-B8ED-1D25CE22C7C8}</UniqueIdentifier>
    </Filter>
    <Filter Include="Options\Header Files">
      <UniqueIdentifier>{1BF0CC7D-EA21-41DA-A3FA-231E4E5E1DE2}</UniqueIdentifier>
    </Filter>
    <Filter Include="Timer\Source Files">
      <UniqueIdentifier>{B34A5B3B-4889-468C-8EE9-6A3DCF597546}</UniqueIdentifier>
    </Filter>
    <Filter Include="Timer\Header Files">
      <UniqueIdentifier>{51FF2CF7-FD6A-48B1-8C80-508D7BEF4616}</UniqueIdentifier>
    </Filter>
    <Filter Include="Application\Source Files">
      <UniqueIdentifier>{A1C85E51-84F8-4657-B6E5-F860FF28A9A3}</UniqueIdentifier>
    </Filter>
    <Filter Include="Application\Header Files">
      <UniqueIdentifier>{968024C1-E336-4DD5-B5ED-AD361BED1008}</UniqueIdentifier>
    </Filter>
    <Filter Include="Configuration\Source Files">
      <UniqueIdentifier>{6585D243-A9F2-4959-922D-6288E1CBB2C0}</UniqueIdentifier>
    </Filter>
    <Filter Include="Configuration\Header Files">
      <UniqueIdentifier>{FE740845-0A72-40C2-AA35-1199E974AE80}</UniqueIdentifier>
    </Filter>
    <Filter Include="Configuration">
      <UniqueIdentifier>{89ECEEA5-F394-495B-8B8F-7ACEB8FB1717}</UniqueIdentifier>
    </Filter>
    <Filter Include="Application">
      <UniqueIdentifier>{03B9BAD1-B378-4086-86A3-56CBDC5B6AAB}</UniqueIdentifier>
    </Filter>
    <Filter Include="Options">
      <UniqueIdentifier>{CA937113-B350-4963-AAEA-54D5172588AF}</UniqueIdentifier>
    </Filter>
    <Filter Include="JSON">
      <UniqueIdentifier>{D28E822B-1666-4D7D-9230-AF7752FB271C}</UniqueIdentifier>
    </Filter>
    <Filter Include="Timer">
      <UniqueIdentifier>{D37D8BA1-4244-462F-8CC7-B87CB1C40644}</UniqueIdentifier>
    </Filter>
    <Filter Include="Windows">
      <UniqueIdentifier>{E65EA30A-CFAD-47E9-8298-360802AE901A}</UniqueIdentifier>
    </Filter>
    <Filter Include="Util">
      <UniqueIdentifier>{749D5B00-5010-422E-9D38-3B208504D1F6}</UniqueIdentifier>
    </Filter>
    <Filter Include="Units">
      <UniqueIdentifier>{71D5B235-A7BB-4243-B704-B824EA1B7910}</UniqueIdentifier>
    </Filter>
    <Filter Include="Windows\Source Files">
      <UniqueIdentifier>{51CDE86B-9354-48DE-8C2A-E51C4152331D}</UniqueIdentifier>
    </Filter>
    <Filter Include="Windows\Header Files">
      <UniqueIdentifier>{639D4D8A-3760-4F99-AB1B-24A4E4C82CDB}</UniqueIdentifier>
    </Filter>
    <Filter Include="Util\Header Files">
      <UniqueIdentifier>{655F0401-7EAA-49D2-BB3C-6B66C3A3AA9D}</UniqueIdentifier>
    </Filter>
    <Filter Include="JSON\Source Files">
      <UniqueIdentifier>{86F84B61-0294-4ECF-8662-9BA01B6E1ED9}</UniqueIdentifier>
    </Filter>
    <Filter Include="Units\Header Files">
      <UniqueIdentifier>{7ED8D031-5868-4095-89FC-2E54632139E7}</UniqueIdentifier>
    </Filter>
  </ItemGroup>
</Project>