<?xml version="1.0" encoding="utf-8"?>
<Project ToolsVersion="12.0" xmlns="http://schemas.microsoft.com/developer/msbuild/2003">
  <ItemGroup>
    <ClCompile Include="..\..\Foundation\src\AbstractObserver.cpp">
      <Filter>Notifications\Source Files</Filter>
    </ClCompile>
    <ClCompile Include="..\..\Foundation\src\ActiveDispatcher.cpp">
      <Filter>Threading\Source Files</Filter>
    </ClCompile>
    <ClCompile Include="..\..\Foundation\src\ArchiveStrategy.cpp">
      <Filter>Logging\Source Files</Filter>
    </ClCompile>
    <ClCompile Include="..\..\Foundation\src\Ascii.cpp">
      <Filter>Core\Source Files</Filter>
    </ClCompile>
    <ClCompile Include="..\..\Foundation\src\ASCIIEncoding.cpp">
      <Filter>Text\Source Files</Filter>
    </ClCompile>
    <ClCompile Include="..\..\Foundation\src\AsyncChannel.cpp">
      <Filter>Logging\Source Files</Filter>
    </ClCompile>
    <ClCompile Include="..\..\Foundation\src\AtomicCounter.cpp">
      <Filter>Core\Source Files</Filter>
    </ClCompile>
    <ClCompile Include="..\..\Foundation\src\Base32Decoder.cpp">
      <Filter>Streams\Source Files</Filter>
    </ClCompile>
    <ClCompile Include="..\..\Foundation\src\Base32Encoder.cpp">
      <Filter>Streams\Source Files</Filter>
    </ClCompile>
    <ClCompile Include="..\..\Foundation\src\Base64Decoder.cpp">
      <Filter>Streams\Source Files</Filter>
    </ClCompile>
    <ClCompile Include="..\..\Foundation\src\Base64Encoder.cpp">
      <Filter>Streams\Source Files</Filter>
    </ClCompile>
    <ClCompile Include="..\..\Foundation\src\BinaryReader.cpp">
      <Filter>Streams\Source Files</Filter>
    </ClCompile>
    <ClCompile Include="..\..\Foundation\src\BinaryWriter.cpp">
      <Filter>Streams\Source Files</Filter>
    </ClCompile>
    <ClCompile Include="..\..\Foundation\src\Bugcheck.cpp">
      <Filter>Core\Source Files</Filter>
    </ClCompile>
    <ClCompile Include="..\..\Foundation\src\ByteOrder.cpp">
      <Filter>Core\Source Files</Filter>
    </ClCompile>
    <ClCompile Include="..\..\Foundation\src\Channel.cpp">
      <Filter>Logging\Source Files</Filter>
    </ClCompile>
    <ClCompile Include="..\..\Foundation\src\Checksum.cpp">
      <Filter>Core\Source Files</Filter>
    </ClCompile>
    <ClCompile Include="..\..\Foundation\src\Clock.cpp">
      <Filter>DateTime\Source Files</Filter>
    </ClCompile>
    <ClCompile Include="..\..\Foundation\src\Condition.cpp">
      <Filter>Threading\Source Files</Filter>
    </ClCompile>
    <ClCompile Include="..\..\Foundation\src\Configurable.cpp">
      <Filter>Logging\Source Files</Filter>
    </ClCompile>
    <ClCompile Include="..\..\Foundation\src\ConsoleChannel.cpp">
      <Filter>Logging\Source Files</Filter>
    </ClCompile>
    <ClCompile Include="..\..\Foundation\src\CountingStream.cpp">
      <Filter>Streams\Source Files</Filter>
    </ClCompile>
    <ClCompile Include="..\..\Foundation\src\DateTime.cpp">
      <Filter>DateTime\Source Files</Filter>
    </ClCompile>
    <ClCompile Include="..\..\Foundation\src\DateTimeFormat.cpp">
      <Filter>DateTime\Source Files</Filter>
    </ClCompile>
    <ClCompile Include="..\..\Foundation\src\DateTimeFormatter.cpp">
      <Filter>DateTime\Source Files</Filter>
    </ClCompile>
    <ClCompile Include="..\..\Foundation\src\DateTimeParser.cpp">
      <Filter>DateTime\Source Files</Filter>
    </ClCompile>
    <ClCompile Include="..\..\Foundation\src\Debugger.cpp">
      <Filter>Core\Source Files</Filter>
    </ClCompile>
    <ClCompile Include="..\..\Foundation\src\DeflatingStream.cpp">
      <Filter>Streams\Source Files</Filter>
    </ClCompile>
    <ClCompile Include="..\..\Foundation\src\DigestEngine.cpp">
      <Filter>Crypt\Source Files</Filter>
    </ClCompile>
    <ClCompile Include="..\..\Foundation\src\DigestStream.cpp">
      <Filter>Crypt\Source Files</Filter>
    </ClCompile>
    <ClCompile Include="..\..\Foundation\src\DirectoryIterator.cpp">
      <Filter>Filesystem\Source Files</Filter>
    </ClCompile>
    <ClCompile Include="..\..\Foundation\src\DirectoryIteratorStrategy.cpp">
      <Filter>Filesystem\Source Files</Filter>
    </ClCompile>
    <ClCompile Include="..\..\Foundation\src\DirectoryWatcher.cpp">
      <Filter>Filesystem\Source Files</Filter>
    </ClCompile>
    <ClCompile Include="..\..\Foundation\src\Environment.cpp">
      <Filter>Core\Source Files</Filter>
    </ClCompile>
    <ClCompile Include="..\..\Foundation\src\Error.cpp">
      <Filter>Core\Source Files</Filter>
    </ClCompile>
    <ClCompile Include="..\..\Foundation\src\ErrorHandler.cpp">
      <Filter>Threading\Source Files</Filter>
    </ClCompile>
    <ClCompile Include="..\..\Foundation\src\Event.cpp">
      <Filter>Threading\Source Files</Filter>
    </ClCompile>
    <ClCompile Include="..\..\Foundation\src\EventArgs.cpp">
      <Filter>Events\Source Files</Filter>
    </ClCompile>
    <ClCompile Include="..\..\Foundation\src\EventChannel.cpp">
      <Filter>Logging\Source Files</Filter>
    </ClCompile>
    <ClCompile Include="..\..\Foundation\src\EventLogChannel.cpp">
      <Filter>Logging\Source Files</Filter>
    </ClCompile>
    <ClCompile Include="..\..\Foundation\src\Exception.cpp">
      <Filter>Core\Source Files</Filter>
    </ClCompile>
    <ClCompile Include="..\..\Foundation\src\FIFOBufferStream.cpp">
      <Filter>Streams\Source Files</Filter>
    </ClCompile>
    <ClCompile Include="..\..\Foundation\src\File.cpp">
      <Filter>Filesystem\Source Files</Filter>
    </ClCompile>
    <ClCompile Include="..\..\Foundation\src\FileChannel.cpp">
      <Filter>Logging\Source Files</Filter>
    </ClCompile>
    <ClCompile Include="..\..\Foundation\src\FileStream.cpp">
      <Filter>Streams\Source Files</Filter>
    </ClCompile>
    <ClCompile Include="..\..\Foundation\src\FileStreamFactory.cpp">
      <Filter>URI\Source Files</Filter>
    </ClCompile>
    <ClCompile Include="..\..\Foundation\src\Format.cpp">
      <Filter>Core\Source Files</Filter>
    </ClCompile>
    <ClCompile Include="..\..\Foundation\src\Formatter.cpp">
      <Filter>Logging\Source Files</Filter>
    </ClCompile>
    <ClCompile Include="..\..\Foundation\src\FormattingChannel.cpp">
      <Filter>Logging\Source Files</Filter>
    </ClCompile>
    <ClCompile Include="..\..\Foundation\src\FPEnvironment.cpp">
      <Filter>Core\Source Files</Filter>
    </ClCompile>
    <ClCompile Include="..\..\Foundation\src\Glob.cpp">
      <Filter>Filesystem\Source Files</Filter>
    </ClCompile>
    <ClCompile Include="..\..\Foundation\src\Hash.cpp">
      <Filter>Hashing\Source Files</Filter>
    </ClCompile>
    <ClCompile Include="..\..\Foundation\src\HashStatistic.cpp">
      <Filter>Hashing\Source Files</Filter>
    </ClCompile>
    <ClCompile Include="..\..\Foundation\src\HexBinaryDecoder.cpp">
      <Filter>Streams\Source Files</Filter>
    </ClCompile>
    <ClCompile Include="..\..\Foundation\src\HexBinaryEncoder.cpp">
      <Filter>Streams\Source Files</Filter>
    </ClCompile>
    <ClCompile Include="..\..\Foundation\src\InflatingStream.cpp">
      <Filter>Streams\Source Files</Filter>
    </ClCompile>
    <ClCompile Include="..\..\Foundation\src\Latin1Encoding.cpp">
      <Filter>Text\Source Files</Filter>
    </ClCompile>
    <ClCompile Include="..\..\Foundation\src\Latin2Encoding.cpp">
      <Filter>Text\Source Files</Filter>
    </ClCompile>
    <ClCompile Include="..\..\Foundation\src\Latin9Encoding.cpp">
      <Filter>Text\Source Files</Filter>
    </ClCompile>
    <ClCompile Include="..\..\Foundation\src\LineEndingConverter.cpp">
      <Filter>Streams\Source Files</Filter>
    </ClCompile>
    <ClCompile Include="..\..\Foundation\src\LocalDateTime.cpp">
      <Filter>DateTime\Source Files</Filter>
    </ClCompile>
    <ClCompile Include="..\..\Foundation\src\LogFile.cpp">
      <Filter>Logging\Source Files</Filter>
    </ClCompile>
    <ClCompile Include="..\..\Foundation\src\Logger.cpp">
      <Filter>Logging\Source Files</Filter>
    </ClCompile>
    <ClCompile Include="..\..\Foundation\src\LoggingFactory.cpp">
      <Filter>Logging\Source Files</Filter>
    </ClCompile>
    <ClCompile Include="..\..\Foundation\src\LoggingRegistry.cpp">
      <Filter>Logging\Source Files</Filter>
    </ClCompile>
    <ClCompile Include="..\..\Foundation\src\LogStream.cpp">
      <Filter>Logging\Source Files</Filter>
    </ClCompile>
    <ClCompile Include="..\..\Foundation\src\Manifest.cpp">
      <Filter>SharedLibrary\Source Files</Filter>
    </ClCompile>
    <ClCompile Include="..\..\Foundation\src\MD4Engine.cpp">
      <Filter>Crypt\Source Files</Filter>
    </ClCompile>
    <ClCompile Include="..\..\Foundation\src\MD5Engine.cpp">
      <Filter>Crypt\Source Files</Filter>
    </ClCompile>
    <ClCompile Include="..\..\Foundation\src\MemoryPool.cpp">
      <Filter>Core\Source Files</Filter>
    </ClCompile>
    <ClCompile Include="..\..\Foundation\src\MemoryStream.cpp">
      <Filter>Streams\Source Files</Filter>
    </ClCompile>
    <ClCompile Include="..\..\Foundation\src\Message.cpp">
      <Filter>Logging\Source Files</Filter>
    </ClCompile>
    <ClCompile Include="..\..\Foundation\src\Mutex.cpp">
      <Filter>Threading\Source Files</Filter>
    </ClCompile>
    <ClCompile Include="..\..\Foundation\src\NamedEvent.cpp">
      <Filter>Processes\Source Files</Filter>
    </ClCompile>
    <ClCompile Include="..\..\Foundation\src\NamedMutex.cpp">
      <Filter>Processes\Source Files</Filter>
    </ClCompile>
    <ClCompile Include="..\..\Foundation\src\NestedDiagnosticContext.cpp">
      <Filter>Core\Source Files</Filter>
    </ClCompile>
    <ClCompile Include="..\..\Foundation\src\Notification.cpp">
      <Filter>Notifications\Source Files</Filter>
    </ClCompile>
    <ClCompile Include="..\..\Foundation\src\NotificationCenter.cpp">
      <Filter>Notifications\Source Files</Filter>
    </ClCompile>
    <ClCompile Include="..\..\Foundation\src\NotificationQueue.cpp">
      <Filter>Notifications\Source Files</Filter>
    </ClCompile>
    <ClCompile Include="..\..\Foundation\src\NullChannel.cpp">
      <Filter>Logging\Source Files</Filter>
    </ClCompile>
    <ClCompile Include="..\..\Foundation\src\NullStream.cpp">
      <Filter>Streams\Source Files</Filter>
    </ClCompile>
    <ClCompile Include="..\..\Foundation\src\NumberFormatter.cpp">
      <Filter>Core\Source Files</Filter>
    </ClCompile>
    <ClCompile Include="..\..\Foundation\src\NumberParser.cpp">
      <Filter>Core\Source Files</Filter>
    </ClCompile>
    <ClCompile Include="..\..\Foundation\src\NumericString.cpp">
      <Filter>Core\Source Files</Filter>
    </ClCompile>
    <ClCompile Include="..\..\Foundation\src\Path.cpp">
      <Filter>Filesystem\Source Files</Filter>
    </ClCompile>
    <ClCompile Include="..\..\Foundation\src\PatternFormatter.cpp">
      <Filter>Logging\Source Files</Filter>
    </ClCompile>
    <ClCompile Include="..\..\Foundation\src\Pipe.cpp">
      <Filter>Processes\Source Files</Filter>
    </ClCompile>
    <ClCompile Include="..\..\Foundation\src\PipeImpl.cpp">
      <Filter>Processes\Source Files</Filter>
    </ClCompile>
    <ClCompile Include="..\..\Foundation\src\PipeStream.cpp">
      <Filter>Processes\Source Files</Filter>
    </ClCompile>
    <ClCompile Include="..\..\Foundation\src\PriorityNotificationQueue.cpp">
      <Filter>Notifications\Source Files</Filter>
    </ClCompile>
    <ClCompile Include="..\..\Foundation\src\Process.cpp">
      <Filter>Processes\Source Files</Filter>
    </ClCompile>
    <ClCompile Include="..\..\Foundation\src\PurgeStrategy.cpp">
      <Filter>Logging\Source Files</Filter>
    </ClCompile>
    <ClCompile Include="..\..\Foundation\src\Random.cpp">
      <Filter>Crypt\Source Files</Filter>
    </ClCompile>
    <ClCompile Include="..\..\Foundation\src\RandomStream.cpp">
      <Filter>Crypt\Source Files</Filter>
    </ClCompile>
    <ClCompile Include="..\..\Foundation\src\RefCountedObject.cpp">
      <Filter>Core\Source Files</Filter>
    </ClCompile>
    <ClCompile Include="..\..\Foundation\src\RegularExpression.cpp">
      <Filter>RegExp\Source Files</Filter>
    </ClCompile>
    <ClCompile Include="..\..\Foundation\src\RotateStrategy.cpp">
      <Filter>Logging\Source Files</Filter>
    </ClCompile>
    <ClCompile Include="..\..\Foundation\src\Runnable.cpp">
      <Filter>Threading\Source Files</Filter>
    </ClCompile>
    <ClCompile Include="..\..\Foundation\src\RWLock.cpp">
      <Filter>Threading\Source Files</Filter>
    </ClCompile>
    <ClCompile Include="..\..\Foundation\src\Semaphore.cpp">
      <Filter>Threading\Source Files</Filter>
    </ClCompile>
    <ClCompile Include="..\..\Foundation\src\SHA1Engine.cpp">
      <Filter>Crypt\Source Files</Filter>
    </ClCompile>
    <ClCompile Include="..\..\Foundation\src\SharedLibrary.cpp">
      <Filter>SharedLibrary\Source Files</Filter>
    </ClCompile>
    <ClCompile Include="..\..\Foundation\src\SharedMemory.cpp">
      <Filter>Processes\Source Files</Filter>
    </ClCompile>
    <ClCompile Include="..\..\Foundation\src\SignalHandler.cpp">
      <Filter>Threading\Source Files</Filter>
    </ClCompile>
    <ClCompile Include="..\..\Foundation\src\SimpleFileChannel.cpp">
      <Filter>Logging\Source Files</Filter>
    </ClCompile>
    <ClCompile Include="..\..\Foundation\src\SortedDirectoryIterator.cpp">
      <Filter>Filesystem\Source Files</Filter>
    </ClCompile>
    <ClCompile Include="..\..\Foundation\src\SplitterChannel.cpp">
      <Filter>Logging\Source Files</Filter>
    </ClCompile>
    <ClCompile Include="..\..\Foundation\src\Stopwatch.cpp">
      <Filter>DateTime\Source Files</Filter>
    </ClCompile>
    <ClCompile Include="..\..\Foundation\src\StreamChannel.cpp">
      <Filter>Logging\Source Files</Filter>
    </ClCompile>
    <ClCompile Include="..\..\Foundation\src\StreamConverter.cpp">
      <Filter>Text\Source Files</Filter>
    </ClCompile>
    <ClCompile Include="..\..\Foundation\src\StreamCopier.cpp">
      <Filter>Streams\Source Files</Filter>
    </ClCompile>
    <ClCompile Include="..\..\Foundation\src\StreamTokenizer.cpp">
      <Filter>Streams\Source Files</Filter>
    </ClCompile>
    <ClCompile Include="..\..\Foundation\src\String.cpp">
      <Filter>Core\Source Files</Filter>
    </ClCompile>
    <ClCompile Include="..\..\Foundation\src\StringTokenizer.cpp">
      <Filter>Core\Source Files</Filter>
    </ClCompile>
    <ClCompile Include="..\..\Foundation\src\SynchronizedObject.cpp">
      <Filter>Threading\Source Files</Filter>
    </ClCompile>
    <ClCompile Include="..\..\Foundation\src\Task.cpp">
      <Filter>Tasks\Source Files</Filter>
    </ClCompile>
    <ClCompile Include="..\..\Foundation\src\TaskManager.cpp">
      <Filter>Tasks\Source Files</Filter>
    </ClCompile>
    <ClCompile Include="..\..\Foundation\src\TaskNotification.cpp">
      <Filter>Tasks\Source Files</Filter>
    </ClCompile>
    <ClCompile Include="..\..\Foundation\src\TeeStream.cpp">
      <Filter>Streams\Source Files</Filter>
    </ClCompile>
    <ClCompile Include="..\..\Foundation\src\TemporaryFile.cpp">
      <Filter>Filesystem\Source Files</Filter>
    </ClCompile>
    <ClCompile Include="..\..\Foundation\src\TextBufferIterator.cpp">
      <Filter>Text\Source Files</Filter>
    </ClCompile>
    <ClCompile Include="..\..\Foundation\src\TextConverter.cpp">
      <Filter>Text\Source Files</Filter>
    </ClCompile>
    <ClCompile Include="..\..\Foundation\src\TextEncoding.cpp">
      <Filter>Text\Source Files</Filter>
    </ClCompile>
    <ClCompile Include="..\..\Foundation\src\TextIterator.cpp">
      <Filter>Text\Source Files</Filter>
    </ClCompile>
    <ClCompile Include="..\..\Foundation\src\Thread.cpp">
      <Filter>Threading\Source Files</Filter>
    </ClCompile>
    <ClCompile Include="..\..\Foundation\src\ThreadLocal.cpp">
      <Filter>Threading\Source Files</Filter>
    </ClCompile>
    <ClCompile Include="..\..\Foundation\src\ThreadPool.cpp">
      <Filter>Threading\Source Files</Filter>
    </ClCompile>
    <ClCompile Include="..\..\Foundation\src\ThreadTarget.cpp">
      <Filter>Threading\Source Files</Filter>
    </ClCompile>
    <ClCompile Include="..\..\Foundation\src\TimedNotificationQueue.cpp">
      <Filter>Notifications\Source Files</Filter>
    </ClCompile>
    <ClCompile Include="..\..\Foundation\src\Timer.cpp">
      <Filter>Threading\Source Files</Filter>
    </ClCompile>
    <ClCompile Include="..\..\Foundation\src\Timespan.cpp">
      <Filter>DateTime\Source Files</Filter>
    </ClCompile>
    <ClCompile Include="..\..\Foundation\src\Timestamp.cpp">
      <Filter>DateTime\Source Files</Filter>
    </ClCompile>
    <ClCompile Include="..\..\Foundation\src\Timezone.cpp">
      <Filter>DateTime\Source Files</Filter>
    </ClCompile>
    <ClCompile Include="..\..\Foundation\src\Token.cpp">
      <Filter>Streams\Source Files</Filter>
    </ClCompile>
    <ClCompile Include="..\..\Foundation\src\Unicode.cpp">
      <Filter>Text\Source Files</Filter>
    </ClCompile>
    <ClCompile Include="..\..\Foundation\src\UnicodeConverter.cpp">
      <Filter>Text\Source Files</Filter>
    </ClCompile>
    <ClCompile Include="..\..\Foundation\src\URI.cpp">
      <Filter>URI\Source Files</Filter>
    </ClCompile>
    <ClCompile Include="..\..\Foundation\src\URIStreamFactory.cpp">
      <Filter>URI\Source Files</Filter>
    </ClCompile>
    <ClCompile Include="..\..\Foundation\src\URIStreamOpener.cpp">
      <Filter>URI\Source Files</Filter>
    </ClCompile>
    <ClCompile Include="..\..\Foundation\src\UTF16Encoding.cpp">
      <Filter>Text\Source Files</Filter>
    </ClCompile>
    <ClCompile Include="..\..\Foundation\src\UTF32Encoding.cpp">
      <Filter>Text\Source Files</Filter>
    </ClCompile>
    <ClCompile Include="..\..\Foundation\src\UTF8Encoding.cpp">
      <Filter>Text\Source Files</Filter>
    </ClCompile>
    <ClCompile Include="..\..\Foundation\src\UTF8String.cpp">
      <Filter>Text\Source Files</Filter>
    </ClCompile>
    <ClCompile Include="..\..\Foundation\src\UUID.cpp">
      <Filter>UUID\Source Files</Filter>
    </ClCompile>
    <ClCompile Include="..\..\Foundation\src\UUIDGenerator.cpp">
      <Filter>UUID\Source Files</Filter>
    </ClCompile>
    <ClCompile Include="..\..\Foundation\src\Var.cpp">
      <Filter>Core\Source Files</Filter>
    </ClCompile>
    <ClCompile Include="..\..\Foundation\src\VarHolder.cpp">
      <Filter>Core\Source Files</Filter>
    </ClCompile>
    <ClCompile Include="..\..\Foundation\src\VarIterator.cpp">
      <Filter>Dynamic\Source Files</Filter>
    </ClCompile>
    <ClCompile Include="..\..\Foundation\src\Void.cpp">
      <Filter>Core\Source Files</Filter>
    </ClCompile>
    <ClCompile Include="..\..\Foundation\src\Windows1250Encoding.cpp">
      <Filter>Text\Source Files</Filter>
    </ClCompile>
    <ClCompile Include="..\..\Foundation\src\Windows1251Encoding.cpp">
      <Filter>Text\Source Files</Filter>
    </ClCompile>
    <ClCompile Include="..\..\Foundation\src\Windows1252Encoding.cpp">
      <Filter>Text\Source Files</Filter>
    </ClCompile>
    <ClCompile Include="..\..\Foundation\src\WindowsConsoleChannel.cpp">
      <Filter>Logging\Source Files</Filter>
    </ClCompile>
    <ClCompile Include="..\..\Foundation\src\pcre_config.c">
      <Filter>pcre\Source Files</Filter>
    </ClCompile>
    <ClCompile Include="..\..\Foundation\src\pcre_byte_order.c">
      <Filter>pcre\Source Files</Filter>
    </ClCompile>
    <ClCompile Include="..\..\Foundation\src\pcre_chartables.c">
      <Filter>pcre\Source Files</Filter>
    </ClCompile>
    <ClCompile Include="..\..\Foundation\src\pcre_compile.c">
      <Filter>pcre\Source Files</Filter>
    </ClCompile>
    <ClCompile Include="..\..\Foundation\src\pcre_exec.c">
      <Filter>pcre\Source Files</Filter>
    </ClCompile>
    <ClCompile Include="..\..\Foundation\src\pcre_fullinfo.c">
      <Filter>pcre\Source Files</Filter>
    </ClCompile>
    <ClCompile Include="..\..\Foundation\src\pcre_globals.c">
      <Filter>pcre\Source Files</Filter>
    </ClCompile>
    <ClCompile Include="..\..\Foundation\src\pcre_maketables.c">
      <Filter>pcre\Source Files</Filter>
    </ClCompile>
    <ClCompile Include="..\..\Foundation\src\pcre_newline.c">
      <Filter>pcre\Source Files</Filter>
    </ClCompile>
    <ClCompile Include="..\..\Foundation\src\pcre_ord2utf8.c">
      <Filter>pcre\Source Files</Filter>
    </ClCompile>
    <ClCompile Include="..\..\Foundation\src\pcre_study.c">
      <Filter>pcre\Source Files</Filter>
    </ClCompile>
    <ClCompile Include="..\..\Foundation\src\pcre_tables.c">
      <Filter>pcre\Source Files</Filter>
    </ClCompile>
    <ClCompile Include="..\..\Foundation\src\pcre_dfa_exec.c">
      <Filter>pcre\Source Files</Filter>
    </ClCompile>
    <ClCompile Include="..\..\Foundation\src\pcre_get.c">
      <Filter>pcre\Source Files</Filter>
    </ClCompile>
    <ClCompile Include="..\..\Foundation\src\pcre_jit_compile.c">
      <Filter>pcre\Source Files</Filter>
    </ClCompile>
    <ClCompile Include="..\..\Foundation\src\pcre_refcount.c">
      <Filter>pcre\Source Files</Filter>
    </ClCompile>
    <ClCompile Include="..\..\Foundation\src\pcre_string_utils.c">
      <Filter>pcre\Source Files</Filter>
    </ClCompile>
    <ClCompile Include="..\..\Foundation\src\pcre_version.c">
      <Filter>pcre\Source Files</Filter>
    </ClCompile>
    <ClCompile Include="..\..\Foundation\src\pcre_ucd.c">
      <Filter>pcre\Source Files</Filter>
    </ClCompile>
    <ClCompile Include="..\..\Foundation\src\pcre_valid_utf8.c">
      <Filter>pcre\Source Files</Filter>
    </ClCompile>
    <ClCompile Include="..\..\Foundation\src\pcre_xclass.c">
      <Filter>pcre\Source Files</Filter>
    </ClCompile>
    <ClCompile Include="..\..\Foundation\src\adler32.c">
      <Filter>zlib\Source Files</Filter>
    </ClCompile>
    <ClCompile Include="..\..\Foundation\src\compress.c">
      <Filter>zlib\Source Files</Filter>
    </ClCompile>
    <ClCompile Include="..\..\Foundation\src\crc32.c">
      <Filter>zlib\Source Files</Filter>
    </ClCompile>
    <ClCompile Include="..\..\Foundation\src\deflate.c">
      <Filter>zlib\Source Files</Filter>
    </ClCompile>
    <ClCompile Include="..\..\Foundation\src\infback.c">
      <Filter>zlib\Source Files</Filter>
    </ClCompile>
    <ClCompile Include="..\..\Foundation\src\inffast.c">
      <Filter>zlib\Source Files</Filter>
    </ClCompile>
    <ClCompile Include="..\..\Foundation\src\inflate.c">
      <Filter>zlib\Source Files</Filter>
    </ClCompile>
    <ClCompile Include="..\..\Foundation\src\inftrees.c">
      <Filter>zlib\Source Files</Filter>
    </ClCompile>
    <ClCompile Include="..\..\Foundation\src\trees.c">
      <Filter>zlib\Source Files</Filter>
    </ClCompile>
    <ClCompile Include="..\..\Foundation\src\zutil.c">
      <Filter>zlib\Source Files</Filter>
    </ClCompile>
  </ItemGroup>
  <ItemGroup>
    <ClInclude Include="..\..\Foundation\src\DirectoryIterator_UNIX.cpp">
      <Filter>Filesystem\Source Files</Filter>
    </ClInclude>
    <ClInclude Include="..\..\Foundation\src\DirectoryIterator_VMS.cpp">
      <Filter>Filesystem\Source Files</Filter>
    </ClInclude>
    <ClInclude Include="..\..\Foundation\src\DirectoryIterator_WIN32.cpp">
      <Filter>Filesystem\Source Files</Filter>
    </ClInclude>
    <ClInclude Include="..\..\Foundation\src\DirectoryIterator_WIN32U.cpp">
      <Filter>Filesystem\Source Files</Filter>
    </ClInclude>
    <ClInclude Include="..\..\Foundation\src\Environment_UNIX.cpp">
      <Filter>Core\Source Files</Filter>
    </ClInclude>
    <ClInclude Include="..\..\Foundation\src\Environment_VMS.cpp">
      <Filter>Core\Source Files</Filter>
    </ClInclude>
    <ClInclude Include="..\..\Foundation\src\Environment_VX.cpp">
      <Filter>Core\Source Files</Filter>
    </ClInclude>
    <ClInclude Include="..\..\Foundation\src\Environment_WIN32.cpp">
      <Filter>Core\Source Files</Filter>
    </ClInclude>
    <ClInclude Include="..\..\Foundation\src\Environment_WIN32U.cpp">
      <Filter>Core\Source Files</Filter>
    </ClInclude>
    <ClInclude Include="..\..\Foundation\src\Environment_WINCE.cpp">
      <Filter>Core\Source Files</Filter>
    </ClInclude>
    <ClInclude Include="..\..\Foundation\src\Event_POSIX.cpp">
      <Filter>Threading\Source Files</Filter>
    </ClInclude>
    <ClInclude Include="..\..\Foundation\src\Event_VX.cpp">
      <Filter>Threading\Source Files</Filter>
    </ClInclude>
    <ClInclude Include="..\..\Foundation\src\Event_WIN32.cpp">
      <Filter>Threading\Source Files</Filter>
    </ClInclude>
    <ClInclude Include="..\..\Foundation\src\FileStream_POSIX.cpp">
      <Filter>Streams\Source Files</Filter>
    </ClInclude>
    <ClInclude Include="..\..\Foundation\src\FileStream_WIN32.cpp">
      <Filter>Streams\Source Files</Filter>
    </ClInclude>
    <ClInclude Include="..\..\Foundation\src\File_UNIX.cpp">
      <Filter>Filesystem\Source Files</Filter>
    </ClInclude>
    <ClInclude Include="..\..\Foundation\src\File_VMS.cpp">
      <Filter>Filesystem\Source Files</Filter>
    </ClInclude>
    <ClInclude Include="..\..\Foundation\src\File_VX.cpp">
      <Filter>Filesystem\Source Files</Filter>
    </ClInclude>
    <ClInclude Include="..\..\Foundation\src\File_WIN32.cpp">
      <Filter>Filesystem\Source Files</Filter>
    </ClInclude>
    <ClInclude Include="..\..\Foundation\src\File_WIN32U.cpp">
      <Filter>Filesystem\Source Files</Filter>
    </ClInclude>
    <ClInclude Include="..\..\Foundation\src\File_WINCE.cpp">
      <Filter>Filesystem\Source Files</Filter>
    </ClInclude>
    <ClInclude Include="..\..\Foundation\src\FPEnvironment_C99.cpp">
      <Filter>Core\Source Files</Filter>
    </ClInclude>
    <ClInclude Include="..\..\Foundation\src\FPEnvironment_DEC.cpp">
      <Filter>Core\Source Files</Filter>
    </ClInclude>
    <ClInclude Include="..\..\Foundation\src\FPEnvironment_DUMMY.cpp">
      <Filter>Core\Source Files</Filter>
    </ClInclude>
    <ClInclude Include="..\..\Foundation\src\FPEnvironment_SUN.cpp">
      <Filter>Core\Source Files</Filter>
    </ClInclude>
    <ClInclude Include="..\..\Foundation\src\FPEnvironment_WIN32.cpp">
      <Filter>Core\Source Files</Filter>
    </ClInclude>
    <ClInclude Include="..\..\Foundation\src\LogFile_STD.cpp">
      <Filter>Logging\Source Files</Filter>
    </ClInclude>
    <ClInclude Include="..\..\Foundation\src\LogFile_VMS.cpp">
      <Filter>Logging\Source Files</Filter>
    </ClInclude>
    <ClInclude Include="..\..\Foundation\src\LogFile_WIN32.cpp">
      <Filter>Logging\Source Files</Filter>
    </ClInclude>
    <ClInclude Include="..\..\Foundation\src\LogFile_WIN32U.cpp">
      <Filter>Logging\Source Files</Filter>
    </ClInclude>
    <ClInclude Include="..\..\Foundation\src\Mutex_POSIX.cpp">
      <Filter>Threading\Source Files</Filter>
    </ClInclude>
    <ClInclude Include="..\..\Foundation\src\Mutex_VX.cpp">
      <Filter>Threading\Source Files</Filter>
    </ClInclude>
    <ClInclude Include="..\..\Foundation\src\Mutex_WIN32.cpp">
      <Filter>Threading\Source Files</Filter>
    </ClInclude>
    <ClInclude Include="..\..\Foundation\src\Mutex_WINCE.cpp">
      <Filter>Threading\Source Files</Filter>
    </ClInclude>
    <ClInclude Include="..\..\Foundation\src\NamedEvent_Android.cpp">
      <Filter>Processes\Source Files</Filter>
    </ClInclude>
    <ClInclude Include="..\..\Foundation\src\NamedEvent_UNIX.cpp">
      <Filter>Processes\Source Files</Filter>
    </ClInclude>
    <ClInclude Include="..\..\Foundation\src\NamedEvent_VMS.cpp">
      <Filter>Processes\Source Files</Filter>
    </ClInclude>
    <ClInclude Include="..\..\Foundation\src\NamedEvent_WIN32.cpp">
      <Filter>Processes\Source Files</Filter>
    </ClInclude>
    <ClInclude Include="..\..\Foundation\src\NamedEvent_WIN32U.cpp">
      <Filter>Processes\Source Files</Filter>
    </ClInclude>
    <ClInclude Include="..\..\Foundation\src\NamedMutex_Android.cpp">
      <Filter>Processes\Source Files</Filter>
    </ClInclude>
    <ClInclude Include="..\..\Foundation\src\NamedMutex_UNIX.cpp">
      <Filter>Processes\Source Files</Filter>
    </ClInclude>
    <ClInclude Include="..\..\Foundation\src\NamedMutex_VMS.cpp">
      <Filter>Processes\Source Files</Filter>
    </ClInclude>
    <ClInclude Include="..\..\Foundation\src\NamedMutex_WIN32.cpp">
      <Filter>Processes\Source Files</Filter>
    </ClInclude>
    <ClInclude Include="..\..\Foundation\src\NamedMutex_WIN32U.cpp">
      <Filter>Processes\Source Files</Filter>
    </ClInclude>
    <ClInclude Include="..\..\Foundation\src\OpcomChannel.cpp">
      <Filter>Logging\Source Files</Filter>
    </ClInclude>
    <ClInclude Include="..\..\Foundation\src\Path_UNIX.cpp">
      <Filter>Filesystem\Source Files</Filter>
    </ClInclude>
    <ClInclude Include="..\..\Foundation\src\Path_VMS.cpp">
      <Filter>Filesystem\Source Files</Filter>
    </ClInclude>
    <ClInclude Include="..\..\Foundation\src\Path_WIN32.cpp">
      <Filter>Filesystem\Source Files</Filter>
    </ClInclude>
    <ClInclude Include="..\..\Foundation\src\Path_WIN32U.cpp">
      <Filter>Filesystem\Source Files</Filter>
    </ClInclude>
    <ClInclude Include="..\..\Foundation\src\Path_WINCE.cpp">
      <Filter>Filesystem\Source Files</Filter>
    </ClInclude>
    <ClInclude Include="..\..\Foundation\src\PipeImpl_DUMMY.cpp">
      <Filter>Processes\Source Files</Filter>
    </ClInclude>
    <ClInclude Include="..\..\Foundation\src\PipeImpl_POSIX.cpp">
      <Filter>Processes\Source Files</Filter>
    </ClInclude>
    <ClInclude Include="..\..\Foundation\src\PipeImpl_WIN32.cpp">
      <Filter>Processes\Source Files</Filter>
    </ClInclude>
    <ClInclude Include="..\..\Foundation\src\Process_UNIX.cpp">
      <Filter>Processes\Source Files</Filter>
    </ClInclude>
    <ClInclude Include="..\..\Foundation\src\Process_VMS.cpp">
      <Filter>Processes\Source Files</Filter>
    </ClInclude>
    <ClInclude Include="..\..\Foundation\src\Process_VX.cpp">
      <Filter>Processes\Source Files</Filter>
    </ClInclude>
    <ClInclude Include="..\..\Foundation\src\Process_WIN32.cpp">
      <Filter>Processes\Source Files</Filter>
    </ClInclude>
    <ClInclude Include="..\..\Foundation\src\Process_WIN32U.cpp">
      <Filter>Processes\Source Files</Filter>
    </ClInclude>
    <ClInclude Include="..\..\Foundation\src\Process_WINCE.cpp">
      <Filter>Processes\Source Files</Filter>
    </ClInclude>
    <ClInclude Include="..\..\Foundation\src\RWLock_Android.cpp">
      <Filter>Threading\Source Files</Filter>
    </ClInclude>
    <ClInclude Include="..\..\Foundation\src\RWLock_POSIX.cpp">
      <Filter>Threading\Source Files</Filter>
    </ClInclude>
    <ClInclude Include="..\..\Foundation\src\RWLock_VX.cpp">
      <Filter>Threading\Source Files</Filter>
    </ClInclude>
    <ClInclude Include="..\..\Foundation\src\RWLock_WIN32.cpp">
      <Filter>Threading\Source Files</Filter>
    </ClInclude>
    <ClInclude Include="..\..\Foundation\src\RWLock_WINCE.cpp">
      <Filter>Threading\Source Files</Filter>
    </ClInclude>
    <ClInclude Include="..\..\Foundation\src\Semaphore_POSIX.cpp">
      <Filter>Threading\Source Files</Filter>
    </ClInclude>
    <ClInclude Include="..\..\Foundation\src\Semaphore_VX.cpp">
      <Filter>Threading\Source Files</Filter>
    </ClInclude>
    <ClInclude Include="..\..\Foundation\src\Semaphore_WIN32.cpp">
      <Filter>Threading\Source Files</Filter>
    </ClInclude>
    <ClInclude Include="..\..\Foundation\src\SharedLibrary_HPUX.cpp">
      <Filter>SharedLibrary\Source Files</Filter>
    </ClInclude>
    <ClInclude Include="..\..\Foundation\src\SharedLibrary_UNIX.cpp">
      <Filter>SharedLibrary\Source Files</Filter>
    </ClInclude>
    <ClInclude Include="..\..\Foundation\src\SharedLibrary_VMS.cpp">
      <Filter>SharedLibrary\Source Files</Filter>
    </ClInclude>
    <ClInclude Include="..\..\Foundation\src\SharedLibrary_VX.cpp">
      <Filter>SharedLibrary\Source Files</Filter>
    </ClInclude>
    <ClInclude Include="..\..\Foundation\src\SharedLibrary_WIN32.cpp">
      <Filter>SharedLibrary\Source Files</Filter>
    </ClInclude>
    <ClInclude Include="..\..\Foundation\src\SharedLibrary_WIN32U.cpp">
      <Filter>SharedLibrary\Source Files</Filter>
    </ClInclude>
    <ClInclude Include="..\..\Foundation\src\SharedMemory_DUMMY.cpp">
      <Filter>Processes\Source Files</Filter>
    </ClInclude>
    <ClInclude Include="..\..\Foundation\src\SharedMemory_POSIX.cpp">
      <Filter>Processes\Source Files</Filter>
    </ClInclude>
    <ClInclude Include="..\..\Foundation\src\SharedMemory_WIN32.cpp">
      <Filter>Processes\Source Files</Filter>
    </ClInclude>
    <ClInclude Include="..\..\Foundation\src\SyslogChannel.cpp">
      <Filter>Logging\Source Files</Filter>
    </ClInclude>
    <ClInclude Include="..\..\Foundation\src\Thread_POSIX.cpp">
      <Filter>Threading\Source Files</Filter>
    </ClInclude>
    <ClInclude Include="..\..\Foundation\src\Thread_VX.cpp">
      <Filter>Threading\Source Files</Filter>
    </ClInclude>
    <ClInclude Include="..\..\Foundation\src\Thread_WIN32.cpp">
      <Filter>Threading\Source Files</Filter>
    </ClInclude>
    <ClInclude Include="..\..\Foundation\src\Thread_WINCE.cpp">
      <Filter>Threading\Source Files</Filter>
    </ClInclude>
    <ClInclude Include="..\..\Foundation\src\Timezone_UNIX.cpp">
      <Filter>DateTime\Source Files</Filter>
    </ClInclude>
    <ClInclude Include="..\..\Foundation\src\Timezone_VX.cpp">
      <Filter>DateTime\Source Files</Filter>
    </ClInclude>
    <ClInclude Include="..\..\Foundation\src\Timezone_WIN32.cpp">
      <Filter>DateTime\Source Files</Filter>
    </ClInclude>
    <ClInclude Include="..\..\Foundation\src\Timezone_WINCE.cpp">
      <Filter>DateTime\Source Files</Filter>
    </ClInclude>
    <ClInclude Include="..\..\Foundation\include\Poco\AbstractCache.h">
      <Filter>Cache\Header Files</Filter>
    </ClInclude>
    <ClInclude Include="..\..\Foundation\include\Poco\AbstractDelegate.h">
      <Filter>Events\Header Files</Filter>
    </ClInclude>
    <ClInclude Include="..\..\Foundation\include\Poco\AbstractEvent.h">
      <Filter>Events\Header Files</Filter>
    </ClInclude>
    <ClInclude Include="..\..\Foundation\include\Poco\AbstractObserver.h">
      <Filter>Notifications\Header Files</Filter>
    </ClInclude>
    <ClInclude Include="..\..\Foundation\include\Poco\AbstractPriorityDelegate.h">
      <Filter>Events\Header Files</Filter>
    </ClInclude>
    <ClInclude Include="..\..\Foundation\include\Poco\AbstractStrategy.h">
      <Filter>Cache\Header Files</Filter>
    </ClInclude>
    <ClInclude Include="..\..\Foundation\include\Poco\AccessExpirationDecorator.h">
      <Filter>Cache\Header Files</Filter>
    </ClInclude>
    <ClInclude Include="..\..\Foundation\include\Poco\AccessExpireCache.h">
      <Filter>Cache\Header Files</Filter>
    </ClInclude>
    <ClInclude Include="..\..\Foundation\include\Poco\AccessExpireLRUCache.h">
      <Filter>Cache\Header Files</Filter>
    </ClInclude>
    <ClInclude Include="..\..\Foundation\include\Poco\AccessExpireStrategy.h">
      <Filter>Cache\Header Files</Filter>
    </ClInclude>
    <ClInclude Include="..\..\Foundation\include\Poco\ActiveDispatcher.h">
      <Filter>Threading\Header Files</Filter>
    </ClInclude>
    <ClInclude Include="..\..\Foundation\include\Poco\ActiveMethod.h">
      <Filter>Threading\Header Files</Filter>
    </ClInclude>
    <ClInclude Include="..\..\Foundation\include\Poco\ActiveResult.h">
      <Filter>Threading\Header Files</Filter>
    </ClInclude>
    <ClInclude Include="..\..\Foundation\include\Poco\ActiveRunnable.h">
      <Filter>Threading\Header Files</Filter>
    </ClInclude>
    <ClInclude Include="..\..\Foundation\include\Poco\ActiveStarter.h">
      <Filter>Threading\Header Files</Filter>
    </ClInclude>
    <ClInclude Include="..\..\Foundation\include\Poco\Activity.h">
      <Filter>Threading\Header Files</Filter>
    </ClInclude>
    <ClInclude Include="..\..\Foundation\include\Poco\Alignment.h">
      <Filter>Dynamic\Header Files</Filter>
    </ClInclude>
    <ClInclude Include="..\..\Foundation\include\Poco\Any.h">
      <Filter>Core\Header Files</Filter>
    </ClInclude>
    <ClInclude Include="..\..\Foundation\include\Poco\ArchiveStrategy.h">
      <Filter>Logging\Header Files</Filter>
    </ClInclude>
    <ClInclude Include="..\..\Foundation\include\Poco\Array.h">
      <Filter>Core\Header Files</Filter>
    </ClInclude>
    <ClInclude Include="..\..\Foundation\include\Poco\Ascii.h">
      <Filter>Core\Header Files</Filter>
    </ClInclude>
    <ClInclude Include="..\..\Foundation\include\Poco\ASCIIEncoding.h">
      <Filter>Text\Header Files</Filter>
    </ClInclude>
    <ClInclude Include="..\..\Foundation\include\Poco\AsyncChannel.h">
      <Filter>Logging\Header Files</Filter>
    </ClInclude>
    <ClInclude Include="..\..\Foundation\include\Poco\AtomicCounter.h">
      <Filter>Core\Header Files</Filter>
    </ClInclude>
    <ClInclude Include="..\..\Foundation\include\Poco\AutoPtr.h">
      <Filter>Core\Header Files</Filter>
    </ClInclude>
    <ClInclude Include="..\..\Foundation\include\Poco\AutoReleasePool.h">
      <Filter>Core\Header Files</Filter>
    </ClInclude>
    <ClInclude Include="..\..\Foundation\include\Poco\Base32Decoder.h">
      <Filter>Streams\Header Files</Filter>
    </ClInclude>
    <ClInclude Include="..\..\Foundation\include\Poco\Base32Encoder.h">
      <Filter>Streams\Header Files</Filter>
    </ClInclude>
    <ClInclude Include="..\..\Foundation\include\Poco\Base64Decoder.h">
      <Filter>Streams\Header Files</Filter>
    </ClInclude>
    <ClInclude Include="..\..\Foundation\include\Poco\Base64Encoder.h">
      <Filter>Streams\Header Files</Filter>
    </ClInclude>
    <ClInclude Include="..\..\Foundation\include\Poco\BasicEvent.h">
      <Filter>Events\Header Files</Filter>
    </ClInclude>
    <ClInclude Include="..\..\Foundation\include\Poco\BinaryReader.h">
      <Filter>Streams\Header Files</Filter>
    </ClInclude>
    <ClInclude Include="..\..\Foundation\include\Poco\BinaryWriter.h">
      <Filter>Streams\Header Files</Filter>
    </ClInclude>
    <ClInclude Include="..\..\Foundation\include\Poco\Buffer.h">
      <Filter>Core\Header Files</Filter>
    </ClInclude>
    <ClInclude Include="..\..\Foundation\include\Poco\BufferAllocator.h">
      <Filter>Streams\Header Files</Filter>
    </ClInclude>
    <ClInclude Include="..\..\Foundation\include\Poco\BufferedBidirectionalStreamBuf.h">
      <Filter>Streams\Header Files</Filter>
    </ClInclude>
    <ClInclude Include="..\..\Foundation\include\Poco\BufferedStreamBuf.h">
      <Filter>Streams\Header Files</Filter>
    </ClInclude>
    <ClInclude Include="..\..\Foundation\include\Poco\Bugcheck.h">
      <Filter>Core\Header Files</Filter>
    </ClInclude>
    <ClInclude Include="..\..\Foundation\include\Poco\ByteOrder.h">
      <Filter>Core\Header Files</Filter>
    </ClInclude>
    <ClInclude Include="..\..\Foundation\include\Poco\Channel.h">
      <Filter>Logging\Header Files</Filter>
    </ClInclude>
    <ClInclude Include="..\..\Foundation\include\Poco\Checksum.h">
      <Filter>Core\Header Files</Filter>
    </ClInclude>
    <ClInclude Include="..\..\Foundation\include\Poco\ClassLibrary.h">
      <Filter>SharedLibrary\Header Files</Filter>
    </ClInclude>
    <ClInclude Include="..\..\Foundation\include\Poco\ClassLoader.h">
      <Filter>SharedLibrary\Header Files</Filter>
    </ClInclude>
    <ClInclude Include="..\..\Foundation\include\Poco\Clock.h">
      <Filter>DateTime\Header Files</Filter>
    </ClInclude>
    <ClInclude Include="..\..\Foundation\include\Poco\Condition.h">
      <Filter>Threading\Header Files</Filter>
    </ClInclude>
    <ClInclude Include="..\..\Foundation\include\Poco\Config.h">
      <Filter>Core\Header Files</Filter>
    </ClInclude>
    <ClInclude Include="..\..\Foundation\include\Poco\Configurable.h">
      <Filter>Logging\Header Files</Filter>
    </ClInclude>
    <ClInclude Include="..\..\Foundation\include\Poco\ConsoleChannel.h">
      <Filter>Logging\Header Files</Filter>
    </ClInclude>
    <ClInclude Include="..\..\Foundation\include\Poco\CountingStream.h">
      <Filter>Streams\Header Files</Filter>
    </ClInclude>
    <ClInclude Include="..\..\Foundation\include\Poco\DateTime.h">
      <Filter>DateTime\Header Files</Filter>
    </ClInclude>
    <ClInclude Include="..\..\Foundation\include\Poco\DateTimeFormat.h">
      <Filter>DateTime\Header Files</Filter>
    </ClInclude>
    <ClInclude Include="..\..\Foundation\include\Poco\DateTimeFormatter.h">
      <Filter>DateTime\Header Files</Filter>
    </ClInclude>
    <ClInclude Include="..\..\Foundation\include\Poco\DateTimeParser.h">
      <Filter>DateTime\Header Files</Filter>
    </ClInclude>
    <ClInclude Include="..\..\Foundation\include\Poco\Debugger.h">
      <Filter>Core\Header Files</Filter>
    </ClInclude>
    <ClInclude Include="..\..\Foundation\include\Poco\DefaultStrategy.h">
      <Filter>Events\Header Files</Filter>
    </ClInclude>
    <ClInclude Include="..\..\Foundation\include\Poco\DeflatingStream.h">
      <Filter>Streams\Header Files</Filter>
    </ClInclude>
    <ClInclude Include="..\..\Foundation\include\Poco\Delegate.h">
      <Filter>Events\Header Files</Filter>
    </ClInclude>
    <ClInclude Include="..\..\Foundation\include\Poco\DigestEngine.h">
      <Filter>Crypt\Header Files</Filter>
    </ClInclude>
    <ClInclude Include="..\..\Foundation\include\Poco\DigestStream.h">
      <Filter>Crypt\Header Files</Filter>
    </ClInclude>
    <ClInclude Include="..\..\Foundation\include\Poco\DirectoryIterator.h">
      <Filter>Filesystem\Header Files</Filter>
    </ClInclude>
    <ClInclude Include="..\..\Foundation\include\Poco\DirectoryIteratorStrategy.h">
      <Filter>Filesystem\Header Files</Filter>
    </ClInclude>
    <ClInclude Include="..\..\Foundation\include\Poco\DirectoryIterator_UNIX.h">
      <Filter>Filesystem\Header Files</Filter>
    </ClInclude>
    <ClInclude Include="..\..\Foundation\include\Poco\DirectoryIterator_VMS.h">
      <Filter>Filesystem\Header Files</Filter>
    </ClInclude>
    <ClInclude Include="..\..\Foundation\include\Poco\DirectoryIterator_WIN32.h">
      <Filter>Filesystem\Header Files</Filter>
    </ClInclude>
    <ClInclude Include="..\..\Foundation\include\Poco\DirectoryIterator_WIN32U.h">
      <Filter>Filesystem\Header Files</Filter>
    </ClInclude>
    <ClInclude Include="..\..\Foundation\include\Poco\DirectoryWatcher.h">
      <Filter>Filesystem\Header Files</Filter>
    </ClInclude>
    <ClInclude Include="..\..\Foundation\include\Poco\Dynamic\Pair.h">
      <Filter>Dynamic\Header Files</Filter>
    </ClInclude>
    <ClInclude Include="..\..\Foundation\include\Poco\Dynamic\Struct.h">
      <Filter>Dynamic\Header Files</Filter>
    </ClInclude>
    <ClInclude Include="..\..\Foundation\include\Poco\Dynamic\Var.h">
      <Filter>Dynamic\Header Files</Filter>
    </ClInclude>
    <ClInclude Include="..\..\Foundation\include\Poco\Dynamic\VarHolder.h">
      <Filter>Dynamic\Header Files</Filter>
    </ClInclude>
    <ClInclude Include="..\..\Foundation\include\Poco\Dynamic\VarIterator.h">
      <Filter>Dynamic\Header Files</Filter>
    </ClInclude>
    <ClInclude Include="..\..\Foundation\include\Poco\DynamicAny.h">
      <Filter>Dynamic\Header Files</Filter>
    </ClInclude>
    <ClInclude Include="..\..\Foundation\include\Poco\DynamicAnyHolder.h">
      <Filter>Dynamic\Header Files</Filter>
    </ClInclude>
    <ClInclude Include="..\..\Foundation\include\Poco\DynamicFactory.h">
      <Filter>Core\Header Files</Filter>
    </ClInclude>
    <ClInclude Include="..\..\Foundation\include\Poco\DynamicStruct.h">
      <Filter>Dynamic\Header Files</Filter>
    </ClInclude>
    <ClInclude Include="..\..\Foundation\include\Poco\Environment.h">
      <Filter>Core\Header Files</Filter>
    </ClInclude>
    <ClInclude Include="..\..\Foundation\include\Poco\Environment_UNIX.h">
      <Filter>Core\Header Files</Filter>
    </ClInclude>
    <ClInclude Include="..\..\Foundation\include\Poco\Environment_VMS.h">
      <Filter>Core\Header Files</Filter>
    </ClInclude>
    <ClInclude Include="..\..\Foundation\include\Poco\Environment_VX.h">
      <Filter>Core\Header Files</Filter>
    </ClInclude>
    <ClInclude Include="..\..\Foundation\include\Poco\Environment_WIN32.h">
      <Filter>Core\Header Files</Filter>
    </ClInclude>
    <ClInclude Include="..\..\Foundation\include\Poco\Environment_WIN32U.h">
      <Filter>Core\Header Files</Filter>
    </ClInclude>
    <ClInclude Include="..\..\Foundation\include\Poco\Environment_WINCE.h">
      <Filter>Core\Header Files</Filter>
    </ClInclude>
    <ClInclude Include="..\..\Foundation\include\Poco\Error.h">
      <Filter>Core\Header Files</Filter>
    </ClInclude>
    <ClInclude Include="..\..\Foundation\include\Poco\ErrorHandler.h">
      <Filter>Threading\Header Files</Filter>
    </ClInclude>
    <ClInclude Include="..\..\Foundation\include\Poco\Event.h">
      <Filter>Threading\Header Files</Filter>
    </ClInclude>
    <ClInclude Include="..\..\Foundation\include\Poco\EventArgs.h">
      <Filter>Events\Header Files</Filter>
    </ClInclude>
    <ClInclude Include="..\..\Foundation\include\Poco\EventChannel.h">
      <Filter>Logging\Header Files</Filter>
    </ClInclude>
    <ClInclude Include="..\..\Foundation\include\Poco\EventLogChannel.h">
      <Filter>Logging\Header Files</Filter>
    </ClInclude>
    <ClInclude Include="..\..\Foundation\include\Poco\Event_POSIX.h">
      <Filter>Threading\Header Files</Filter>
    </ClInclude>
    <ClInclude Include="..\..\Foundation\include\Poco\Event_VX.h">
      <Filter>Threading\Header Files</Filter>
    </ClInclude>
    <ClInclude Include="..\..\Foundation\include\Poco\Event_WIN32.h">
      <Filter>Threading\Header Files</Filter>
    </ClInclude>
    <ClInclude Include="..\..\Foundation\include\Poco\Exception.h">
      <Filter>Core\Header Files</Filter>
    </ClInclude>
    <ClInclude Include="..\..\Foundation\include\Poco\ExpirationDecorator.h">
      <Filter>Events\Header Files</Filter>
    </ClInclude>
    <ClInclude Include="..\..\Foundation\include\Poco\Expire.h">
      <Filter>Events\Header Files</Filter>
    </ClInclude>
    <ClInclude Include="..\..\Foundation\include\Poco\ExpireCache.h">
      <Filter>Cache\Header Files</Filter>
    </ClInclude>
    <ClInclude Include="..\..\Foundation\include\Poco\ExpireLRUCache.h">
      <Filter>Cache\Header Files</Filter>
    </ClInclude>
    <ClInclude Include="..\..\Foundation\include\Poco\ExpireStrategy.h">
      <Filter>Cache\Header Files</Filter>
    </ClInclude>
    <ClInclude Include="..\..\Foundation\include\Poco\FIFOBuffer.h">
      <Filter>Core\Header Files</Filter>
    </ClInclude>
    <ClInclude Include="..\..\Foundation\include\Poco\FIFOBufferStream.h">
      <Filter>Streams\Header Files</Filter>
    </ClInclude>
    <ClInclude Include="..\..\Foundation\include\Poco\FIFOEvent.h">
      <Filter>Events\Header Files</Filter>
    </ClInclude>
    <ClInclude Include="..\..\Foundation\include\Poco\FIFOStrategy.h">
      <Filter>Events\Header Files</Filter>
    </ClInclude>
    <ClInclude Include="..\..\Foundation\include\Poco\File.h">
      <Filter>Filesystem\Header Files</Filter>
    </ClInclude>
    <ClInclude Include="..\..\Foundation\include\Poco\FileChannel.h">
      <Filter>Logging\Header Files</Filter>
    </ClInclude>
    <ClInclude Include="..\..\Foundation\include\Poco\FileStream.h">
      <Filter>Streams\Header Files</Filter>
    </ClInclude>
    <ClInclude Include="..\..\Foundation\include\Poco\FileStreamFactory.h">
      <Filter>URI\Header Files</Filter>
    </ClInclude>
    <ClInclude Include="..\..\Foundation\include\Poco\FileStream_POSIX.h">
      <Filter>Streams\Header Files</Filter>
    </ClInclude>
    <ClInclude Include="..\..\Foundation\include\Poco\FileStream_WIN32.h">
      <Filter>Streams\Header Files</Filter>
    </ClInclude>
    <ClInclude Include="..\..\Foundation\include\Poco\File_UNIX.h">
      <Filter>Filesystem\Header Files</Filter>
    </ClInclude>
    <ClInclude Include="..\..\Foundation\include\Poco\File_VMS.h">
      <Filter>Filesystem\Header Files</Filter>
    </ClInclude>
    <ClInclude Include="..\..\Foundation\include\Poco\File_VX.h">
      <Filter>Filesystem\Header Files</Filter>
    </ClInclude>
    <ClInclude Include="..\..\Foundation\include\Poco\File_WIN32.h">
      <Filter>Filesystem\Header Files</Filter>
    </ClInclude>
    <ClInclude Include="..\..\Foundation\include\Poco\File_WIN32U.h">
      <Filter>Filesystem\Header Files</Filter>
    </ClInclude>
    <ClInclude Include="..\..\Foundation\include\Poco\File_WINCE.h">
      <Filter>Filesystem\Header Files</Filter>
    </ClInclude>
    <ClInclude Include="..\..\Foundation\include\Poco\Format.h">
      <Filter>Core\Header Files</Filter>
    </ClInclude>
    <ClInclude Include="..\..\Foundation\include\Poco\Formatter.h">
      <Filter>Logging\Header Files</Filter>
    </ClInclude>
    <ClInclude Include="..\..\Foundation\include\Poco\FormattingChannel.h">
      <Filter>Logging\Header Files</Filter>
    </ClInclude>
    <ClInclude Include="..\..\Foundation\include\Poco\Foundation.h">
      <Filter>Core\Header Files</Filter>
    </ClInclude>
    <ClInclude Include="..\..\Foundation\include\Poco\FPEnvironment.h">
      <Filter>Core\Header Files</Filter>
    </ClInclude>
    <ClInclude Include="..\..\Foundation\include\Poco\FPEnvironment_C99.h">
      <Filter>Core\Header Files</Filter>
    </ClInclude>
    <ClInclude Include="..\..\Foundation\include\Poco\FPEnvironment_DEC.h">
      <Filter>Core\Header Files</Filter>
    </ClInclude>
    <ClInclude Include="..\..\Foundation\include\Poco\FPEnvironment_DUMMY.h">
      <Filter>Core\Header Files</Filter>
    </ClInclude>
    <ClInclude Include="..\..\Foundation\include\Poco\FPEnvironment_SUN.h">
      <Filter>Core\Header Files</Filter>
    </ClInclude>
    <ClInclude Include="..\..\Foundation\include\Poco\FPEnvironment_WIN32.h">
      <Filter>Core\Header Files</Filter>
    </ClInclude>
    <ClInclude Include="..\..\Foundation\include\Poco\FunctionDelegate.h">
      <Filter>Events\Header Files</Filter>
    </ClInclude>
    <ClInclude Include="..\..\Foundation\include\Poco\FunctionPriorityDelegate.h">
      <Filter>Events\Header Files</Filter>
    </ClInclude>
    <ClInclude Include="..\..\Foundation\include\Poco\Glob.h">
      <Filter>Filesystem\Header Files</Filter>
    </ClInclude>
    <ClInclude Include="..\..\Foundation\include\Poco\Hash.h">
      <Filter>Hashing\Header Files</Filter>
    </ClInclude>
    <ClInclude Include="..\..\Foundation\include\Poco\HashFunction.h">
      <Filter>Hashing\Header Files</Filter>
    </ClInclude>
    <ClInclude Include="..\..\Foundation\include\Poco\HashMap.h">
      <Filter>Hashing\Header Files</Filter>
    </ClInclude>
    <ClInclude Include="..\..\Foundation\include\Poco\HashSet.h">
      <Filter>Hashing\Header Files</Filter>
    </ClInclude>
    <ClInclude Include="..\..\Foundation\include\Poco\HashStatistic.h">
      <Filter>Hashing\Header Files</Filter>
    </ClInclude>
    <ClInclude Include="..\..\Foundation\include\Poco\HashTable.h">
      <Filter>Hashing\Header Files</Filter>
    </ClInclude>
    <ClInclude Include="..\..\Foundation\include\Poco\HexBinaryDecoder.h">
      <Filter>Streams\Header Files</Filter>
    </ClInclude>
    <ClInclude Include="..\..\Foundation\include\Poco\HexBinaryEncoder.h">
      <Filter>Streams\Header Files</Filter>
    </ClInclude>
    <ClInclude Include="..\..\Foundation\include\Poco\HMACEngine.h">
      <Filter>Crypt\Header Files</Filter>
    </ClInclude>
    <ClInclude Include="..\..\Foundation\include\Poco\InflatingStream.h">
      <Filter>Streams\Header Files</Filter>
    </ClInclude>
    <ClInclude Include="..\..\Foundation\include\Poco\Instantiator.h">
      <Filter>Core\Header Files</Filter>
    </ClInclude>
    <ClInclude Include="..\..\Foundation\include\Poco\KeyValueArgs.h">
      <Filter>Cache\Header Files</Filter>
    </ClInclude>
    <ClInclude Include="..\..\Foundation\include\Poco\Latin1Encoding.h">
      <Filter>Text\Header Files</Filter>
    </ClInclude>
    <ClInclude Include="..\..\Foundation\include\Poco\Latin2Encoding.h">
      <Filter>Text\Header Files</Filter>
    </ClInclude>
    <ClInclude Include="..\..\Foundation\include\Poco\Latin9Encoding.h">
      <Filter>Text\Header Files</Filter>
    </ClInclude>
    <ClInclude Include="..\..\Foundation\include\Poco\LinearHashTable.h">
      <Filter>Hashing\Header Files</Filter>
    </ClInclude>
    <ClInclude Include="..\..\Foundation\include\Poco\LineEndingConverter.h">
      <Filter>Streams\Header Files</Filter>
    </ClInclude>
    <ClInclude Include="..\..\Foundation\include\Poco\ListMap.h">
      <Filter>Hashing\Header Files</Filter>
    </ClInclude>
    <ClInclude Include="..\..\Foundation\include\Poco\LocalDateTime.h">
      <Filter>DateTime\Header Files</Filter>
    </ClInclude>
    <ClInclude Include="..\..\Foundation\include\Poco\LogFile.h">
      <Filter>Logging\Header Files</Filter>
    </ClInclude>
    <ClInclude Include="..\..\Foundation\include\Poco\LogFile_STD.h">
      <Filter>Logging\Header Files</Filter>
    </ClInclude>
    <ClInclude Include="..\..\Foundation\include\Poco\LogFile_VMS.h">
      <Filter>Logging\Header Files</Filter>
    </ClInclude>
    <ClInclude Include="..\..\Foundation\include\Poco\LogFile_WIN32.h">
      <Filter>Logging\Header Files</Filter>
    </ClInclude>
    <ClInclude Include="..\..\Foundation\include\Poco\LogFile_WIN32U.h">
      <Filter>Logging\Header Files</Filter>
    </ClInclude>
    <ClInclude Include="..\..\Foundation\include\Poco\Logger.h">
      <Filter>Logging\Header Files</Filter>
    </ClInclude>
    <ClInclude Include="..\..\Foundation\include\Poco\LoggingFactory.h">
      <Filter>Logging\Header Files</Filter>
    </ClInclude>
    <ClInclude Include="..\..\Foundation\include\Poco\LoggingRegistry.h">
      <Filter>Logging\Header Files</Filter>
    </ClInclude>
    <ClInclude Include="..\..\Foundation\include\Poco\LogStream.h">
      <Filter>Logging\Header Files</Filter>
    </ClInclude>
    <ClInclude Include="..\..\Foundation\include\Poco\LRUCache.h">
      <Filter>Cache\Header Files</Filter>
    </ClInclude>
    <ClInclude Include="..\..\Foundation\include\Poco\LRUStrategy.h">
      <Filter>Cache\Header Files</Filter>
    </ClInclude>
    <ClInclude Include="..\..\Foundation\include\Poco\Manifest.h">
      <Filter>SharedLibrary\Header Files</Filter>
    </ClInclude>
    <ClInclude Include="..\..\Foundation\include\Poco\MD4Engine.h">
      <Filter>Crypt\Header Files</Filter>
    </ClInclude>
    <ClInclude Include="..\..\Foundation\include\Poco\MD5Engine.h">
      <Filter>Crypt\Header Files</Filter>
    </ClInclude>
    <ClInclude Include="..\..\Foundation\include\Poco\MemoryPool.h">
      <Filter>Core\Header Files</Filter>
    </ClInclude>
    <ClInclude Include="..\..\Foundation\include\Poco\MemoryStream.h">
      <Filter>Streams\Header Files</Filter>
    </ClInclude>
    <ClInclude Include="..\..\Foundation\include\Poco\Message.h">
      <Filter>Logging\Header Files</Filter>
    </ClInclude>
    <ClInclude Include="..\..\Foundation\include\Poco\MetaObject.h">
      <Filter>SharedLibrary\Header Files</Filter>
    </ClInclude>
    <ClInclude Include="..\..\Foundation\include\Poco\MetaProgramming.h">
      <Filter>Core\Header Files</Filter>
    </ClInclude>
    <ClInclude Include="..\..\Foundation\include\Poco\Mutex.h">
      <Filter>Threading\Header Files</Filter>
    </ClInclude>
    <ClInclude Include="..\..\Foundation\include\Poco\Mutex_POSIX.h">
      <Filter>Threading\Header Files</Filter>
    </ClInclude>
    <ClInclude Include="..\..\Foundation\include\Poco\Mutex_VX.h">
      <Filter>Threading\Header Files</Filter>
    </ClInclude>
    <ClInclude Include="..\..\Foundation\include\Poco\Mutex_WIN32.h">
      <Filter>Threading\Header Files</Filter>
    </ClInclude>
    <ClInclude Include="..\..\Foundation\include\Poco\Mutex_WINCE.h">
      <Filter>Threading\Header Files</Filter>
    </ClInclude>
    <ClInclude Include="..\..\Foundation\include\Poco\NamedEvent.h">
      <Filter>Processes\Header Files</Filter>
    </ClInclude>
    <ClInclude Include="..\..\Foundation\include\Poco\NamedEvent_Android.h">
      <Filter>Processes\Header Files</Filter>
    </ClInclude>
    <ClInclude Include="..\..\Foundation\include\Poco\NamedEvent_UNIX.h">
      <Filter>Processes\Header Files</Filter>
    </ClInclude>
    <ClInclude Include="..\..\Foundation\include\Poco\NamedEvent_VMS.h">
      <Filter>Processes\Header Files</Filter>
    </ClInclude>
    <ClInclude Include="..\..\Foundation\include\Poco\NamedEvent_WIN32.h">
      <Filter>Processes\Header Files</Filter>
    </ClInclude>
    <ClInclude Include="..\..\Foundation\include\Poco\NamedEvent_WIN32U.h">
      <Filter>Processes\Header Files</Filter>
    </ClInclude>
    <ClInclude Include="..\..\Foundation\include\Poco\NamedMutex.h">
      <Filter>Processes\Header Files</Filter>
    </ClInclude>
    <ClInclude Include="..\..\Foundation\include\Poco\NamedMutex_Android.h">
      <Filter>Processes\Header Files</Filter>
    </ClInclude>
    <ClInclude Include="..\..\Foundation\include\Poco\NamedMutex_UNIX.h">
      <Filter>Processes\Header Files</Filter>
    </ClInclude>
    <ClInclude Include="..\..\Foundation\include\Poco\NamedMutex_VMS.h">
      <Filter>Processes\Header Files</Filter>
    </ClInclude>
    <ClInclude Include="..\..\Foundation\include\Poco\NamedMutex_WIN32.h">
      <Filter>Processes\Header Files</Filter>
    </ClInclude>
    <ClInclude Include="..\..\Foundation\include\Poco\NamedMutex_WIN32U.h">
      <Filter>Processes\Header Files</Filter>
    </ClInclude>
    <ClInclude Include="..\..\Foundation\include\Poco\NamedTuple.h">
      <Filter>Core\Header Files</Filter>
    </ClInclude>
    <ClInclude Include="..\..\Foundation\include\Poco\NestedDiagnosticContext.h">
      <Filter>Core\Header Files</Filter>
    </ClInclude>
    <ClInclude Include="..\..\Foundation\include\Poco\NObserver.h">
      <Filter>Notifications\Header Files</Filter>
    </ClInclude>
    <ClInclude Include="..\..\Foundation\include\Poco\Notification.h">
      <Filter>Notifications\Header Files</Filter>
    </ClInclude>
    <ClInclude Include="..\..\Foundation\include\Poco\NotificationCenter.h">
      <Filter>Notifications\Header Files</Filter>
    </ClInclude>
    <ClInclude Include="..\..\Foundation\include\Poco\NotificationQueue.h">
      <Filter>Notifications\Header Files</Filter>
    </ClInclude>
    <ClInclude Include="..\..\Foundation\include\Poco\NotificationStrategy.h">
      <Filter>Events\Header Files</Filter>
    </ClInclude>
    <ClInclude Include="..\..\Foundation\include\Poco\Nullable.h">
      <Filter>Core\Header Files</Filter>
    </ClInclude>
    <ClInclude Include="..\..\Foundation\include\Poco\NullChannel.h">
      <Filter>Logging\Header Files</Filter>
    </ClInclude>
    <ClInclude Include="..\..\Foundation\include\Poco\NullStream.h">
      <Filter>Streams\Header Files</Filter>
    </ClInclude>
    <ClInclude Include="..\..\Foundation\include\Poco\NumberFormatter.h">
      <Filter>Core\Header Files</Filter>
    </ClInclude>
    <ClInclude Include="..\..\Foundation\include\Poco\NumberParser.h">
      <Filter>Core\Header Files</Filter>
    </ClInclude>
    <ClInclude Include="..\..\Foundation\include\Poco\NumericString.h">
      <Filter>Core\Header Files</Filter>
    </ClInclude>
    <ClInclude Include="..\..\Foundation\include\Poco\ObjectPool.h">
      <Filter>Core\Header Files</Filter>
    </ClInclude>
    <ClInclude Include="..\..\Foundation\include\Poco\Observer.h">
      <Filter>Notifications\Header Files</Filter>
    </ClInclude>
    <ClInclude Include="..\..\Foundation\include\Poco\OpcomChannel.h">
      <Filter>Logging\Header Files</Filter>
    </ClInclude>
    <ClInclude Include="..\..\Foundation\include\Poco\Optional.h">
      <Filter>Core\Header Files</Filter>
    </ClInclude>
    <ClInclude Include="..\..\Foundation\include\Poco\Path.h">
      <Filter>Filesystem\Header Files</Filter>
    </ClInclude>
    <ClInclude Include="..\..\Foundation\include\Poco\Path_UNIX.h">
      <Filter>Filesystem\Header Files</Filter>
    </ClInclude>
    <ClInclude Include="..\..\Foundation\include\Poco\Path_VMS.h">
      <Filter>Filesystem\Header Files</Filter>
    </ClInclude>
    <ClInclude Include="..\..\Foundation\include\Poco\Path_WIN32.h">
      <Filter>Filesystem\Header Files</Filter>
    </ClInclude>
    <ClInclude Include="..\..\Foundation\include\Poco\Path_WIN32U.h">
      <Filter>Filesystem\Header Files</Filter>
    </ClInclude>
    <ClInclude Include="..\..\Foundation\include\Poco\Path_WINCE.h">
      <Filter>Filesystem\Header Files</Filter>
    </ClInclude>
    <ClInclude Include="..\..\Foundation\include\Poco\PatternFormatter.h">
      <Filter>Logging\Header Files</Filter>
    </ClInclude>
    <ClInclude Include="..\..\Foundation\include\Poco\PBKDF2Engine.h">
      <Filter>Crypt\Header Files</Filter>
    </ClInclude>
    <ClInclude Include="..\..\Foundation\include\Poco\Pipe.h">
      <Filter>Processes\Header Files</Filter>
    </ClInclude>
    <ClInclude Include="..\..\Foundation\include\Poco\PipeImpl.h">
      <Filter>Processes\Header Files</Filter>
    </ClInclude>
    <ClInclude Include="..\..\Foundation\include\Poco\PipeImpl_DUMMY.h">
      <Filter>Processes\Header Files</Filter>
    </ClInclude>
    <ClInclude Include="..\..\Foundation\include\Poco\PipeImpl_POSIX.h">
      <Filter>Processes\Header Files</Filter>
    </ClInclude>
    <ClInclude Include="..\..\Foundation\include\Poco\PipeImpl_WIN32.h">
      <Filter>Processes\Header Files</Filter>
    </ClInclude>
    <ClInclude Include="..\..\Foundation\include\Poco\PipeStream.h">
      <Filter>Processes\Header Files</Filter>
    </ClInclude>
    <ClInclude Include="..\..\Foundation\include\Poco\Platform.h">
      <Filter>Core\Header Files</Filter>
    </ClInclude>
    <ClInclude Include="..\..\Foundation\include\Poco\Platform_POSIX.h">
      <Filter>Core\Header Files</Filter>
    </ClInclude>
    <ClInclude Include="..\..\Foundation\include\Poco\Platform_VMS.h">
      <Filter>Core\Header Files</Filter>
    </ClInclude>
    <ClInclude Include="..\..\Foundation\include\Poco\Platform_VX.h">
      <Filter>Core\Header Files</Filter>
    </ClInclude>
    <ClInclude Include="..\..\Foundation\include\Poco\Platform_WIN32.h">
      <Filter>Core\Header Files</Filter>
    </ClInclude>
    <ClInclude Include="..\..\Foundation\include\Poco\Poco.h">
      <Filter>Core\Header Files</Filter>
    </ClInclude>
    <ClInclude Include="..\..\Foundation\include\Poco\PriorityDelegate.h">
      <Filter>Events\Header Files</Filter>
    </ClInclude>
    <ClInclude Include="..\..\Foundation\include\Poco\PriorityEvent.h">
      <Filter>Events\Header Files</Filter>
    </ClInclude>
    <ClInclude Include="..\..\Foundation\include\Poco\PriorityExpire.h">
      <Filter>Events\Header Files</Filter>
    </ClInclude>
    <ClInclude Include="..\..\Foundation\include\Poco\PriorityNotificationQueue.h">
      <Filter>Notifications\Header Files</Filter>
    </ClInclude>
    <ClInclude Include="..\..\Foundation\include\Poco\PriorityStrategy.h">
      <Filter>Events\Header Files</Filter>
    </ClInclude>
    <ClInclude Include="..\..\Foundation\include\Poco\Process.h">
      <Filter>Processes\Header Files</Filter>
    </ClInclude>
    <ClInclude Include="..\..\Foundation\include\Poco\Process_UNIX.h">
      <Filter>Processes\Header Files</Filter>
    </ClInclude>
    <ClInclude Include="..\..\Foundation\include\Poco\Process_VMS.h">
      <Filter>Processes\Header Files</Filter>
    </ClInclude>
    <ClInclude Include="..\..\Foundation\include\Poco\Process_VX.h">
      <Filter>Processes\Header Files</Filter>
    </ClInclude>
    <ClInclude Include="..\..\Foundation\include\Poco\Process_WIN32.h">
      <Filter>Processes\Header Files</Filter>
    </ClInclude>
    <ClInclude Include="..\..\Foundation\include\Poco\Process_WIN32U.h">
      <Filter>Processes\Header Files</Filter>
    </ClInclude>
    <ClInclude Include="..\..\Foundation\include\Poco\Process_WINCE.h">
      <Filter>Processes\Header Files</Filter>
    </ClInclude>
    <ClInclude Include="..\..\Foundation\include\Poco\PurgeStrategy.h">
      <Filter>Logging\Header Files</Filter>
    </ClInclude>
    <ClInclude Include="..\..\Foundation\include\Poco\Random.h">
      <Filter>Crypt\Header Files</Filter>
    </ClInclude>
    <ClInclude Include="..\..\Foundation\include\Poco\RandomStream.h">
      <Filter>Crypt\Header Files</Filter>
    </ClInclude>
    <ClInclude Include="..\..\Foundation\include\Poco\RecursiveDirectoryIterator.h">
      <Filter>Filesystem\Header Files</Filter>
    </ClInclude>
    <ClInclude Include="..\..\Foundation\include\Poco\RecursiveDirectoryIteratorImpl.h">
      <Filter>Filesystem\Header Files</Filter>
    </ClInclude>
    <ClInclude Include="..\..\Foundation\include\Poco\RefCountedObject.h">
      <Filter>Core\Header Files</Filter>
    </ClInclude>
    <ClInclude Include="..\..\Foundation\include\Poco\RegularExpression.h">
      <Filter>RegExp\Header Files</Filter>
    </ClInclude>
    <ClInclude Include="..\..\Foundation\include\Poco\RotateStrategy.h">
      <Filter>Logging\Header Files</Filter>
    </ClInclude>
    <ClInclude Include="..\..\Foundation\include\Poco\Runnable.h">
      <Filter>Threading\Header Files</Filter>
    </ClInclude>
    <ClInclude Include="..\..\Foundation\include\Poco\RunnableAdapter.h">
      <Filter>Threading\Header Files</Filter>
    </ClInclude>
    <ClInclude Include="..\..\Foundation\include\Poco\RWLock.h">
      <Filter>Threading\Header Files</Filter>
    </ClInclude>
    <ClInclude Include="..\..\Foundation\include\Poco\RWLock_Android.h">
      <Filter>Threading\Header Files</Filter>
    </ClInclude>
    <ClInclude Include="..\..\Foundation\include\Poco\RWLock_POSIX.h">
      <Filter>Threading\Header Files</Filter>
    </ClInclude>
    <ClInclude Include="..\..\Foundation\include\Poco\RWLock_VX.h">
      <Filter>Threading\Header Files</Filter>
    </ClInclude>
    <ClInclude Include="..\..\Foundation\include\Poco\RWLock_WIN32.h">
      <Filter>Threading\Header Files</Filter>
    </ClInclude>
    <ClInclude Include="..\..\Foundation\include\Poco\RWLock_WINCE.h">
      <Filter>Threading\Header Files</Filter>
    </ClInclude>
    <ClInclude Include="..\..\Foundation\include\Poco\ScopedLock.h">
      <Filter>Threading\Header Files</Filter>
    </ClInclude>
    <ClInclude Include="..\..\Foundation\include\Poco\ScopedUnlock.h">
      <Filter>Threading\Header Files</Filter>
    </ClInclude>
    <ClInclude Include="..\..\Foundation\include\Poco\Semaphore.h">
      <Filter>Threading\Header Files</Filter>
    </ClInclude>
    <ClInclude Include="..\..\Foundation\include\Poco\Semaphore_POSIX.h">
      <Filter>Threading\Header Files</Filter>
    </ClInclude>
    <ClInclude Include="..\..\Foundation\include\Poco\Semaphore_VX.h">
      <Filter>Threading\Header Files</Filter>
    </ClInclude>
    <ClInclude Include="..\..\Foundation\include\Poco\Semaphore_WIN32.h">
      <Filter>Threading\Header Files</Filter>
    </ClInclude>
    <ClInclude Include="..\..\Foundation\include\Poco\SHA1Engine.h">
      <Filter>Crypt\Header Files</Filter>
    </ClInclude>
    <ClInclude Include="..\..\Foundation\include\Poco\SharedLibrary.h">
      <Filter>SharedLibrary\Header Files</Filter>
    </ClInclude>
    <ClInclude Include="..\..\Foundation\include\Poco\SharedLibrary_HPUX.h">
      <Filter>SharedLibrary\Header Files</Filter>
    </ClInclude>
    <ClInclude Include="..\..\Foundation\include\Poco\SharedLibrary_UNIX.h">
      <Filter>SharedLibrary\Header Files</Filter>
    </ClInclude>
    <ClInclude Include="..\..\Foundation\include\Poco\SharedLibrary_VMS.h">
      <Filter>SharedLibrary\Header Files</Filter>
    </ClInclude>
    <ClInclude Include="..\..\Foundation\include\Poco\SharedLibrary_VX.h">
      <Filter>SharedLibrary\Header Files</Filter>
    </ClInclude>
    <ClInclude Include="..\..\Foundation\include\Poco\SharedLibrary_WIN32.h">
      <Filter>SharedLibrary\Header Files</Filter>
    </ClInclude>
    <ClInclude Include="..\..\Foundation\include\Poco\SharedLibrary_WIN32U.h">
      <Filter>SharedLibrary\Header Files</Filter>
    </ClInclude>
    <ClInclude Include="..\..\Foundation\include\Poco\SharedMemory.h">
      <Filter>Processes\Header Files</Filter>
    </ClInclude>
    <ClInclude Include="..\..\Foundation\include\Poco\SharedMemory_DUMMY.h">
      <Filter>Processes\Header Files</Filter>
    </ClInclude>
    <ClInclude Include="..\..\Foundation\include\Poco\SharedMemory_POSIX.h">
      <Filter>Processes\Header Files</Filter>
    </ClInclude>
    <ClInclude Include="..\..\Foundation\include\Poco\SharedMemory_WIN32.h">
      <Filter>Processes\Header Files</Filter>
    </ClInclude>
    <ClInclude Include="..\..\Foundation\include\Poco\SharedPtr.h">
      <Filter>Core\Header Files</Filter>
    </ClInclude>
    <ClInclude Include="..\..\Foundation\include\Poco\SignalHandler.h">
      <Filter>Threading\Header Files</Filter>
    </ClInclude>
    <ClInclude Include="..\..\Foundation\include\Poco\SimpleFileChannel.h">
      <Filter>Logging\Header Files</Filter>
    </ClInclude>
    <ClInclude Include="..\..\Foundation\include\Poco\SimpleHashTable.h">
      <Filter>Hashing\Header Files</Filter>
    </ClInclude>
    <ClInclude Include="..\..\Foundation\include\Poco\SingletonHolder.h">
      <Filter>Core\Header Files</Filter>
    </ClInclude>
    <ClInclude Include="..\..\Foundation\include\Poco\SortedDirectoryIterator.h">
      <Filter>Filesystem\Header Files</Filter>
    </ClInclude>
    <ClInclude Include="..\..\Foundation\include\Poco\SplitterChannel.h">
      <Filter>Logging\Header Files</Filter>
    </ClInclude>
    <ClInclude Include="..\..\Foundation\include\Poco\Stopwatch.h">
      <Filter>DateTime\Header Files</Filter>
    </ClInclude>
    <ClInclude Include="..\..\Foundation\include\Poco\StrategyCollection.h">
      <Filter>Cache\Header Files</Filter>
    </ClInclude>
    <ClInclude Include="..\..\Foundation\include\Poco\StreamChannel.h">
      <Filter>Logging\Header Files</Filter>
    </ClInclude>
    <ClInclude Include="..\..\Foundation\include\Poco\StreamConverter.h">
      <Filter>Text\Header Files</Filter>
    </ClInclude>
    <ClInclude Include="..\..\Foundation\include\Poco\StreamCopier.h">
      <Filter>Streams\Header Files</Filter>
    </ClInclude>
    <ClInclude Include="..\..\Foundation\include\Poco\StreamTokenizer.h">
      <Filter>Streams\Header Files</Filter>
    </ClInclude>
    <ClInclude Include="..\..\Foundation\include\Poco\StreamUtil.h">
      <Filter>Streams\Header Files</Filter>
    </ClInclude>
    <ClInclude Include="..\..\Foundation\include\Poco\String.h">
      <Filter>Core\Header Files</Filter>
    </ClInclude>
    <ClInclude Include="..\..\Foundation\include\Poco\StringTokenizer.h">
      <Filter>Core\Header Files</Filter>
    </ClInclude>
    <ClInclude Include="..\..\Foundation\include\Poco\SynchronizedObject.h">
      <Filter>Threading\Header Files</Filter>
    </ClInclude>
    <ClInclude Include="..\..\Foundation\include\Poco\SyslogChannel.h">
      <Filter>Logging\Header Files</Filter>
    </ClInclude>
    <ClInclude Include="..\..\Foundation\include\Poco\Task.h">
      <Filter>Tasks\Header Files</Filter>
    </ClInclude>
    <ClInclude Include="..\..\Foundation\include\Poco\TaskManager.h">
      <Filter>Tasks\Header Files</Filter>
    </ClInclude>
    <ClInclude Include="..\..\Foundation\include\Poco\TaskNotification.h">
      <Filter>Tasks\Header Files</Filter>
    </ClInclude>
    <ClInclude Include="..\..\Foundation\include\Poco\TeeStream.h">
      <Filter>Streams\Header Files</Filter>
    </ClInclude>
    <ClInclude Include="..\..\Foundation\include\Poco\TemporaryFile.h">
      <Filter>Filesystem\Header Files</Filter>
    </ClInclude>
    <ClInclude Include="..\..\Foundation\include\Poco\TextBufferIterator.h">
      <Filter>Text\Header Files</Filter>
    </ClInclude>
    <ClInclude Include="..\..\Foundation\include\Poco\TextConverter.h">
      <Filter>Text\Header Files</Filter>
    </ClInclude>
    <ClInclude Include="..\..\Foundation\include\Poco\TextEncoding.h">
      <Filter>Text\Header Files</Filter>
    </ClInclude>
    <ClInclude Include="..\..\Foundation\include\Poco\TextIterator.h">
      <Filter>Text\Header Files</Filter>
    </ClInclude>
    <ClInclude Include="..\..\Foundation\include\Poco\Thread.h">
      <Filter>Threading\Header Files</Filter>
    </ClInclude>
    <ClInclude Include="..\..\Foundation\include\Poco\ThreadLocal.h">
      <Filter>Threading\Header Files</Filter>
    </ClInclude>
    <ClInclude Include="..\..\Foundation\include\Poco\ThreadPool.h">
      <Filter>Threading\Header Files</Filter>
    </ClInclude>
    <ClInclude Include="..\..\Foundation\include\Poco\ThreadTarget.h">
      <Filter>Threading\Header Files</Filter>
    </ClInclude>
    <ClInclude Include="..\..\Foundation\include\Poco\Thread_POSIX.h">
      <Filter>Threading\Header Files</Filter>
    </ClInclude>
    <ClInclude Include="..\..\Foundation\include\Poco\Thread_VX.h">
      <Filter>Threading\Header Files</Filter>
    </ClInclude>
    <ClInclude Include="..\..\Foundation\include\Poco\Thread_WIN32.h">
      <Filter>Threading\Header Files</Filter>
    </ClInclude>
    <ClInclude Include="..\..\Foundation\include\Poco\Thread_WINCE.h">
      <Filter>Threading\Header Files</Filter>
    </ClInclude>
    <ClInclude Include="..\..\Foundation\include\Poco\TimedNotificationQueue.h">
      <Filter>Notifications\Header Files</Filter>
    </ClInclude>
    <ClInclude Include="..\..\Foundation\include\Poco\Timer.h">
      <Filter>Threading\Header Files</Filter>
    </ClInclude>
    <ClInclude Include="..\..\Foundation\include\Poco\Timespan.h">
      <Filter>DateTime\Header Files</Filter>
    </ClInclude>
    <ClInclude Include="..\..\Foundation\include\Poco\Timestamp.h">
      <Filter>DateTime\Header Files</Filter>
    </ClInclude>
    <ClInclude Include="..\..\Foundation\include\Poco\Timezone.h">
      <Filter>DateTime\Header Files</Filter>
    </ClInclude>
    <ClInclude Include="..\..\Foundation\include\Poco\Token.h">
      <Filter>Streams\Header Files</Filter>
    </ClInclude>
    <ClInclude Include="..\..\Foundation\include\Poco\Tuple.h">
      <Filter>Core\Header Files</Filter>
    </ClInclude>
    <ClInclude Include="..\..\Foundation\include\Poco\TypeList.h">
      <Filter>Core\Header Files</Filter>
    </ClInclude>
    <ClInclude Include="..\..\Foundation\include\Poco\Types.h">
      <Filter>Core\Header Files</Filter>
    </ClInclude>
    <ClInclude Include="..\..\Foundation\include\Poco\UnbufferedStreamBuf.h">
      <Filter>Streams\Header Files</Filter>
    </ClInclude>
    <ClInclude Include="..\..\Foundation\include\Poco\Unicode.h">
      <Filter>Text\Header Files</Filter>
    </ClInclude>
    <ClInclude Include="..\..\Foundation\include\Poco\UnicodeConverter.h">
      <Filter>Text\Header Files</Filter>
    </ClInclude>
    <ClInclude Include="..\..\Foundation\include\Poco\UniqueAccessExpireCache.h">
      <Filter>Cache\Header Files</Filter>
    </ClInclude>
    <ClInclude Include="..\..\Foundation\include\Poco\UniqueAccessExpireLRUCache.h">
      <Filter>Cache\Header Files</Filter>
    </ClInclude>
    <ClInclude Include="..\..\Foundation\include\Poco\UniqueAccessExpireStrategy.h">
      <Filter>Cache\Header Files</Filter>
    </ClInclude>
    <ClInclude Include="..\..\Foundation\include\Poco\UniqueExpireCache.h">
      <Filter>Cache\Header Files</Filter>
    </ClInclude>
    <ClInclude Include="..\..\Foundation\include\Poco\UniqueExpireLRUCache.h">
      <Filter>Cache\Header Files</Filter>
    </ClInclude>
    <ClInclude Include="..\..\Foundation\include\Poco\UniqueExpireStrategy.h">
      <Filter>Cache\Header Files</Filter>
    </ClInclude>
    <ClInclude Include="..\..\Foundation\include\Poco\UnWindows.h">
      <Filter>Core\Header Files</Filter>
    </ClInclude>
    <ClInclude Include="..\..\Foundation\include\Poco\URI.h">
      <Filter>URI\Header Files</Filter>
    </ClInclude>
    <ClInclude Include="..\..\Foundation\include\Poco\URIStreamFactory.h">
      <Filter>URI\Header Files</Filter>
    </ClInclude>
    <ClInclude Include="..\..\Foundation\include\Poco\URIStreamOpener.h">
      <Filter>URI\Header Files</Filter>
    </ClInclude>
    <ClInclude Include="..\..\Foundation\include\Poco\UTF16Encoding.h">
      <Filter>Text\Header Files</Filter>
    </ClInclude>
    <ClInclude Include="..\..\Foundation\include\Poco\UTF32Encoding.h">
      <Filter>Text\Header Files</Filter>
    </ClInclude>
    <ClInclude Include="..\..\Foundation\include\Poco\UTF8Encoding.h">
      <Filter>Text\Header Files</Filter>
    </ClInclude>
    <ClInclude Include="..\..\Foundation\include\Poco\UTF8String.h">
      <Filter>Text\Header Files</Filter>
    </ClInclude>
    <ClInclude Include="..\..\Foundation\include\Poco\UTFString.h">
      <Filter>Text\Header Files</Filter>
    </ClInclude>
    <ClInclude Include="..\..\Foundation\include\Poco\UUID.h">
      <Filter>UUID\Header Files</Filter>
    </ClInclude>
    <ClInclude Include="..\..\Foundation\include\Poco\UUIDGenerator.h">
      <Filter>UUID\Header Files</Filter>
    </ClInclude>
    <ClInclude Include="..\..\Foundation\include\Poco\ValidArgs.h">
      <Filter>Cache\Header Files</Filter>
    </ClInclude>
    <ClInclude Include="..\..\Foundation\include\Poco\Version.h">
      <Filter>Core\Header Files</Filter>
    </ClInclude>
    <ClInclude Include="..\..\Foundation\include\Poco\Void.h">
      <Filter>Core\Header Files</Filter>
    </ClInclude>
    <ClInclude Include="..\..\Foundation\include\Poco\Windows1250Encoding.h">
      <Filter>Text\Header Files</Filter>
    </ClInclude>
    <ClInclude Include="..\..\Foundation\include\Poco\Windows1251Encoding.h">
      <Filter>Text\Header Files</Filter>
    </ClInclude>
    <ClInclude Include="..\..\Foundation\include\Poco\Windows1252Encoding.h">
      <Filter>Text\Header Files</Filter>
    </ClInclude>
    <ClInclude Include="..\..\Foundation\include\Poco\WindowsConsoleChannel.h">
      <Filter>Logging\Header Files</Filter>
    </ClInclude>
    <ClInclude Include="..\..\Foundation\include\Poco\zconf.h">
      <Filter>zlib\Header Files</Filter>
    </ClInclude>
    <ClInclude Include="..\..\Foundation\include\Poco\zlib.h">
      <Filter>zlib\Header Files</Filter>
    </ClInclude>
    <ClInclude Include="pocomsg.h">
      <Filter>Logging\Header Files</Filter>
    </ClInclude>
    <ClInclude Include="..\..\Foundation\src\pocomsg.mc">
      <Filter>Logging\Message Files</Filter>
    </ClInclude>
  </ItemGroup>
  <ItemGroup>
    <CustomBuild Include="..\CMakeFiles\2b1214dffb0db50c835778e7f741312b\pocomsg.h.rule">
      <Filter>CMake Rules</Filter>
    </CustomBuild>
  </ItemGroup>
  <ItemGroup>
    <Filter Include="Threading\Source Files">
      <UniqueIdentifier>{54EFE694-E5AC-4524-B196-0C4E1F977350}</UniqueIdentifier>
    </Filter>
    <Filter Include="Threading\Header Files">
      <UniqueIdentifier>{AB4F252E-6BF2-4261-9DFB-62BEAE1D7396}</UniqueIdentifier>
    </Filter>
    <Filter Include="Notifications\Source Files">
      <UniqueIdentifier>{3871AF83-E12F-4055-8239-3C9D1EAA0C1C}</UniqueIdentifier>
    </Filter>
    <Filter Include="Notifications\Header Files">
      <UniqueIdentifier>{01BB2282-A0F2-4234-B9EA-B23BC83F34EF}</UniqueIdentifier>
    </Filter>
    <Filter Include="Logging\Source Files">
      <UniqueIdentifier>{BF457F4F-5063-41CF-AD13-12C4E08EC5C1}</UniqueIdentifier>
    </Filter>
    <Filter Include="Logging\Header Files">
      <UniqueIdentifier>{96ECB7E0-BEBC-4DA4-B084-4F2FAFD6E27B}</UniqueIdentifier>
    </Filter>
    <Filter Include="Logging\Message Files">
      <UniqueIdentifier>{445B367D-D302-4E5F-9F4D-8EB1FF9C1470}</UniqueIdentifier>
    </Filter>
    <Filter Include="Text\Source Files">
      <UniqueIdentifier>{E3EB4248-9540-4FBB-82CE-414E82C0EC50}</UniqueIdentifier>
    </Filter>
    <Filter Include="Text\Header Files">
      <UniqueIdentifier>{48C719E3-8B03-4C47-93B3-7F8A101F6692}</UniqueIdentifier>
    </Filter>
    <Filter Include="Core\Source Files">
      <UniqueIdentifier>{F9937762-5F7F-4970-9DC0-6E232D08E690}</UniqueIdentifier>
    </Filter>
    <Filter Include="Core\Header Files">
      <UniqueIdentifier>{AB4B8BA3-8A2B-419C-8D24-813CA29C3B2A}</UniqueIdentifier>
    </Filter>
    <Filter Include="zlib\Header Files">
      <UniqueIdentifier>{0CF56F43-4AB4-47C6-A91C-30879DCBFD1B}</UniqueIdentifier>
    </Filter>
    <Filter Include="zlib\Source Files">
      <UniqueIdentifier>{D2D1A001-2478-4F98-9C27-758ED0B425C7}</UniqueIdentifier>
    </Filter>
    <Filter Include="Hashing\Source Files">
      <UniqueIdentifier>{2A138C0C-49A1-448B-9868-11EDE22F1C70}</UniqueIdentifier>
    </Filter>
    <Filter Include="Hashing\Header Files">
      <UniqueIdentifier>{0DA09B71-4775-4D95-A9B7-DEB482E5344B}</UniqueIdentifier>
    </Filter>
    <Filter Include="Processes\Source Files">
      <UniqueIdentifier>{9CC69E1B-8788-4854-8E8A-4FDCB6E60CC9}</UniqueIdentifier>
    </Filter>
    <Filter Include="Processes\Header Files">
      <UniqueIdentifier>{A5AF1ABA-087F-4311-BC71-3EFAA205DA5B}</UniqueIdentifier>
    </Filter>
    <Filter Include="DateTime\Source Files">
      <UniqueIdentifier>{7E40C266-0B70-473F-B2C8-A2D103BEB697}</UniqueIdentifier>
    </Filter>
    <Filter Include="DateTime\Header Files">
      <UniqueIdentifier>{D0355F08-8272-4813-A5F1-3AB2C5CF626D}</UniqueIdentifier>
    </Filter>
    <Filter Include="URI\Source Files">
      <UniqueIdentifier>{824269CC-58B2-44D3-8644-57B1D75D6C95}</UniqueIdentifier>
    </Filter>
    <Filter Include="URI\Header Files">
      <UniqueIdentifier>{4305B4DE-54AD-4FE7-AC78-6FB6850E4093}</UniqueIdentifier>
    </Filter>
    <Filter Include="Events\Source Files">
      <UniqueIdentifier>{1D44E6E9-FD74-4F79-82F6-CA4C8AC6D823}</UniqueIdentifier>
    </Filter>
    <Filter Include="Events\Header Files">
      <UniqueIdentifier>{6E732397-49E6-4901-8CDC-10C0B9D76414}</UniqueIdentifier>
    </Filter>
    <Filter Include="RegExp\Source Files">
      <UniqueIdentifier>{B424D71F-C4D5-4124-B0FF-628CB8EE94AB}</UniqueIdentifier>
    </Filter>
    <Filter Include="RegExp\Header Files">
      <UniqueIdentifier>{888C9A2D-B22D-4EF2-B5CF-1F92CD74D25C}</UniqueIdentifier>
    </Filter>
    <Filter Include="Filesystem\Source Files">
      <UniqueIdentifier>{ED98DE1C-8C3D-466D-8C7E-7B0C001D38BC}</UniqueIdentifier>
    </Filter>
    <Filter Include="Filesystem\Header Files">
      <UniqueIdentifier>{C842F31C-947A-40FB-BE4E-B9420307DE78}</UniqueIdentifier>
    </Filter>
    <Filter Include="SharedLibrary\Source Files">
      <UniqueIdentifier>{1629D0FD-F225-4D00-955F-D3CE7C482AB9}</UniqueIdentifier>
    </Filter>
    <Filter Include="SharedLibrary\Header Files">
      <UniqueIdentifier>{60BD4540-A942-4005-BDC4-ADB65BB4E422}</UniqueIdentifier>
    </Filter>
    <Filter Include="Streams\Source Files">
      <UniqueIdentifier>{43750263-834B-4573-9CED-06FEEEB7F37A}</UniqueIdentifier>
    </Filter>
    <Filter Include="Streams\Header Files">
      <UniqueIdentifier>{C7CE7293-55F9-4906-80E9-272B666FD558}</UniqueIdentifier>
    </Filter>
    <Filter Include="Crypt\Source Files">
      <UniqueIdentifier>{85839D76-D19C-4CC8-8529-8EB4B21DC46E}</UniqueIdentifier>
    </Filter>
    <Filter Include="Crypt\Header Files">
      <UniqueIdentifier>{72C609FE-C092-4899-98FC-4938D6F3CB0A}</UniqueIdentifier>
    </Filter>
    <Filter Include="Tasks\Source Files">
      <UniqueIdentifier>{39A058C0-4EFF-4674-A129-274ADE17A6E4}</UniqueIdentifier>
    </Filter>
    <Filter Include="Tasks\Header Files">
      <UniqueIdentifier>{415BA4C9-E6DD-4A7C-AEDB-B0729CB5D6C9}</UniqueIdentifier>
    </Filter>
    <Filter Include="UUID\Source Files">
      <UniqueIdentifier>{35E6F202-24F0-4052-A086-39C1E977BAA5}</UniqueIdentifier>
    </Filter>
    <Filter Include="UUID\Header Files">
      <UniqueIdentifier>{FC4740C5-C2AF-41C7-8835-A023F165682E}</UniqueIdentifier>
    </Filter>
    <Filter Include="Dynamic\Source Files">
      <UniqueIdentifier>{E6E4AA7D-D2B1-4447-8856-557B9B317C70}</UniqueIdentifier>
    </Filter>
    <Filter Include="Dynamic\Header Files">
      <UniqueIdentifier>{9A7B85FA-26F7-4369-BAF9-DDC9F72C3CEE}</UniqueIdentifier>
    </Filter>
    <Filter Include="CMake Rules">
      <UniqueIdentifier>{96E8B50C-F180-4B7B-BE0D-14C486C76983}</UniqueIdentifier>
    </Filter>
    <Filter Include="Notifications">
      <UniqueIdentifier>{4A580202-15F0-40FC-ABCF-74B1D83245C6}</UniqueIdentifier>
    </Filter>
    <Filter Include="Threading">
      <UniqueIdentifier>{AEF3ABA9-CC6B-4704-AD0D-B0E47A7691A2}</UniqueIdentifier>
    </Filter>
    <Filter Include="Logging">
      <UniqueIdentifier>{D988D852-4852-4D92-AE17-81AB9FCD4BC1}</UniqueIdentifier>
    </Filter>
    <Filter Include="Core">
      <UniqueIdentifier>{2A305BD9-EFF3-4114-A8B2-D4912C4583F0}</UniqueIdentifier>
    </Filter>
    <Filter Include="Text">
      <UniqueIdentifier>{181AE304-A364-472C-83D6-CF387DBE723D}</UniqueIdentifier>
    </Filter>
    <Filter Include="Streams">
      <UniqueIdentifier>{DB5ED0B9-7FE1-47A7-8F68-5B22D0C22490}</UniqueIdentifier>
    </Filter>
    <Filter Include="DateTime">
      <UniqueIdentifier>{A0C12556-C649-472B-B3B2-5CE0E6E3B3B2}</UniqueIdentifier>
    </Filter>
    <Filter Include="Crypt">
      <UniqueIdentifier>{E43BED78-C881-4F02-8B4B-FC05B9986B62}</UniqueIdentifier>
    </Filter>
    <Filter Include="Filesystem">
      <UniqueIdentifier>{4FA75916-FFF2-4DB2-A0FB-4808EF8DAB78}</UniqueIdentifier>
    </Filter>
    <Filter Include="Events">
      <UniqueIdentifier>{96256771-DE5C-48CD-B261-86AC4C7DC672}</UniqueIdentifier>
    </Filter>
    <Filter Include="URI">
      <UniqueIdentifier>{110D28F5-2B88-4D04-BB2B-5EAF03B4BC64}</UniqueIdentifier>
    </Filter>
    <Filter Include="Hashing">
      <UniqueIdentifier>{EEA1F105-B93C-4874-9041-FE05E0AC23F1}</UniqueIdentifier>
    </Filter>
    <Filter Include="SharedLibrary">
      <UniqueIdentifier>{4686B571-804E-4644-84DB-7DCC5C3740FA}</UniqueIdentifier>
    </Filter>
    <Filter Include="Processes">
      <UniqueIdentifier>{BE47E39D-D968-4CA7-896E-11E794C14BB0}</UniqueIdentifier>
    </Filter>
    <Filter Include="RegExp">
      <UniqueIdentifier>{2EAC3A5B-34AD-4D20-802C-78244292AD0C}</UniqueIdentifier>
    </Filter>
    <Filter Include="Tasks">
      <UniqueIdentifier>{FEA88B36-6F1C-46CB-96AC-7945A50593F5}</UniqueIdentifier>
    </Filter>
    <Filter Include="UUID">
      <UniqueIdentifier>{C7FF9104-2226-4E4C-A0A7-94DF0D7A6046}</UniqueIdentifier>
    </Filter>
    <Filter Include="Dynamic">
      <UniqueIdentifier>{04001F0F-D85B-449E-93DF-893D30B7690D}</UniqueIdentifier>
    </Filter>
    <Filter Include="Cache">
      <UniqueIdentifier>{18411DC4-10E3-4901-8720-8EC21C72E4A4}</UniqueIdentifier>
    </Filter>
    <Filter Include="pcre">
      <UniqueIdentifier>{F70B0CBF-3D98-4E8A-86C9-9942DEAF2F93}</UniqueIdentifier>
    </Filter>
    <Filter Include="zlib">
      <UniqueIdentifier>{D22F3936-BC97-4409-8B6D-1D6DB0B514CF}</UniqueIdentifier>
    </Filter>
    <Filter Include="Cache\Header Files">
      <UniqueIdentifier>{C6E937E5-FFCF-4836-9908-FC658447A5C0}</UniqueIdentifier>
    </Filter>
    <Filter Include="pcre\Source Files">
      <UniqueIdentifier>{3CB53C20-F9CE-4C5E-883A-AA38CAA40A90}</UniqueIdentifier>
    </Filter>
  </ItemGroup>
</Project>