<?xml version="1.0" encoding="utf-8"?>
<Project ToolsVersion="12.0" xmlns="http://schemas.microsoft.com/developer/msbuild/2003">
  <ItemGroup>
    <ClCompile Include="..\..\XML\src\AbstractContainerNode.cpp">
      <Filter>DOM\Source Files</Filter>
    </ClCompile>
    <ClCompile Include="..\..\XML\src\AbstractNode.cpp">
      <Filter>DOM\Source Files</Filter>
    </ClCompile>
    <ClCompile Include="..\..\XML\src\Attr.cpp">
      <Filter>DOM\Source Files</Filter>
    </ClCompile>
    <ClCompile Include="..\..\XML\src\Attributes.cpp">
      <Filter>SAX\Source Files</Filter>
    </ClCompile>
    <ClCompile Include="..\..\XML\src\AttributesImpl.cpp">
      <Filter>SAX\Source Files</Filter>
    </ClCompile>
    <ClCompile Include="..\..\XML\src\AttrMap.cpp">
      <Filter>DOM\Source Files</Filter>
    </ClCompile>
    <ClCompile Include="..\..\XML\src\CDATASection.cpp">
      <Filter>DOM\Source Files</Filter>
    </ClCompile>
    <ClCompile Include="..\..\XML\src\CharacterData.cpp">
      <Filter>DOM\Source Files</Filter>
    </ClCompile>
    <ClCompile Include="..\..\XML\src\ChildNodesList.cpp">
      <Filter>DOM\Source Files</Filter>
    </ClCompile>
    <ClCompile Include="..\..\XML\src\Comment.cpp">
      <Filter>DOM\Source Files</Filter>
    </ClCompile>
    <ClCompile Include="..\..\XML\src\ContentHandler.cpp">
      <Filter>SAX\Source Files</Filter>
    </ClCompile>
    <ClCompile Include="..\..\XML\src\DeclHandler.cpp">
      <Filter>SAX\Source Files</Filter>
    </ClCompile>
    <ClCompile Include="..\..\XML\src\DefaultHandler.cpp">
      <Filter>SAX\Source Files</Filter>
    </ClCompile>
    <ClCompile Include="..\..\XML\src\Document.cpp">
      <Filter>DOM\Source Files</Filter>
    </ClCompile>
    <ClCompile Include="..\..\XML\src\DocumentEvent.cpp">
      <Filter>DOM\Source Files</Filter>
    </ClCompile>
    <ClCompile Include="..\..\XML\src\DocumentFragment.cpp">
      <Filter>DOM\Source Files</Filter>
    </ClCompile>
    <ClCompile Include="..\..\XML\src\DocumentType.cpp">
      <Filter>DOM\Source Files</Filter>
    </ClCompile>
    <ClCompile Include="..\..\XML\src\DOMBuilder.cpp">
      <Filter>DOM\Source Files</Filter>
    </ClCompile>
    <ClCompile Include="..\..\XML\src\DOMException.cpp">
      <Filter>DOM\Source Files</Filter>
    </ClCompile>
    <ClCompile Include="..\..\XML\src\DOMImplementation.cpp">
      <Filter>DOM\Source Files</Filter>
    </ClCompile>
    <ClCompile Include="..\..\XML\src\DOMObject.cpp">
      <Filter>DOM\Source Files</Filter>
    </ClCompile>
    <ClCompile Include="..\..\XML\src\DOMParser.cpp">
      <Filter>DOM\Source Files</Filter>
    </ClCompile>
    <ClCompile Include="..\..\XML\src\DOMSerializer.cpp">
      <Filter>DOM\Source Files</Filter>
    </ClCompile>
    <ClCompile Include="..\..\XML\src\DOMWriter.cpp">
      <Filter>DOM\Source Files</Filter>
    </ClCompile>
    <ClCompile Include="..\..\XML\src\DTDHandler.cpp">
      <Filter>SAX\Source Files</Filter>
    </ClCompile>
    <ClCompile Include="..\..\XML\src\DTDMap.cpp">
      <Filter>DOM\Source Files</Filter>
    </ClCompile>
    <ClCompile Include="..\..\XML\src\Element.cpp">
      <Filter>DOM\Source Files</Filter>
    </ClCompile>
    <ClCompile Include="..\..\XML\src\ElementsByTagNameList.cpp">
      <Filter>DOM\Source Files</Filter>
    </ClCompile>
    <ClCompile Include="..\..\XML\src\Entity.cpp">
      <Filter>DOM\Source Files</Filter>
    </ClCompile>
    <ClCompile Include="..\..\XML\src\EntityReference.cpp">
      <Filter>DOM\Source Files</Filter>
    </ClCompile>
    <ClCompile Include="..\..\XML\src\EntityResolver.cpp">
      <Filter>SAX\Source Files</Filter>
    </ClCompile>
    <ClCompile Include="..\..\XML\src\EntityResolverImpl.cpp">
      <Filter>SAX\Source Files</Filter>
    </ClCompile>
    <ClCompile Include="..\..\XML\src\ErrorHandler.cpp">
      <Filter>SAX\Source Files</Filter>
    </ClCompile>
    <ClCompile Include="..\..\XML\src\Event.cpp">
      <Filter>DOM\Source Files</Filter>
    </ClCompile>
    <ClCompile Include="..\..\XML\src\EventDispatcher.cpp">
      <Filter>DOM\Source Files</Filter>
    </ClCompile>
    <ClCompile Include="..\..\XML\src\EventException.cpp">
      <Filter>DOM\Source Files</Filter>
    </ClCompile>
    <ClCompile Include="..\..\XML\src\EventListener.cpp">
      <Filter>DOM\Source Files</Filter>
    </ClCompile>
    <ClCompile Include="..\..\XML\src\EventTarget.cpp">
      <Filter>DOM\Source Files</Filter>
    </ClCompile>
    <ClCompile Include="..\..\XML\src\InputSource.cpp">
      <Filter>SAX\Source Files</Filter>
    </ClCompile>
    <ClCompile Include="..\..\XML\src\LexicalHandler.cpp">
      <Filter>SAX\Source Files</Filter>
    </ClCompile>
    <ClCompile Include="..\..\XML\src\Locator.cpp">
      <Filter>SAX\Source Files</Filter>
    </ClCompile>
    <ClCompile Include="..\..\XML\src\LocatorImpl.cpp">
      <Filter>SAX\Source Files</Filter>
    </ClCompile>
    <ClCompile Include="..\..\XML\src\MutationEvent.cpp">
      <Filter>DOM\Source Files</Filter>
    </ClCompile>
    <ClCompile Include="..\..\XML\src\Name.cpp">
      <Filter>XML\Source Files</Filter>
    </ClCompile>
    <ClCompile Include="..\..\XML\src\NamedNodeMap.cpp">
      <Filter>DOM\Source Files</Filter>
    </ClCompile>
    <ClCompile Include="..\..\XML\src\NamePool.cpp">
      <Filter>XML\Source Files</Filter>
    </ClCompile>
    <ClCompile Include="..\..\XML\src\NamespaceStrategy.cpp">
      <Filter>XML\Source Files</Filter>
    </ClCompile>
    <ClCompile Include="..\..\XML\src\NamespaceSupport.cpp">
      <Filter>SAX\Source Files</Filter>
    </ClCompile>
    <ClCompile Include="..\..\XML\src\Node.cpp">
      <Filter>DOM\Source Files</Filter>
    </ClCompile>
    <ClCompile Include="..\..\XML\src\NodeAppender.cpp">
      <Filter>DOM\Source Files</Filter>
    </ClCompile>
    <ClCompile Include="..\..\XML\src\NodeFilter.cpp">
      <Filter>DOM\Source Files</Filter>
    </ClCompile>
    <ClCompile Include="..\..\XML\src\NodeIterator.cpp">
      <Filter>DOM\Source Files</Filter>
    </ClCompile>
    <ClCompile Include="..\..\XML\src\NodeList.cpp">
      <Filter>DOM\Source Files</Filter>
    </ClCompile>
    <ClCompile Include="..\..\XML\src\Notation.cpp">
      <Filter>DOM\Source Files</Filter>
    </ClCompile>
    <ClCompile Include="..\..\XML\src\ParserEngine.cpp">
      <Filter>XML\Source Files</Filter>
    </ClCompile>
    <ClCompile Include="..\..\XML\src\ProcessingInstruction.cpp">
      <Filter>DOM\Source Files</Filter>
    </ClCompile>
    <ClCompile Include="..\..\XML\src\SAXException.cpp">
      <Filter>SAX\Source Files</Filter>
    </ClCompile>
    <ClCompile Include="..\..\XML\src\SAXParser.cpp">
      <Filter>SAX\Source Files</Filter>
    </ClCompile>
    <ClCompile Include="..\..\XML\src\Text.cpp">
      <Filter>DOM\Source Files</Filter>
    </ClCompile>
    <ClCompile Include="..\..\XML\src\TreeWalker.cpp">
      <Filter>DOM\Source Files</Filter>
    </ClCompile>
    <ClCompile Include="..\..\XML\src\WhitespaceFilter.cpp">
      <Filter>SAX\Source Files</Filter>
    </ClCompile>
    <ClCompile Include="..\..\XML\src\XMLException.cpp">
      <Filter>XML\Source Files</Filter>
    </ClCompile>
    <ClCompile Include="..\..\XML\src\XMLFilter.cpp">
      <Filter>SAX\Source Files</Filter>
    </ClCompile>
    <ClCompile Include="..\..\XML\src\XMLFilterImpl.cpp">
      <Filter>SAX\Source Files</Filter>
    </ClCompile>
    <ClCompile Include="..\..\XML\src\XMLReader.cpp">
      <Filter>SAX\Source Files</Filter>
    </ClCompile>
    <ClCompile Include="..\..\XML\src\XMLString.cpp">
      <Filter>XML\Source Files</Filter>
    </ClCompile>
    <ClCompile Include="..\..\XML\src\XMLWriter.cpp">
      <Filter>XML\Source Files</Filter>
    </ClCompile>
    <ClCompile Include="..\..\XML\src\xmlparse.cpp">
      <Filter>expat\Source Files</Filter>
    </ClCompile>
    <ClCompile Include="..\..\XML\src\xmlrole.c">
      <Filter>expat\Source Files</Filter>
    </ClCompile>
    <ClCompile Include="..\..\XML\src\xmltok.c">
      <Filter>expat\Source Files</Filter>
    </ClCompile>
    <ClCompile Include="..\..\XML\src\xmltok_impl.c">
      <Filter>expat\Source Files</Filter>
    </ClCompile>
    <ClCompile Include="..\..\XML\src\xmltok_ns.c">
      <Filter>expat\Source Files</Filter>
    </ClCompile>
  </ItemGroup>
  <ItemGroup>
    <ClInclude Include="..\..\XML\include\Poco\DOM\AbstractContainerNode.h">
      <Filter>DOM\Header Files</Filter>
    </ClInclude>
    <ClInclude Include="..\..\XML\include\Poco\DOM\AbstractNode.h">
      <Filter>DOM\Header Files</Filter>
    </ClInclude>
    <ClInclude Include="..\..\XML\include\Poco\DOM\Attr.h">
      <Filter>DOM\Header Files</Filter>
    </ClInclude>
    <ClInclude Include="..\..\XML\include\Poco\DOM\AttrMap.h">
      <Filter>DOM\Header Files</Filter>
    </ClInclude>
    <ClInclude Include="..\..\XML\include\Poco\DOM\AutoPtr.h">
      <Filter>DOM\Header Files</Filter>
    </ClInclude>
    <ClInclude Include="..\..\XML\include\Poco\DOM\CDATASection.h">
      <Filter>DOM\Header Files</Filter>
    </ClInclude>
    <ClInclude Include="..\..\XML\include\Poco\DOM\CharacterData.h">
      <Filter>DOM\Header Files</Filter>
    </ClInclude>
    <ClInclude Include="..\..\XML\include\Poco\DOM\ChildNodesList.h">
      <Filter>DOM\Header Files</Filter>
    </ClInclude>
    <ClInclude Include="..\..\XML\include\Poco\DOM\Comment.h">
      <Filter>DOM\Header Files</Filter>
    </ClInclude>
    <ClInclude Include="..\..\XML\include\Poco\DOM\Document.h">
      <Filter>DOM\Header Files</Filter>
    </ClInclude>
    <ClInclude Include="..\..\XML\include\Poco\DOM\DocumentEvent.h">
      <Filter>DOM\Header Files</Filter>
    </ClInclude>
    <ClInclude Include="..\..\XML\include\Poco\DOM\DocumentFragment.h">
      <Filter>DOM\Header Files</Filter>
    </ClInclude>
    <ClInclude Include="..\..\XML\include\Poco\DOM\DocumentType.h">
      <Filter>DOM\Header Files</Filter>
    </ClInclude>
    <ClInclude Include="..\..\XML\include\Poco\DOM\DOMBuilder.h">
      <Filter>DOM\Header Files</Filter>
    </ClInclude>
    <ClInclude Include="..\..\XML\include\Poco\DOM\DOMException.h">
      <Filter>DOM\Header Files</Filter>
    </ClInclude>
    <ClInclude Include="..\..\XML\include\Poco\DOM\DOMImplementation.h">
      <Filter>DOM\Header Files</Filter>
    </ClInclude>
    <ClInclude Include="..\..\XML\include\Poco\DOM\DOMObject.h">
      <Filter>DOM\Header Files</Filter>
    </ClInclude>
    <ClInclude Include="..\..\XML\include\Poco\DOM\DOMParser.h">
      <Filter>DOM\Header Files</Filter>
    </ClInclude>
    <ClInclude Include="..\..\XML\include\Poco\DOM\DOMSerializer.h">
      <Filter>DOM\Header Files</Filter>
    </ClInclude>
    <ClInclude Include="..\..\XML\include\Poco\DOM\DOMWriter.h">
      <Filter>DOM\Header Files</Filter>
    </ClInclude>
    <ClInclude Include="..\..\XML\include\Poco\DOM\DTDMap.h">
      <Filter>DOM\Header Files</Filter>
    </ClInclude>
    <ClInclude Include="..\..\XML\include\Poco\DOM\Element.h">
      <Filter>DOM\Header Files</Filter>
    </ClInclude>
    <ClInclude Include="..\..\XML\include\Poco\DOM\ElementsByTagNameList.h">
      <Filter>DOM\Header Files</Filter>
    </ClInclude>
    <ClInclude Include="..\..\XML\include\Poco\DOM\Entity.h">
      <Filter>DOM\Header Files</Filter>
    </ClInclude>
    <ClInclude Include="..\..\XML\include\Poco\DOM\EntityReference.h">
      <Filter>DOM\Header Files</Filter>
    </ClInclude>
    <ClInclude Include="..\..\XML\include\Poco\DOM\Event.h">
      <Filter>DOM\Header Files</Filter>
    </ClInclude>
    <ClInclude Include="..\..\XML\include\Poco\DOM\EventDispatcher.h">
      <Filter>DOM\Header Files</Filter>
    </ClInclude>
    <ClInclude Include="..\..\XML\include\Poco\DOM\EventException.h">
      <Filter>DOM\Header Files</Filter>
    </ClInclude>
    <ClInclude Include="..\..\XML\include\Poco\DOM\EventListener.h">
      <Filter>DOM\Header Files</Filter>
    </ClInclude>
    <ClInclude Include="..\..\XML\include\Poco\DOM\EventTarget.h">
      <Filter>DOM\Header Files</Filter>
    </ClInclude>
    <ClInclude Include="..\..\XML\include\Poco\DOM\MutationEvent.h">
      <Filter>DOM\Header Files</Filter>
    </ClInclude>
    <ClInclude Include="..\..\XML\include\Poco\DOM\NamedNodeMap.h">
      <Filter>DOM\Header Files</Filter>
    </ClInclude>
    <ClInclude Include="..\..\XML\include\Poco\DOM\Node.h">
      <Filter>DOM\Header Files</Filter>
    </ClInclude>
    <ClInclude Include="..\..\XML\include\Poco\DOM\NodeAppender.h">
      <Filter>DOM\Header Files</Filter>
    </ClInclude>
    <ClInclude Include="..\..\XML\include\Poco\DOM\NodeFilter.h">
      <Filter>DOM\Header Files</Filter>
    </ClInclude>
    <ClInclude Include="..\..\XML\include\Poco\DOM\NodeIterator.h">
      <Filter>DOM\Header Files</Filter>
    </ClInclude>
    <ClInclude Include="..\..\XML\include\Poco\DOM\NodeList.h">
      <Filter>DOM\Header Files</Filter>
    </ClInclude>
    <ClInclude Include="..\..\XML\include\Poco\DOM\Notation.h">
      <Filter>DOM\Header Files</Filter>
    </ClInclude>
    <ClInclude Include="..\..\XML\include\Poco\DOM\ProcessingInstruction.h">
      <Filter>DOM\Header Files</Filter>
    </ClInclude>
    <ClInclude Include="..\..\XML\include\Poco\DOM\Text.h">
      <Filter>DOM\Header Files</Filter>
    </ClInclude>
    <ClInclude Include="..\..\XML\include\Poco\DOM\TreeWalker.h">
      <Filter>DOM\Header Files</Filter>
    </ClInclude>
    <ClInclude Include="..\..\XML\include\Poco\SAX\Attributes.h">
      <Filter>SAX\Header Files</Filter>
    </ClInclude>
    <ClInclude Include="..\..\XML\include\Poco\SAX\AttributesImpl.h">
      <Filter>SAX\Header Files</Filter>
    </ClInclude>
    <ClInclude Include="..\..\XML\include\Poco\SAX\ContentHandler.h">
      <Filter>SAX\Header Files</Filter>
    </ClInclude>
    <ClInclude Include="..\..\XML\include\Poco\SAX\DeclHandler.h">
      <Filter>SAX\Header Files</Filter>
    </ClInclude>
    <ClInclude Include="..\..\XML\include\Poco\SAX\DefaultHandler.h">
      <Filter>SAX\Header Files</Filter>
    </ClInclude>
    <ClInclude Include="..\..\XML\include\Poco\SAX\DTDHandler.h">
      <Filter>SAX\Header Files</Filter>
    </ClInclude>
    <ClInclude Include="..\..\XML\include\Poco\SAX\EntityResolver.h">
      <Filter>SAX\Header Files</Filter>
    </ClInclude>
    <ClInclude Include="..\..\XML\include\Poco\SAX\EntityResolverImpl.h">
      <Filter>SAX\Header Files</Filter>
    </ClInclude>
    <ClInclude Include="..\..\XML\include\Poco\SAX\ErrorHandler.h">
      <Filter>SAX\Header Files</Filter>
    </ClInclude>
    <ClInclude Include="..\..\XML\include\Poco\SAX\InputSource.h">
      <Filter>SAX\Header Files</Filter>
    </ClInclude>
    <ClInclude Include="..\..\XML\include\Poco\SAX\LexicalHandler.h">
      <Filter>SAX\Header Files</Filter>
    </ClInclude>
    <ClInclude Include="..\..\XML\include\Poco\SAX\Locator.h">
      <Filter>SAX\Header Files</Filter>
    </ClInclude>
    <ClInclude Include="..\..\XML\include\Poco\SAX\LocatorImpl.h">
      <Filter>SAX\Header Files</Filter>
    </ClInclude>
    <ClInclude Include="..\..\XML\include\Poco\SAX\NamespaceSupport.h">
      <Filter>SAX\Header Files</Filter>
    </ClInclude>
    <ClInclude Include="..\..\XML\include\Poco\SAX\SAXException.h">
      <Filter>SAX\Header Files</Filter>
    </ClInclude>
    <ClInclude Include="..\..\XML\include\Poco\SAX\SAXParser.h">
      <Filter>SAX\Header Files</Filter>
    </ClInclude>
    <ClInclude Include="..\..\XML\include\Poco\SAX\WhitespaceFilter.h">
      <Filter>SAX\Header Files</Filter>
    </ClInclude>
    <ClInclude Include="..\..\XML\include\Poco\SAX\XMLFilter.h">
      <Filter>SAX\Header Files</Filter>
    </ClInclude>
    <ClInclude Include="..\..\XML\include\Poco\SAX\XMLFilterImpl.h">
      <Filter>SAX\Header Files</Filter>
    </ClInclude>
    <ClInclude Include="..\..\XML\include\Poco\SAX\XMLReader.h">
      <Filter>SAX\Header Files</Filter>
    </ClInclude>
    <ClInclude Include="..\..\XML\include\Poco\XML\expat.h">
      <Filter>Unknown\Header Files</Filter>
    </ClInclude>
    <ClInclude Include="..\..\XML\include\Poco\XML\expat_external.h">
      <Filter>Unknown\Header Files</Filter>
    </ClInclude>
    <ClInclude Include="..\..\XML\include\Poco\XML\Name.h">
      <Filter>XML\Header Files</Filter>
    </ClInclude>
    <ClInclude Include="..\..\XML\include\Poco\XML\NamePool.h">
      <Filter>XML\Header Files</Filter>
    </ClInclude>
    <ClInclude Include="..\..\XML\include\Poco\XML\NamespaceStrategy.h">
      <Filter>XML\Header Files</Filter>
    </ClInclude>
    <ClInclude Include="..\..\XML\include\Poco\XML\ParserEngine.h">
      <Filter>XML\Header Files</Filter>
    </ClInclude>
    <ClInclude Include="..\..\XML\include\Poco\XML\XML.h">
      <Filter>XML\Header Files</Filter>
    </ClInclude>
    <ClInclude Include="..\..\XML\include\Poco\XML\XMLException.h">
      <Filter>XML\Header Files</Filter>
    </ClInclude>
    <ClInclude Include="..\..\XML\include\Poco\XML\XMLStream.h">
      <Filter>XML\Header Files</Filter>
    </ClInclude>
    <ClInclude Include="..\..\XML\include\Poco\XML\XMLString.h">
      <Filter>XML\Header Files</Filter>
    </ClInclude>
    <ClInclude Include="..\..\XML\include\Poco\XML\XMLWriter.h">
      <Filter>XML\Header Files</Filter>
    </ClInclude>
  </ItemGroup>
  <ItemGroup>
    <Filter Include="DOM\Source Files">
      <UniqueIdentifier>{CF8941B6-199A-4768-B754-A4BBABECD7C3}</UniqueIdentifier>
    </Filter>
    <Filter Include="DOM\Header Files">
      <UniqueIdentifier>{E248834F-618A-4B21-B2AC-5DE562D7876A}</UniqueIdentifier>
    </Filter>
    <Filter Include="SAX\Source Files">
      <UniqueIdentifier>{B4EB3609-D27F-4B00-8EC7-292D0A9FA933}</UniqueIdentifier>
    </Filter>
    <Filter Include="SAX\Header Files">
      <UniqueIdentifier>{51468DD3-3E09-4E56-8F18-0441B9247EF4}</UniqueIdentifier>
    </Filter>
    <Filter Include="DOM">
      <UniqueIdentifier>{5A10DCB2-D639-48F6-B388-997BC7FF8B9E}</UniqueIdentifier>
    </Filter>
    <Filter Include="SAX">
      <UniqueIdentifier>{74F051D7-6329-4B8F-B567-D58C9DE57C5F}</UniqueIdentifier>
    </Filter>
    <Filter Include="XML">
      <UniqueIdentifier>{80801BE4-C181-4482-8025-C7D30C62951A}</UniqueIdentifier>
    </Filter>
    <Filter Include="Unknown">
      <UniqueIdentifier>{E20012C0-7832-4A8F-8D7C-6AF4D945D9E6}</UniqueIdentifier>
    </Filter>
    <Filter Include="expat">
      <UniqueIdentifier>{4C6F1A46-1B25-40CE-B32C-70BE0B6DAEA9}</UniqueIdentifier>
    </Filter>
    <Filter Include="XML\Source Files">
      <UniqueIdentifier>{60ED3E25-D9FE-4F41-BF76-DB9B40CA80A1}</UniqueIdentifier>
    </Filter>
    <Filter Include="XML\Header Files">
      <UniqueIdentifier>{0BE9FEF2-37A1-4673-BEE8-AEC0DE66772D}</UniqueIdentifier>
    </Filter>
    <Filter Include="expat\Source Files">
      <UniqueIdentifier>{F685D462-CEF2-4839-9550-31AE08C28DFD}</UniqueIdentifier>
    </Filter>
    <Filter Include="Unknown\Header Files">
      <UniqueIdentifier>{8BF3DEBD-31F0-4CFE-83B2-9ED227C8A1C5}</UniqueIdentifier>
    </Filter>
  </ItemGroup>
</Project>