Microsoft Visual Studio Solution File, Format Version 12.00
# Visual Studio Version 16
VisualStudioVersion = 16.0.28315.86
MinimumVisualStudioVersion = 10.0.40219.1
Project("{8BC9CEB8-8B4A-11D0-8D11-00A0C91BC942}") = "Foundation", "Foundation\Foundation.vcxproj", "{F88E5E04-CCDE-4C2A-AFB8-1ACE4C63699E}"
EndProject
Project("{8BC9CEB8-8B4A-11D0-8D11-00A0C91BC942}") = "JSON", "JSON\JSON.vcxproj", "{0A0BE155-7C8E-445B-91CA-7A27A38FE549}"
	ProjectSection(ProjectDependencies) = postProject
		{F88E5E04-CCDE-4C2A-AFB8-1ACE4C63699E} = {F88E5E04-CCDE-4C2A-AFB8-1ACE4C63699E}
	EndProjectSection
EndProject
Project("{8BC9CEB8-8B4A-11D0-8D11-00A0C91BC942}") = "Net", "Net\Net.vcxproj", "{1BA296A5-E16B-46EE-8AB4-7A0CCF84D3D0}"
	ProjectSection(ProjectDependencies) = postProject
		{F88E5E04-CCDE-4C2A-AFB8-1ACE4C63699E} = {F88E5E04-CCDE-4C2A-AFB8-1ACE4C63699E}
	EndProjectSection
EndProject
Project("{8BC9CEB8-8B4A-11D0-8D11-00A0C91BC942}") = "Util", "Util\Util.vcxproj", "{7B477F3C-7634-4730-A96F-A026788EE2FD}"
	ProjectSection(ProjectDependencies) = postProject
		{F88E5E04-CCDE-4C2A-AFB8-1ACE4C63699E} = {F88E5E04-CCDE-4C2A-AFB8-1ACE4C63699E}
		{0A0BE155-7C8E-445B-91CA-7A27A38FE549} = {0A0BE155-7C8E-445B-91CA-7A27A38FE549}
		{0420418F-89C5-4291-8087-F362A0A13D72} = {0420418F-89C5-4291-8087-F362A0A13D72}
	EndProjectSection
EndProject
Project("{8BC9CEB8-8B4A-11D0-8D11-00A0C91BC942}") = "XML", "XML\XML.vcxproj", "{0420418F-89C5-4291-8087-F362A0A13D72}"
	ProjectSection(ProjectDependencies) = postProject
		{F88E5E04-CCDE-4C2A-AFB8-1ACE4C63699E} = {F88E5E04-CCDE-4C2A-AFB8-1ACE4C63699E}
	EndProjectSection
EndProject
Global
	GlobalSection(SolutionConfigurationPlatforms) = preSolution
		Debug|Win32 = Debug|Win32
		Debug|x64 = Debug|x64
		Release|Win32 = Release|Win32
		Release|x64 = Release|x64
		vs2010_Debug|Win32 = vs2010_Debug|Win32
		vs2010_Debug|x64 = vs2010_Debug|x64
		vs2010_Release|Win32 = vs2010_Release|Win32
		vs2010_Release|x64 = vs2010_Release|x64
		vs2012_Debug|Win32 = vs2012_Debug|Win32
		vs2012_Debug|x64 = vs2012_Debug|x64
		vs2012_Release|Win32 = vs2012_Release|Win32
		vs2012_Release|x64 = vs2012_Release|x64
		vs2015_Debug|Win32 = vs2015_Debug|Win32
		vs2015_Debug|x64 = vs2015_Debug|x64
		vs2015_Release|Win32 = vs2015_Release|Win32
		vs2015_Release|x64 = vs2015_Release|x64
		vs2017_Debug|Win32 = vs2017_Debug|Win32
		vs2017_Debug|x64 = vs2017_Debug|x64
		vs2017_Release|Win32 = vs2017_Release|Win32
		vs2017_Release|x64 = vs2017_Release|x64
		vs2019_Debug|Win32 = vs2019_Debug|Win32
		vs2019_Debug|x64 = vs2019_Debug|x64
		vs2019_Release|Win32 = vs2019_Release|Win32
		vs2019_Release|x64 = vs2019_Release|x64
	EndGlobalSection
	GlobalSection(ProjectConfigurationPlatforms) = postSolution
		{F88E5E04-CCDE-4C2A-AFB8-1ACE4C63699E}.Debug|Win32.ActiveCfg = Debug|Win32
		{F88E5E04-CCDE-4C2A-AFB8-1ACE4C63699E}.Debug|Win32.Build.0 = Debug|Win32
		{F88E5E04-CCDE-4C2A-AFB8-1ACE4C63699E}.Debug|x64.ActiveCfg = Debug|x64
		{F88E5E04-CCDE-4C2A-AFB8-1ACE4C63699E}.Debug|x64.Build.0 = Debug|x64
		{F88E5E04-CCDE-4C2A-AFB8-1ACE4C63699E}.Release|Win32.ActiveCfg = Release|Win32
		{F88E5E04-CCDE-4C2A-AFB8-1ACE4C63699E}.Release|Win32.Build.0 = Release|Win32
		{F88E5E04-CCDE-4C2A-AFB8-1ACE4C63699E}.Release|x64.ActiveCfg = Release|x64
		{F88E5E04-CCDE-4C2A-AFB8-1ACE4C63699E}.Release|x64.Build.0 = Release|x64
		{F88E5E04-CCDE-4C2A-AFB8-1ACE4C63699E}.vs2010_Debug|Win32.ActiveCfg = vs2010_Debug|Win32
		{F88E5E04-CCDE-4C2A-AFB8-1ACE4C63699E}.vs2010_Debug|Win32.Build.0 = vs2010_Debug|Win32
		{F88E5E04-CCDE-4C2A-AFB8-1ACE4C63699E}.vs2010_Debug|x64.ActiveCfg = vs2010_Debug|x64
		{F88E5E04-CCDE-4C2A-AFB8-1ACE4C63699E}.vs2010_Debug|x64.Build.0 = vs2010_Debug|x64
		{F88E5E04-CCDE-4C2A-AFB8-1ACE4C63699E}.vs2010_Release|Win32.ActiveCfg = vs2010_Release|Win32
		{F88E5E04-CCDE-4C2A-AFB8-1ACE4C63699E}.vs2010_Release|Win32.Build.0 = vs2010_Release|Win32
		{F88E5E04-CCDE-4C2A-AFB8-1ACE4C63699E}.vs2010_Release|x64.ActiveCfg = vs2010_Release|x64
		{F88E5E04-CCDE-4C2A-AFB8-1ACE4C63699E}.vs2010_Release|x64.Build.0 = vs2010_Release|x64
		{F88E5E04-CCDE-4C2A-AFB8-1ACE4C63699E}.vs2012_Debug|Win32.ActiveCfg = vs2012_Debug|Win32
		{F88E5E04-CCDE-4C2A-AFB8-1ACE4C63699E}.vs2012_Debug|Win32.Build.0 = vs2012_Debug|Win32
		{F88E5E04-CCDE-4C2A-AFB8-1ACE4C63699E}.vs2012_Debug|x64.ActiveCfg = vs2012_Debug|x64
		{F88E5E04-CCDE-4C2A-AFB8-1ACE4C63699E}.vs2012_Debug|x64.Build.0 = vs2012_Debug|x64
		{F88E5E04-CCDE-4C2A-AFB8-1ACE4C63699E}.vs2012_Release|Win32.ActiveCfg = vs2012_Release|Win32
		{F88E5E04-CCDE-4C2A-AFB8-1ACE4C63699E}.vs2012_Release|Win32.Build.0 = vs2012_Release|Win32
		{F88E5E04-CCDE-4C2A-AFB8-1ACE4C63699E}.vs2012_Release|x64.ActiveCfg = vs2012_Release|x64
		{F88E5E04-CCDE-4C2A-AFB8-1ACE4C63699E}.vs2012_Release|x64.Build.0 = vs2012_Release|x64
		{F88E5E04-CCDE-4C2A-AFB8-1ACE4C63699E}.vs2015_Debug|Win32.ActiveCfg = vs2015_Debug|Win32
		{F88E5E04-CCDE-4C2A-AFB8-1ACE4C63699E}.vs2015_Debug|Win32.Build.0 = vs2015_Debug|Win32
		{F88E5E04-CCDE-4C2A-AFB8-1ACE4C63699E}.vs2015_Debug|x64.ActiveCfg = vs2015_Debug|x64
		{F88E5E04-CCDE-4C2A-AFB8-1ACE4C63699E}.vs2015_Debug|x64.Build.0 = vs2015_Debug|x64
		{F88E5E04-CCDE-4C2A-AFB8-1ACE4C63699E}.vs2015_Release|Win32.ActiveCfg = vs2015_Release|Win32
		{F88E5E04-CCDE-4C2A-AFB8-1ACE4C63699E}.vs2015_Release|Win32.Build.0 = vs2015_Release|Win32
		{F88E5E04-CCDE-4C2A-AFB8-1ACE4C63699E}.vs2015_Release|x64.ActiveCfg = vs2015_Release|x64
		{F88E5E04-CCDE-4C2A-AFB8-1ACE4C63699E}.vs2015_Release|x64.Build.0 = vs2015_Release|x64
		{F88E5E04-CCDE-4C2A-AFB8-1ACE4C63699E}.vs2017_Debug|Win32.ActiveCfg = vs2017_Debug|Win32
		{F88E5E04-CCDE-4C2A-AFB8-1ACE4C63699E}.vs2017_Debug|Win32.Build.0 = vs2017_Debug|Win32
		{F88E5E04-CCDE-4C2A-AFB8-1ACE4C63699E}.vs2017_Debug|x64.ActiveCfg = vs2017_Debug|x64
		{F88E5E04-CCDE-4C2A-AFB8-1ACE4C63699E}.vs2017_Debug|x64.Build.0 = vs2017_Debug|x64
		{F88E5E04-CCDE-4C2A-AFB8-1ACE4C63699E}.vs2017_Release|Win32.ActiveCfg = vs2017_Release|Win32
		{F88E5E04-CCDE-4C2A-AFB8-1ACE4C63699E}.vs2017_Release|Win32.Build.0 = vs2017_Release|Win32
		{F88E5E04-CCDE-4C2A-AFB8-1ACE4C63699E}.vs2017_Release|x64.ActiveCfg = vs2017_Release|x64
		{F88E5E04-CCDE-4C2A-AFB8-1ACE4C63699E}.vs2017_Release|x64.Build.0 = vs2017_Release|x64
		{F88E5E04-CCDE-4C2A-AFB8-1ACE4C63699E}.vs2019_Debug|Win32.ActiveCfg = vs2019_Debug|Win32
		{F88E5E04-CCDE-4C2A-AFB8-1ACE4C63699E}.vs2019_Debug|Win32.Build.0 = vs2019_Debug|Win32
		{F88E5E04-CCDE-4C2A-AFB8-1ACE4C63699E}.vs2019_Debug|x64.ActiveCfg = vs2019_Debug|x64
		{F88E5E04-CCDE-4C2A-AFB8-1ACE4C63699E}.vs2019_Debug|x64.Build.0 = vs2019_Debug|x64
		{F88E5E04-CCDE-4C2A-AFB8-1ACE4C63699E}.vs2019_Release|Win32.ActiveCfg = vs2019_Release|Win32
		{F88E5E04-CCDE-4C2A-AFB8-1ACE4C63699E}.vs2019_Release|Win32.Build.0 = vs2019_Release|Win32
		{F88E5E04-CCDE-4C2A-AFB8-1ACE4C63699E}.vs2019_Release|x64.ActiveCfg = vs2019_Release|x64
		{F88E5E04-CCDE-4C2A-AFB8-1ACE4C63699E}.vs2019_Release|x64.Build.0 = vs2019_Release|x64
		{0A0BE155-7C8E-445B-91CA-7A27A38FE549}.Debug|Win32.ActiveCfg = Debug|Win32
		{0A0BE155-7C8E-445B-91CA-7A27A38FE549}.Debug|Win32.Build.0 = Debug|Win32
		{0A0BE155-7C8E-445B-91CA-7A27A38FE549}.Debug|x64.ActiveCfg = Debug|x64
		{0A0BE155-7C8E-445B-91CA-7A27A38FE549}.Debug|x64.Build.0 = Debug|x64
		{0A0BE155-7C8E-445B-91CA-7A27A38FE549}.Release|Win32.ActiveCfg = Release|Win32
		{0A0BE155-7C8E-445B-91CA-7A27A38FE549}.Release|Win32.Build.0 = Release|Win32
		{0A0BE155-7C8E-445B-91CA-7A27A38FE549}.Release|x64.ActiveCfg = Release|x64
		{0A0BE155-7C8E-445B-91CA-7A27A38FE549}.Release|x64.Build.0 = Release|x64
		{0A0BE155-7C8E-445B-91CA-7A27A38FE549}.vs2010_Debug|Win32.ActiveCfg = vs2010_Debug|Win32
		{0A0BE155-7C8E-445B-91CA-7A27A38FE549}.vs2010_Debug|Win32.Build.0 = vs2010_Debug|Win32
		{0A0BE155-7C8E-445B-91CA-7A27A38FE549}.vs2010_Debug|x64.ActiveCfg = vs2010_Debug|x64
		{0A0BE155-7C8E-445B-91CA-7A27A38FE549}.vs2010_Debug|x64.Build.0 = vs2010_Debug|x64
		{0A0BE155-7C8E-445B-91CA-7A27A38FE549}.vs2010_Release|Win32.ActiveCfg = vs2010_Release|Win32
		{0A0BE155-7C8E-445B-91CA-7A27A38FE549}.vs2010_Release|Win32.Build.0 = vs2010_Release|Win32
		{0A0BE155-7C8E-445B-91CA-7A27A38FE549}.vs2010_Release|x64.ActiveCfg = vs2010_Release|x64
		{0A0BE155-7C8E-445B-91CA-7A27A38FE549}.vs2010_Release|x64.Build.0 = vs2010_Release|x64
		{0A0BE155-7C8E-445B-91CA-7A27A38FE549}.vs2012_Debug|Win32.ActiveCfg = vs2012_Debug|Win32
		{0A0BE155-7C8E-445B-91CA-7A27A38FE549}.vs2012_Debug|Win32.Build.0 = vs2012_Debug|Win32
		{0A0BE155-7C8E-445B-91CA-7A27A38FE549}.vs2012_Debug|x64.ActiveCfg = vs2012_Debug|x64
		{0A0BE155-7C8E-445B-91CA-7A27A38FE549}.vs2012_Debug|x64.Build.0 = vs2012_Debug|x64
		{0A0BE155-7C8E-445B-91CA-7A27A38FE549}.vs2012_Release|Win32.ActiveCfg = vs2012_Release|Win32
		{0A0BE155-7C8E-445B-91CA-7A27A38FE549}.vs2012_Release|Win32.Build.0 = vs2012_Release|Win32
		{0A0BE155-7C8E-445B-91CA-7A27A38FE549}.vs2012_Release|x64.ActiveCfg = vs2012_Release|x64
		{0A0BE155-7C8E-445B-91CA-7A27A38FE549}.vs2012_Release|x64.Build.0 = vs2012_Release|x64
		{0A0BE155-7C8E-445B-91CA-7A27A38FE549}.vs2015_Debug|Win32.ActiveCfg = vs2015_Debug|Win32
		{0A0BE155-7C8E-445B-91CA-7A27A38FE549}.vs2015_Debug|Win32.Build.0 = vs2015_Debug|Win32
		{0A0BE155-7C8E-445B-91CA-7A27A38FE549}.vs2015_Debug|x64.ActiveCfg = vs2015_Debug|x64
		{0A0BE155-7C8E-445B-91CA-7A27A38FE549}.vs2015_Debug|x64.Build.0 = vs2015_Debug|x64
		{0A0BE155-7C8E-445B-91CA-7A27A38FE549}.vs2015_Release|Win32.ActiveCfg = vs2015_Release|Win32
		{0A0BE155-7C8E-445B-91CA-7A27A38FE549}.vs2015_Release|Win32.Build.0 = vs2015_Release|Win32
		{0A0BE155-7C8E-445B-91CA-7A27A38FE549}.vs2015_Release|x64.ActiveCfg = vs2015_Release|x64
		{0A0BE155-7C8E-445B-91CA-7A27A38FE549}.vs2015_Release|x64.Build.0 = vs2015_Release|x64
		{0A0BE155-7C8E-445B-91CA-7A27A38FE549}.vs2017_Debug|Win32.ActiveCfg = vs2017_Debug|Win32
		{0A0BE155-7C8E-445B-91CA-7A27A38FE549}.vs2017_Debug|Win32.Build.0 = vs2017_Debug|Win32
		{0A0BE155-7C8E-445B-91CA-7A27A38FE549}.vs2017_Debug|x64.ActiveCfg = vs2017_Debug|x64
		{0A0BE155-7C8E-445B-91CA-7A27A38FE549}.vs2017_Debug|x64.Build.0 = vs2017_Debug|x64
		{0A0BE155-7C8E-445B-91CA-7A27A38FE549}.vs2017_Release|Win32.ActiveCfg = vs2017_Release|Win32
		{0A0BE155-7C8E-445B-91CA-7A27A38FE549}.vs2017_Release|Win32.Build.0 = vs2017_Release|Win32
		{0A0BE155-7C8E-445B-91CA-7A27A38FE549}.vs2017_Release|x64.ActiveCfg = vs2017_Release|x64
		{0A0BE155-7C8E-445B-91CA-7A27A38FE549}.vs2017_Release|x64.Build.0 = vs2017_Release|x64
		{0A0BE155-7C8E-445B-91CA-7A27A38FE549}.vs2019_Debug|Win32.ActiveCfg = vs2019_Debug|Win32
		{0A0BE155-7C8E-445B-91CA-7A27A38FE549}.vs2019_Debug|Win32.Build.0 = vs2019_Debug|Win32
		{0A0BE155-7C8E-445B-91CA-7A27A38FE549}.vs2019_Debug|x64.ActiveCfg = vs2019_Debug|x64
		{0A0BE155-7C8E-445B-91CA-7A27A38FE549}.vs2019_Debug|x64.Build.0 = vs2019_Debug|x64
		{0A0BE155-7C8E-445B-91CA-7A27A38FE549}.vs2019_Release|Win32.ActiveCfg = vs2019_Release|Win32
		{0A0BE155-7C8E-445B-91CA-7A27A38FE549}.vs2019_Release|Win32.Build.0 = vs2019_Release|Win32
		{0A0BE155-7C8E-445B-91CA-7A27A38FE549}.vs2019_Release|x64.ActiveCfg = vs2019_Release|x64
		{0A0BE155-7C8E-445B-91CA-7A27A38FE549}.vs2019_Release|x64.Build.0 = vs2019_Release|x64
		{1BA296A5-E16B-46EE-8AB4-7A0CCF84D3D0}.Debug|Win32.ActiveCfg = Debug|Win32
		{1BA296A5-E16B-46EE-8AB4-7A0CCF84D3D0}.Debug|Win32.Build.0 = Debug|Win32
		{1BA296A5-E16B-46EE-8AB4-7A0CCF84D3D0}.Debug|x64.ActiveCfg = Debug|x64
		{1BA296A5-E16B-46EE-8AB4-7A0CCF84D3D0}.Debug|x64.Build.0 = Debug|x64
		{1BA296A5-E16B-46EE-8AB4-7A0CCF84D3D0}.Release|Win32.ActiveCfg = Release|Win32
		{1BA296A5-E16B-46EE-8AB4-7A0CCF84D3D0}.Release|Win32.Build.0 = Release|Win32
		{1BA296A5-E16B-46EE-8AB4-7A0CCF84D3D0}.Release|x64.ActiveCfg = Release|x64
		{1BA296A5-E16B-46EE-8AB4-7A0CCF84D3D0}.Release|x64.Build.0 = Release|x64
		{1BA296A5-E16B-46EE-8AB4-7A0CCF84D3D0}.vs2010_Debug|Win32.ActiveCfg = vs2010_Debug|Win32
		{1BA296A5-E16B-46EE-8AB4-7A0CCF84D3D0}.vs2010_Debug|Win32.Build.0 = vs2010_Debug|Win32
		{1BA296A5-E16B-46EE-8AB4-7A0CCF84D3D0}.vs2010_Debug|x64.ActiveCfg = vs2010_Debug|x64
		{1BA296A5-E16B-46EE-8AB4-7A0CCF84D3D0}.vs2010_Debug|x64.Build.0 = vs2010_Debug|x64
		{1BA296A5-E16B-46EE-8AB4-7A0CCF84D3D0}.vs2010_Release|Win32.ActiveCfg = vs2010_Release|Win32
		{1BA296A5-E16B-46EE-8AB4-7A0CCF84D3D0}.vs2010_Release|Win32.Build.0 = vs2010_Release|Win32
		{1BA296A5-E16B-46EE-8AB4-7A0CCF84D3D0}.vs2010_Release|x64.ActiveCfg = vs2010_Release|x64
		{1BA296A5-E16B-46EE-8AB4-7A0CCF84D3D0}.vs2010_Release|x64.Build.0 = vs2010_Release|x64
		{1BA296A5-E16B-46EE-8AB4-7A0CCF84D3D0}.vs2012_Debug|Win32.ActiveCfg = vs2012_Debug|Win32
		{1BA296A5-E16B-46EE-8AB4-7A0CCF84D3D0}.vs2012_Debug|Win32.Build.0 = vs2012_Debug|Win32
		{1BA296A5-E16B-46EE-8AB4-7A0CCF84D3D0}.vs2012_Debug|x64.ActiveCfg = vs2012_Debug|x64
		{1BA296A5-E16B-46EE-8AB4-7A0CCF84D3D0}.vs2012_Debug|x64.Build.0 = vs2012_Debug|x64
		{1BA296A5-E16B-46EE-8AB4-7A0CCF84D3D0}.vs2012_Release|Win32.ActiveCfg = vs2012_Release|Win32
		{1BA296A5-E16B-46EE-8AB4-7A0CCF84D3D0}.vs2012_Release|Win32.Build.0 = vs2012_Release|Win32
		{1BA296A5-E16B-46EE-8AB4-7A0CCF84D3D0}.vs2012_Release|x64.ActiveCfg = vs2012_Release|x64
		{1BA296A5-E16B-46EE-8AB4-7A0CCF84D3D0}.vs2012_Release|x64.Build.0 = vs2012_Release|x64
		{1BA296A5-E16B-46EE-8AB4-7A0CCF84D3D0}.vs2015_Debug|Win32.ActiveCfg = vs2015_Debug|Win32
		{1BA296A5-E16B-46EE-8AB4-7A0CCF84D3D0}.vs2015_Debug|Win32.Build.0 = vs2015_Debug|Win32
		{1BA296A5-E16B-46EE-8AB4-7A0CCF84D3D0}.vs2015_Debug|x64.ActiveCfg = vs2015_Debug|x64
		{1BA296A5-E16B-46EE-8AB4-7A0CCF84D3D0}.vs2015_Debug|x64.Build.0 = vs2015_Debug|x64
		{1BA296A5-E16B-46EE-8AB4-7A0CCF84D3D0}.vs2015_Release|Win32.ActiveCfg = vs2015_Release|Win32
		{1BA296A5-E16B-46EE-8AB4-7A0CCF84D3D0}.vs2015_Release|Win32.Build.0 = vs2015_Release|Win32
		{1BA296A5-E16B-46EE-8AB4-7A0CCF84D3D0}.vs2015_Release|x64.ActiveCfg = vs2015_Release|x64
		{1BA296A5-E16B-46EE-8AB4-7A0CCF84D3D0}.vs2015_Release|x64.Build.0 = vs2015_Release|x64
		{1BA296A5-E16B-46EE-8AB4-7A0CCF84D3D0}.vs2017_Debug|Win32.ActiveCfg = vs2017_Debug|Win32
		{1BA296A5-E16B-46EE-8AB4-7A0CCF84D3D0}.vs2017_Debug|Win32.Build.0 = vs2017_Debug|Win32
		{1BA296A5-E16B-46EE-8AB4-7A0CCF84D3D0}.vs2017_Debug|x64.ActiveCfg = vs2017_Debug|x64
		{1BA296A5-E16B-46EE-8AB4-7A0CCF84D3D0}.vs2017_Debug|x64.Build.0 = vs2017_Debug|x64
		{1BA296A5-E16B-46EE-8AB4-7A0CCF84D3D0}.vs2017_Release|Win32.ActiveCfg = vs2017_Release|Win32
		{1BA296A5-E16B-46EE-8AB4-7A0CCF84D3D0}.vs2017_Release|Win32.Build.0 = vs2017_Release|Win32
		{1BA296A5-E16B-46EE-8AB4-7A0CCF84D3D0}.vs2017_Release|x64.ActiveCfg = vs2017_Release|x64
		{1BA296A5-E16B-46EE-8AB4-7A0CCF84D3D0}.vs2017_Release|x64.Build.0 = vs2017_Release|x64
		{1BA296A5-E16B-46EE-8AB4-7A0CCF84D3D0}.vs2019_Debug|Win32.ActiveCfg = vs2019_Debug|Win32
		{1BA296A5-E16B-46EE-8AB4-7A0CCF84D3D0}.vs2019_Debug|Win32.Build.0 = vs2019_Debug|Win32
		{1BA296A5-E16B-46EE-8AB4-7A0CCF84D3D0}.vs2019_Debug|x64.ActiveCfg = vs2019_Debug|x64
		{1BA296A5-E16B-46EE-8AB4-7A0CCF84D3D0}.vs2019_Debug|x64.Build.0 = vs2019_Debug|x64
		{1BA296A5-E16B-46EE-8AB4-7A0CCF84D3D0}.vs2019_Release|Win32.ActiveCfg = vs2019_Release|Win32
		{1BA296A5-E16B-46EE-8AB4-7A0CCF84D3D0}.vs2019_Release|Win32.Build.0 = vs2019_Release|Win32
		{1BA296A5-E16B-46EE-8AB4-7A0CCF84D3D0}.vs2019_Release|x64.ActiveCfg = vs2019_Release|x64
		{1BA296A5-E16B-46EE-8AB4-7A0CCF84D3D0}.vs2019_Release|x64.Build.0 = vs2019_Release|x64
		{7B477F3C-7634-4730-A96F-A026788EE2FD}.Debug|Win32.ActiveCfg = Debug|Win32
		{7B477F3C-7634-4730-A96F-A026788EE2FD}.Debug|Win32.Build.0 = Debug|Win32
		{7B477F3C-7634-4730-A96F-A026788EE2FD}.Debug|x64.ActiveCfg = Debug|x64
		{7B477F3C-7634-4730-A96F-A026788EE2FD}.Debug|x64.Build.0 = Debug|x64
		{7B477F3C-7634-4730-A96F-A026788EE2FD}.Release|Win32.ActiveCfg = Release|Win32
		{7B477F3C-7634-4730-A96F-A026788EE2FD}.Release|Win32.Build.0 = Release|Win32
		{7B477F3C-7634-4730-A96F-A026788EE2FD}.Release|x64.ActiveCfg = Release|x64
		{7B477F3C-7634-4730-A96F-A026788EE2FD}.Release|x64.Build.0 = Release|x64
		{7B477F3C-7634-4730-A96F-A026788EE2FD}.vs2010_Debug|Win32.ActiveCfg = vs2010_Debug|Win32
		{7B477F3C-7634-4730-A96F-A026788EE2FD}.vs2010_Debug|Win32.Build.0 = vs2010_Debug|Win32
		{7B477F3C-7634-4730-A96F-A026788EE2FD}.vs2010_Debug|x64.ActiveCfg = vs2010_Debug|x64
		{7B477F3C-7634-4730-A96F-A026788EE2FD}.vs2010_Debug|x64.Build.0 = vs2010_Debug|x64
		{7B477F3C-7634-4730-A96F-A026788EE2FD}.vs2010_Release|Win32.ActiveCfg = vs2010_Release|Win32
		{7B477F3C-7634-4730-A96F-A026788EE2FD}.vs2010_Release|Win32.Build.0 = vs2010_Release|Win32
		{7B477F3C-7634-4730-A96F-A026788EE2FD}.vs2010_Release|x64.ActiveCfg = vs2010_Release|x64
		{7B477F3C-7634-4730-A96F-A026788EE2FD}.vs2010_Release|x64.Build.0 = vs2010_Release|x64
		{7B477F3C-7634-4730-A96F-A026788EE2FD}.vs2012_Debug|Win32.ActiveCfg = vs2012_Debug|Win32
		{7B477F3C-7634-4730-A96F-A026788EE2FD}.vs2012_Debug|Win32.Build.0 = vs2012_Debug|Win32
		{7B477F3C-7634-4730-A96F-A026788EE2FD}.vs2012_Debug|x64.ActiveCfg = vs2012_Debug|x64
		{7B477F3C-7634-4730-A96F-A026788EE2FD}.vs2012_Debug|x64.Build.0 = vs2012_Debug|x64
		{7B477F3C-7634-4730-A96F-A026788EE2FD}.vs2012_Release|Win32.ActiveCfg = vs2012_Release|Win32
		{7B477F3C-7634-4730-A96F-A026788EE2FD}.vs2012_Release|Win32.Build.0 = vs2012_Release|Win32
		{7B477F3C-7634-4730-A96F-A026788EE2FD}.vs2012_Release|x64.ActiveCfg = vs2012_Release|x64
		{7B477F3C-7634-4730-A96F-A026788EE2FD}.vs2012_Release|x64.Build.0 = vs2012_Release|x64
		{7B477F3C-7634-4730-A96F-A026788EE2FD}.vs2015_Debug|Win32.ActiveCfg = vs2015_Debug|Win32
		{7B477F3C-7634-4730-A96F-A026788EE2FD}.vs2015_Debug|Win32.Build.0 = vs2015_Debug|Win32
		{7B477F3C-7634-4730-A96F-A026788EE2FD}.vs2015_Debug|x64.ActiveCfg = vs2015_Debug|x64
		{7B477F3C-7634-4730-A96F-A026788EE2FD}.vs2015_Debug|x64.Build.0 = vs2015_Debug|x64
		{7B477F3C-7634-4730-A96F-A026788EE2FD}.vs2015_Release|Win32.ActiveCfg = vs2015_Release|Win32
		{7B477F3C-7634-4730-A96F-A026788EE2FD}.vs2015_Release|Win32.Build.0 = vs2015_Release|Win32
		{7B477F3C-7634-4730-A96F-A026788EE2FD}.vs2015_Release|x64.ActiveCfg = vs2015_Release|x64
		{7B477F3C-7634-4730-A96F-A026788EE2FD}.vs2015_Release|x64.Build.0 = vs2015_Release|x64
		{7B477F3C-7634-4730-A96F-A026788EE2FD}.vs2017_Debug|Win32.ActiveCfg = vs2017_Debug|Win32
		{7B477F3C-7634-4730-A96F-A026788EE2FD}.vs2017_Debug|Win32.Build.0 = vs2017_Debug|Win32
		{7B477F3C-7634-4730-A96F-A026788EE2FD}.vs2017_Debug|x64.ActiveCfg = vs2017_Debug|x64
		{7B477F3C-7634-4730-A96F-A026788EE2FD}.vs2017_Debug|x64.Build.0 = vs2017_Debug|x64
		{7B477F3C-7634-4730-A96F-A026788EE2FD}.vs2017_Release|Win32.ActiveCfg = vs2017_Release|Win32
		{7B477F3C-7634-4730-A96F-A026788EE2FD}.vs2017_Release|Win32.Build.0 = vs2017_Release|Win32
		{7B477F3C-7634-4730-A96F-A026788EE2FD}.vs2017_Release|x64.ActiveCfg = vs2017_Release|x64
		{7B477F3C-7634-4730-A96F-A026788EE2FD}.vs2017_Release|x64.Build.0 = vs2017_Release|x64
		{7B477F3C-7634-4730-A96F-A026788EE2FD}.vs2019_Debug|Win32.ActiveCfg = vs2019_Debug|Win32
		{7B477F3C-7634-4730-A96F-A026788EE2FD}.vs2019_Debug|Win32.Build.0 = vs2019_Debug|Win32
		{7B477F3C-7634-4730-A96F-A026788EE2FD}.vs2019_Debug|x64.ActiveCfg = vs2019_Debug|x64
		{7B477F3C-7634-4730-A96F-A026788EE2FD}.vs2019_Debug|x64.Build.0 = vs2019_Debug|x64
		{7B477F3C-7634-4730-A96F-A026788EE2FD}.vs2019_Release|Win32.ActiveCfg = vs2019_Release|Win32
		{7B477F3C-7634-4730-A96F-A026788EE2FD}.vs2019_Release|Win32.Build.0 = vs2019_Release|Win32
		{7B477F3C-7634-4730-A96F-A026788EE2FD}.vs2019_Release|x64.ActiveCfg = vs2019_Release|x64
		{7B477F3C-7634-4730-A96F-A026788EE2FD}.vs2019_Release|x64.Build.0 = vs2019_Release|x64
		{0420418F-89C5-4291-8087-F362A0A13D72}.Debug|Win32.ActiveCfg = Debug|Win32
		{0420418F-89C5-4291-8087-F362A0A13D72}.Debug|Win32.Build.0 = Debug|Win32
		{0420418F-89C5-4291-8087-F362A0A13D72}.Debug|x64.ActiveCfg = Debug|x64
		{0420418F-89C5-4291-8087-F362A0A13D72}.Debug|x64.Build.0 = Debug|x64
		{0420418F-89C5-4291-8087-F362A0A13D72}.Release|Win32.ActiveCfg = Release|Win32
		{0420418F-89C5-4291-8087-F362A0A13D72}.Release|Win32.Build.0 = Release|Win32
		{0420418F-89C5-4291-8087-F362A0A13D72}.Release|x64.ActiveCfg = Release|x64
		{0420418F-89C5-4291-8087-F362A0A13D72}.Release|x64.Build.0 = Release|x64
		{0420418F-89C5-4291-8087-F362A0A13D72}.vs2010_Debug|Win32.ActiveCfg = vs2010_Debug|Win32
		{0420418F-89C5-4291-8087-F362A0A13D72}.vs2010_Debug|Win32.Build.0 = vs2010_Debug|Win32
		{0420418F-89C5-4291-8087-F362A0A13D72}.vs2010_Debug|x64.ActiveCfg = vs2010_Debug|x64
		{0420418F-89C5-4291-8087-F362A0A13D72}.vs2010_Debug|x64.Build.0 = vs2010_Debug|x64
		{0420418F-89C5-4291-8087-F362A0A13D72}.vs2010_Release|Win32.ActiveCfg = vs2010_Release|Win32
		{0420418F-89C5-4291-8087-F362A0A13D72}.vs2010_Release|Win32.Build.0 = vs2010_Release|Win32
		{0420418F-89C5-4291-8087-F362A0A13D72}.vs2010_Release|x64.ActiveCfg = vs2010_Release|x64
		{0420418F-89C5-4291-8087-F362A0A13D72}.vs2010_Release|x64.Build.0 = vs2010_Release|x64
		{0420418F-89C5-4291-8087-F362A0A13D72}.vs2012_Debug|Win32.ActiveCfg = vs2012_Debug|Win32
		{0420418F-89C5-4291-8087-F362A0A13D72}.vs2012_Debug|Win32.Build.0 = vs2012_Debug|Win32
		{0420418F-89C5-4291-8087-F362A0A13D72}.vs2012_Debug|x64.ActiveCfg = vs2012_Debug|x64
		{0420418F-89C5-4291-8087-F362A0A13D72}.vs2012_Debug|x64.Build.0 = vs2012_Debug|x64
		{0420418F-89C5-4291-8087-F362A0A13D72}.vs2012_Release|Win32.ActiveCfg = vs2012_Release|Win32
		{0420418F-89C5-4291-8087-F362A0A13D72}.vs2012_Release|Win32.Build.0 = vs2012_Release|Win32
		{0420418F-89C5-4291-8087-F362A0A13D72}.vs2012_Release|x64.ActiveCfg = vs2012_Release|x64
		{0420418F-89C5-4291-8087-F362A0A13D72}.vs2012_Release|x64.Build.0 = vs2012_Release|x64
		{0420418F-89C5-4291-8087-F362A0A13D72}.vs2015_Debug|Win32.ActiveCfg = vs2015_Debug|Win32
		{0420418F-89C5-4291-8087-F362A0A13D72}.vs2015_Debug|Win32.Build.0 = vs2015_Debug|Win32
		{0420418F-89C5-4291-8087-F362A0A13D72}.vs2015_Debug|x64.ActiveCfg = vs2015_Debug|x64
		{0420418F-89C5-4291-8087-F362A0A13D72}.vs2015_Debug|x64.Build.0 = vs2015_Debug|x64
		{0420418F-89C5-4291-8087-F362A0A13D72}.vs2015_Release|Win32.ActiveCfg = vs2015_Release|Win32
		{0420418F-89C5-4291-8087-F362A0A13D72}.vs2015_Release|Win32.Build.0 = vs2015_Release|Win32
		{0420418F-89C5-4291-8087-F362A0A13D72}.vs2015_Release|x64.ActiveCfg = vs2015_Release|x64
		{0420418F-89C5-4291-8087-F362A0A13D72}.vs2015_Release|x64.Build.0 = vs2015_Release|x64
		{0420418F-89C5-4291-8087-F362A0A13D72}.vs2017_Debug|Win32.ActiveCfg = vs2017_Debug|Win32
		{0420418F-89C5-4291-8087-F362A0A13D72}.vs2017_Debug|Win32.Build.0 = vs2017_Debug|Win32
		{0420418F-89C5-4291-8087-F362A0A13D72}.vs2017_Debug|x64.ActiveCfg = vs2017_Debug|x64
		{0420418F-89C5-4291-8087-F362A0A13D72}.vs2017_Debug|x64.Build.0 = vs2017_Debug|x64
		{0420418F-89C5-4291-8087-F362A0A13D72}.vs2017_Release|Win32.ActiveCfg = vs2017_Release|Win32
		{0420418F-89C5-4291-8087-F362A0A13D72}.vs2017_Release|Win32.Build.0 = vs2017_Release|Win32
		{0420418F-89C5-4291-8087-F362A0A13D72}.vs2017_Release|x64.ActiveCfg = vs2017_Release|x64
		{0420418F-89C5-4291-8087-F362A0A13D72}.vs2017_Release|x64.Build.0 = vs2017_Release|x64
		{0420418F-89C5-4291-8087-F362A0A13D72}.vs2019_Debug|Win32.ActiveCfg = vs2019_Debug|Win32
		{0420418F-89C5-4291-8087-F362A0A13D72}.vs2019_Debug|Win32.Build.0 = vs2019_Debug|Win32
		{0420418F-89C5-4291-8087-F362A0A13D72}.vs2019_Debug|x64.ActiveCfg = vs2019_Debug|x64
		{0420418F-89C5-4291-8087-F362A0A13D72}.vs2019_Debug|x64.Build.0 = vs2019_Debug|x64
		{0420418F-89C5-4291-8087-F362A0A13D72}.vs2019_Release|Win32.ActiveCfg = vs2019_Release|Win32
		{0420418F-89C5-4291-8087-F362A0A13D72}.vs2019_Release|Win32.Build.0 = vs2019_Release|Win32
		{0420418F-89C5-4291-8087-F362A0A13D72}.vs2019_Release|x64.ActiveCfg = vs2019_Release|x64
		{0420418F-89C5-4291-8087-F362A0A13D72}.vs2019_Release|x64.Build.0 = vs2019_Release|x64
	EndGlobalSection
	GlobalSection(SolutionProperties) = preSolution
		HideSolutionNode = FALSE
	EndGlobalSection
	GlobalSection(ExtensibilityGlobals) = postSolution
		SolutionGuid = {92CDDCA5-E8E1-4524-AC9F-49C18C34DCF7}
	EndGlobalSection
EndGlobal
