<?xml version="1.0" encoding="utf-8"?>
<Project ToolsVersion="12.0" xmlns="http://schemas.microsoft.com/developer/msbuild/2003">
  <ItemGroup>
    <ClCompile Include="..\..\Net\src\AbstractHTTPRequestHandler.cpp">
      <Filter>HTTPServer\Source Files</Filter>
    </ClCompile>
    <ClCompile Include="..\..\Net\src\DatagramSocket.cpp">
      <Filter>Sockets\Source Files</Filter>
    </ClCompile>
    <ClCompile Include="..\..\Net\src\DatagramSocketImpl.cpp">
      <Filter>Sockets\Source Files</Filter>
    </ClCompile>
    <ClCompile Include="..\..\Net\src\DialogSocket.cpp">
      <Filter>Sockets\Source Files</Filter>
    </ClCompile>
    <ClCompile Include="..\..\Net\src\DNS.cpp">
      <Filter>NetCore\Source Files</Filter>
    </ClCompile>
    <ClCompile Include="..\..\Net\src\FilePartSource.cpp">
      <Filter>Messages\Source Files</Filter>
    </ClCompile>
    <ClCompile Include="..\..\Net\src\FTPClientSession.cpp">
      <Filter>FTP\Source Files</Filter>
    </ClCompile>
    <ClCompile Include="..\..\Net\src\FTPStreamFactory.cpp">
      <Filter>FTP\Source Files</Filter>
    </ClCompile>
    <ClCompile Include="..\..\Net\src\HostEntry.cpp">
      <Filter>NetCore\Source Files</Filter>
    </ClCompile>
    <ClCompile Include="..\..\Net\src\HTMLForm.cpp">
      <Filter>HTML\Source Files</Filter>
    </ClCompile>
    <ClCompile Include="..\..\Net\src\HTTPAuthenticationParams.cpp">
      <Filter>HTTP\Source Files</Filter>
    </ClCompile>
    <ClCompile Include="..\..\Net\src\HTTPBasicCredentials.cpp">
      <Filter>HTTP\Source Files</Filter>
    </ClCompile>
    <ClCompile Include="..\..\Net\src\HTTPBufferAllocator.cpp">
      <Filter>HTTP\Source Files</Filter>
    </ClCompile>
    <ClCompile Include="..\..\Net\src\HTTPChunkedStream.cpp">
      <Filter>HTTP\Source Files</Filter>
    </ClCompile>
    <ClCompile Include="..\..\Net\src\HTTPClientSession.cpp">
      <Filter>HTTPClient\Source Files</Filter>
    </ClCompile>
    <ClCompile Include="..\..\Net\src\HTTPCookie.cpp">
      <Filter>HTTP\Source Files</Filter>
    </ClCompile>
    <ClCompile Include="..\..\Net\src\HTTPCredentials.cpp">
      <Filter>HTTP\Source Files</Filter>
    </ClCompile>
    <ClCompile Include="..\..\Net\src\HTTPDigestCredentials.cpp">
      <Filter>HTTP\Source Files</Filter>
    </ClCompile>
    <ClCompile Include="..\..\Net\src\HTTPFixedLengthStream.cpp">
      <Filter>HTTP\Source Files</Filter>
    </ClCompile>
    <ClCompile Include="..\..\Net\src\HTTPHeaderStream.cpp">
      <Filter>HTTP\Source Files</Filter>
    </ClCompile>
    <ClCompile Include="..\..\Net\src\HTTPIOStream.cpp">
      <Filter>HTTP\Source Files</Filter>
    </ClCompile>
    <ClCompile Include="..\..\Net\src\HTTPMessage.cpp">
      <Filter>HTTP\Source Files</Filter>
    </ClCompile>
    <ClCompile Include="..\..\Net\src\HTTPRequest.cpp">
      <Filter>HTTP\Source Files</Filter>
    </ClCompile>
    <ClCompile Include="..\..\Net\src\HTTPRequestHandler.cpp">
      <Filter>HTTPServer\Source Files</Filter>
    </ClCompile>
    <ClCompile Include="..\..\Net\src\HTTPRequestHandlerFactory.cpp">
      <Filter>HTTPServer\Source Files</Filter>
    </ClCompile>
    <ClCompile Include="..\..\Net\src\HTTPResponse.cpp">
      <Filter>HTTP\Source Files</Filter>
    </ClCompile>
    <ClCompile Include="..\..\Net\src\HTTPServer.cpp">
      <Filter>HTTPServer\Source Files</Filter>
    </ClCompile>
    <ClCompile Include="..\..\Net\src\HTTPServerConnection.cpp">
      <Filter>HTTPServer\Source Files</Filter>
    </ClCompile>
    <ClCompile Include="..\..\Net\src\HTTPServerConnectionFactory.cpp">
      <Filter>HTTPServer\Source Files</Filter>
    </ClCompile>
    <ClCompile Include="..\..\Net\src\HTTPServerParams.cpp">
      <Filter>HTTPServer\Source Files</Filter>
    </ClCompile>
    <ClCompile Include="..\..\Net\src\HTTPServerRequest.cpp">
      <Filter>HTTPServer\Source Files</Filter>
    </ClCompile>
    <ClCompile Include="..\..\Net\src\HTTPServerRequestImpl.cpp">
      <Filter>HTTPServer\Source Files</Filter>
    </ClCompile>
    <ClCompile Include="..\..\Net\src\HTTPServerResponse.cpp">
      <Filter>HTTPServer\Source Files</Filter>
    </ClCompile>
    <ClCompile Include="..\..\Net\src\HTTPServerResponseImpl.cpp">
      <Filter>HTTPServer\Source Files</Filter>
    </ClCompile>
    <ClCompile Include="..\..\Net\src\HTTPServerSession.cpp">
      <Filter>HTTPServer\Source Files</Filter>
    </ClCompile>
    <ClCompile Include="..\..\Net\src\HTTPSession.cpp">
      <Filter>HTTP\Source Files</Filter>
    </ClCompile>
    <ClCompile Include="..\..\Net\src\HTTPSessionFactory.cpp">
      <Filter>HTTPClient\Source Files</Filter>
    </ClCompile>
    <ClCompile Include="..\..\Net\src\HTTPSessionInstantiator.cpp">
      <Filter>HTTPClient\Source Files</Filter>
    </ClCompile>
    <ClCompile Include="..\..\Net\src\HTTPStream.cpp">
      <Filter>HTTP\Source Files</Filter>
    </ClCompile>
    <ClCompile Include="..\..\Net\src\HTTPStreamFactory.cpp">
      <Filter>HTTP\Source Files</Filter>
    </ClCompile>
    <ClCompile Include="..\..\Net\src\ICMPClient.cpp">
      <Filter>ICMP\Source Files</Filter>
    </ClCompile>
    <ClCompile Include="..\..\Net\src\ICMPEventArgs.cpp">
      <Filter>ICMP\Source Files</Filter>
    </ClCompile>
    <ClCompile Include="..\..\Net\src\ICMPPacket.cpp">
      <Filter>ICMP\Source Files</Filter>
    </ClCompile>
    <ClCompile Include="..\..\Net\src\ICMPPacketImpl.cpp">
      <Filter>ICMP\Source Files</Filter>
    </ClCompile>
    <ClCompile Include="..\..\Net\src\ICMPSocket.cpp">
      <Filter>ICMP\Source Files</Filter>
    </ClCompile>
    <ClCompile Include="..\..\Net\src\ICMPSocketImpl.cpp">
      <Filter>ICMP\Source Files</Filter>
    </ClCompile>
    <ClCompile Include="..\..\Net\src\ICMPv4PacketImpl.cpp">
      <Filter>ICMP\Source Files</Filter>
    </ClCompile>
    <ClCompile Include="..\..\Net\src\IPAddress.cpp">
      <Filter>NetCore\Source Files</Filter>
    </ClCompile>
    <ClCompile Include="..\..\Net\src\IPAddressImpl.cpp">
      <Filter>NetCore\Source Files</Filter>
    </ClCompile>
    <ClCompile Include="..\..\Net\src\MailMessage.cpp">
      <Filter>Mail\Source Files</Filter>
    </ClCompile>
    <ClCompile Include="..\..\Net\src\MailRecipient.cpp">
      <Filter>Mail\Source Files</Filter>
    </ClCompile>
    <ClCompile Include="..\..\Net\src\MailStream.cpp">
      <Filter>Mail\Source Files</Filter>
    </ClCompile>
    <ClCompile Include="..\..\Net\src\MediaType.cpp">
      <Filter>Messages\Source Files</Filter>
    </ClCompile>
    <ClCompile Include="..\..\Net\src\MessageHeader.cpp">
      <Filter>Messages\Source Files</Filter>
    </ClCompile>
    <ClCompile Include="..\..\Net\src\MulticastSocket.cpp">
      <Filter>Sockets\Source Files</Filter>
    </ClCompile>
    <ClCompile Include="..\..\Net\src\MultipartReader.cpp">
      <Filter>Messages\Source Files</Filter>
    </ClCompile>
    <ClCompile Include="..\..\Net\src\MultipartWriter.cpp">
      <Filter>Messages\Source Files</Filter>
    </ClCompile>
    <ClCompile Include="..\..\Net\src\NameValueCollection.cpp">
      <Filter>Messages\Source Files</Filter>
    </ClCompile>
    <ClCompile Include="..\..\Net\src\Net.cpp">
      <Filter>NetCore\Source Files</Filter>
    </ClCompile>
    <ClCompile Include="..\..\Net\src\NetException.cpp">
      <Filter>NetCore\Source Files</Filter>
    </ClCompile>
    <ClCompile Include="..\..\Net\src\NetworkInterface.cpp">
      <Filter>NetCore\Source Files</Filter>
    </ClCompile>
    <ClCompile Include="..\..\Net\src\NTPClient.cpp">
      <Filter>NTP\Source Files</Filter>
    </ClCompile>
    <ClCompile Include="..\..\Net\src\NTPEventArgs.cpp">
      <Filter>NTP\Source Files</Filter>
    </ClCompile>
    <ClCompile Include="..\..\Net\src\NTPPacket.cpp">
      <Filter>NTP\Source Files</Filter>
    </ClCompile>
    <ClCompile Include="..\..\Net\src\NullPartHandler.cpp">
      <Filter>Messages\Source Files</Filter>
    </ClCompile>
    <ClCompile Include="..\..\Net\src\OAuth10Credentials.cpp">
      <Filter>OAuth\Source Files</Filter>
    </ClCompile>
    <ClCompile Include="..\..\Net\src\OAuth20Credentials.cpp">
      <Filter>OAuth\Source Files</Filter>
    </ClCompile>
    <ClCompile Include="..\..\Net\src\PartHandler.cpp">
      <Filter>Messages\Source Files</Filter>
    </ClCompile>
    <ClCompile Include="..\..\Net\src\PartSource.cpp">
      <Filter>Messages\Source Files</Filter>
    </ClCompile>
    <ClCompile Include="..\..\Net\src\PartStore.cpp">
      <Filter>Messages\Source Files</Filter>
    </ClCompile>
    <ClCompile Include="..\..\Net\src\POP3ClientSession.cpp">
      <Filter>Mail\Source Files</Filter>
    </ClCompile>
    <ClCompile Include="..\..\Net\src\QuotedPrintableDecoder.cpp">
      <Filter>Messages\Source Files</Filter>
    </ClCompile>
    <ClCompile Include="..\..\Net\src\QuotedPrintableEncoder.cpp">
      <Filter>Messages\Source Files</Filter>
    </ClCompile>
    <ClCompile Include="..\..\Net\src\RawSocket.cpp">
      <Filter>Sockets\Source Files</Filter>
    </ClCompile>
    <ClCompile Include="..\..\Net\src\RawSocketImpl.cpp">
      <Filter>Sockets\Source Files</Filter>
    </ClCompile>
    <ClCompile Include="..\..\Net\src\RemoteSyslogChannel.cpp">
      <Filter>Logging\Source Files</Filter>
    </ClCompile>
    <ClCompile Include="..\..\Net\src\RemoteSyslogListener.cpp">
      <Filter>Logging\Source Files</Filter>
    </ClCompile>
    <ClCompile Include="..\..\Net\src\ServerSocket.cpp">
      <Filter>Sockets\Source Files</Filter>
    </ClCompile>
    <ClCompile Include="..\..\Net\src\ServerSocketImpl.cpp">
      <Filter>Sockets\Source Files</Filter>
    </ClCompile>
    <ClCompile Include="..\..\Net\src\SMTPChannel.cpp">
      <Filter>Logging\Source Files</Filter>
    </ClCompile>
    <ClCompile Include="..\..\Net\src\SMTPClientSession.cpp">
      <Filter>Mail\Source Files</Filter>
    </ClCompile>
    <ClCompile Include="..\..\Net\src\Socket.cpp">
      <Filter>Sockets\Source Files</Filter>
    </ClCompile>
    <ClCompile Include="..\..\Net\src\SocketAddress.cpp">
      <Filter>NetCore\Source Files</Filter>
    </ClCompile>
    <ClCompile Include="..\..\Net\src\SocketAddressImpl.cpp">
      <Filter>NetCore\Source Files</Filter>
    </ClCompile>
    <ClCompile Include="..\..\Net\src\SocketImpl.cpp">
      <Filter>Sockets\Source Files</Filter>
    </ClCompile>
    <ClCompile Include="..\..\Net\src\SocketNotification.cpp">
      <Filter>Reactor\Source Files</Filter>
    </ClCompile>
    <ClCompile Include="..\..\Net\src\SocketNotifier.cpp">
      <Filter>Reactor\Source Files</Filter>
    </ClCompile>
    <ClCompile Include="..\..\Net\src\SocketReactor.cpp">
      <Filter>Reactor\Source Files</Filter>
    </ClCompile>
    <ClCompile Include="..\..\Net\src\SocketStream.cpp">
      <Filter>Sockets\Source Files</Filter>
    </ClCompile>
    <ClCompile Include="..\..\Net\src\StreamSocket.cpp">
      <Filter>Sockets\Source Files</Filter>
    </ClCompile>
    <ClCompile Include="..\..\Net\src\StreamSocketImpl.cpp">
      <Filter>Sockets\Source Files</Filter>
    </ClCompile>
    <ClCompile Include="..\..\Net\src\StringPartSource.cpp">
      <Filter>Messages\Source Files</Filter>
    </ClCompile>
    <ClCompile Include="..\..\Net\src\TCPServer.cpp">
      <Filter>TCPServer\Source Files</Filter>
    </ClCompile>
    <ClCompile Include="..\..\Net\src\TCPServerConnection.cpp">
      <Filter>TCPServer\Source Files</Filter>
    </ClCompile>
    <ClCompile Include="..\..\Net\src\TCPServerConnectionFactory.cpp">
      <Filter>TCPServer\Source Files</Filter>
    </ClCompile>
    <ClCompile Include="..\..\Net\src\TCPServerDispatcher.cpp">
      <Filter>TCPServer\Source Files</Filter>
    </ClCompile>
    <ClCompile Include="..\..\Net\src\TCPServerParams.cpp">
      <Filter>TCPServer\Source Files</Filter>
    </ClCompile>
    <ClCompile Include="..\..\Net\src\WebSocket.cpp">
      <Filter>WebSocket\Source Files</Filter>
    </ClCompile>
    <ClCompile Include="..\..\Net\src\WebSocketImpl.cpp">
      <Filter>WebSocket\Source Files</Filter>
    </ClCompile>
  </ItemGroup>
  <ItemGroup>
    <ClInclude Include="..\..\Net\include\Poco\Net\AbstractHTTPRequestHandler.h">
      <Filter>HTTPServer\Header Files</Filter>
    </ClInclude>
    <ClInclude Include="..\..\Net\include\Poco\Net\DatagramSocket.h">
      <Filter>Sockets\Header Files</Filter>
    </ClInclude>
    <ClInclude Include="..\..\Net\include\Poco\Net\DatagramSocketImpl.h">
      <Filter>Sockets\Header Files</Filter>
    </ClInclude>
    <ClInclude Include="..\..\Net\include\Poco\Net\DialogSocket.h">
      <Filter>Sockets\Header Files</Filter>
    </ClInclude>
    <ClInclude Include="..\..\Net\include\Poco\Net\DNS.h">
      <Filter>NetCore\Header Files</Filter>
    </ClInclude>
    <ClInclude Include="..\..\Net\include\Poco\Net\FilePartSource.h">
      <Filter>Messages\Header Files</Filter>
    </ClInclude>
    <ClInclude Include="..\..\Net\include\Poco\Net\FTPClientSession.h">
      <Filter>FTP\Header Files</Filter>
    </ClInclude>
    <ClInclude Include="..\..\Net\include\Poco\Net\FTPStreamFactory.h">
      <Filter>FTP\Header Files</Filter>
    </ClInclude>
    <ClInclude Include="..\..\Net\include\Poco\Net\HostEntry.h">
      <Filter>NetCore\Header Files</Filter>
    </ClInclude>
    <ClInclude Include="..\..\Net\include\Poco\Net\HTMLForm.h">
      <Filter>HTML\Header Files</Filter>
    </ClInclude>
    <ClInclude Include="..\..\Net\include\Poco\Net\HTTPAuthenticationParams.h">
      <Filter>HTTP\Header Files</Filter>
    </ClInclude>
    <ClInclude Include="..\..\Net\include\Poco\Net\HTTPBasicCredentials.h">
      <Filter>HTTP\Header Files</Filter>
    </ClInclude>
    <ClInclude Include="..\..\Net\include\Poco\Net\HTTPBasicStreamBuf.h">
      <Filter>HTTP\Header Files</Filter>
    </ClInclude>
    <ClInclude Include="..\..\Net\include\Poco\Net\HTTPBufferAllocator.h">
      <Filter>HTTP\Header Files</Filter>
    </ClInclude>
    <ClInclude Include="..\..\Net\include\Poco\Net\HTTPChunkedStream.h">
      <Filter>HTTP\Header Files</Filter>
    </ClInclude>
    <ClInclude Include="..\..\Net\include\Poco\Net\HTTPClientSession.h">
      <Filter>HTTPClient\Header Files</Filter>
    </ClInclude>
    <ClInclude Include="..\..\Net\include\Poco\Net\HTTPCookie.h">
      <Filter>HTTP\Header Files</Filter>
    </ClInclude>
    <ClInclude Include="..\..\Net\include\Poco\Net\HTTPCredentials.h">
      <Filter>HTTP\Header Files</Filter>
    </ClInclude>
    <ClInclude Include="..\..\Net\include\Poco\Net\HTTPDigestCredentials.h">
      <Filter>HTTP\Header Files</Filter>
    </ClInclude>
    <ClInclude Include="..\..\Net\include\Poco\Net\HTTPFixedLengthStream.h">
      <Filter>HTTP\Header Files</Filter>
    </ClInclude>
    <ClInclude Include="..\..\Net\include\Poco\Net\HTTPHeaderStream.h">
      <Filter>HTTP\Header Files</Filter>
    </ClInclude>
    <ClInclude Include="..\..\Net\include\Poco\Net\HTTPIOStream.h">
      <Filter>HTTP\Header Files</Filter>
    </ClInclude>
    <ClInclude Include="..\..\Net\include\Poco\Net\HTTPMessage.h">
      <Filter>HTTP\Header Files</Filter>
    </ClInclude>
    <ClInclude Include="..\..\Net\include\Poco\Net\HTTPRequest.h">
      <Filter>HTTP\Header Files</Filter>
    </ClInclude>
    <ClInclude Include="..\..\Net\include\Poco\Net\HTTPRequestHandler.h">
      <Filter>HTTPServer\Header Files</Filter>
    </ClInclude>
    <ClInclude Include="..\..\Net\include\Poco\Net\HTTPRequestHandlerFactory.h">
      <Filter>HTTPServer\Header Files</Filter>
    </ClInclude>
    <ClInclude Include="..\..\Net\include\Poco\Net\HTTPResponse.h">
      <Filter>HTTP\Header Files</Filter>
    </ClInclude>
    <ClInclude Include="..\..\Net\include\Poco\Net\HTTPServer.h">
      <Filter>HTTPServer\Header Files</Filter>
    </ClInclude>
    <ClInclude Include="..\..\Net\include\Poco\Net\HTTPServerConnection.h">
      <Filter>HTTPServer\Header Files</Filter>
    </ClInclude>
    <ClInclude Include="..\..\Net\include\Poco\Net\HTTPServerConnectionFactory.h">
      <Filter>HTTPServer\Header Files</Filter>
    </ClInclude>
    <ClInclude Include="..\..\Net\include\Poco\Net\HTTPServerParams.h">
      <Filter>HTTPServer\Header Files</Filter>
    </ClInclude>
    <ClInclude Include="..\..\Net\include\Poco\Net\HTTPServerRequest.h">
      <Filter>HTTPServer\Header Files</Filter>
    </ClInclude>
    <ClInclude Include="..\..\Net\include\Poco\Net\HTTPServerRequestImpl.h">
      <Filter>HTTPServer\Header Files</Filter>
    </ClInclude>
    <ClInclude Include="..\..\Net\include\Poco\Net\HTTPServerResponse.h">
      <Filter>HTTPServer\Header Files</Filter>
    </ClInclude>
    <ClInclude Include="..\..\Net\include\Poco\Net\HTTPServerResponseImpl.h">
      <Filter>HTTPServer\Header Files</Filter>
    </ClInclude>
    <ClInclude Include="..\..\Net\include\Poco\Net\HTTPServerSession.h">
      <Filter>HTTPServer\Header Files</Filter>
    </ClInclude>
    <ClInclude Include="..\..\Net\include\Poco\Net\HTTPSession.h">
      <Filter>HTTP\Header Files</Filter>
    </ClInclude>
    <ClInclude Include="..\..\Net\include\Poco\Net\HTTPSessionFactory.h">
      <Filter>HTTPClient\Header Files</Filter>
    </ClInclude>
    <ClInclude Include="..\..\Net\include\Poco\Net\HTTPSessionInstantiator.h">
      <Filter>HTTPClient\Header Files</Filter>
    </ClInclude>
    <ClInclude Include="..\..\Net\include\Poco\Net\HTTPStream.h">
      <Filter>HTTP\Header Files</Filter>
    </ClInclude>
    <ClInclude Include="..\..\Net\include\Poco\Net\HTTPStreamFactory.h">
      <Filter>HTTP\Header Files</Filter>
    </ClInclude>
    <ClInclude Include="..\..\Net\include\Poco\Net\ICMPClient.h">
      <Filter>ICMP\Header Files</Filter>
    </ClInclude>
    <ClInclude Include="..\..\Net\include\Poco\Net\ICMPEventArgs.h">
      <Filter>ICMP\Header Files</Filter>
    </ClInclude>
    <ClInclude Include="..\..\Net\include\Poco\Net\ICMPPacket.h">
      <Filter>ICMP\Header Files</Filter>
    </ClInclude>
    <ClInclude Include="..\..\Net\include\Poco\Net\ICMPPacketImpl.h">
      <Filter>ICMP\Header Files</Filter>
    </ClInclude>
    <ClInclude Include="..\..\Net\include\Poco\Net\ICMPSocket.h">
      <Filter>ICMP\Header Files</Filter>
    </ClInclude>
    <ClInclude Include="..\..\Net\include\Poco\Net\ICMPSocketImpl.h">
      <Filter>ICMP\Header Files</Filter>
    </ClInclude>
    <ClInclude Include="..\..\Net\include\Poco\Net\ICMPv4PacketImpl.h">
      <Filter>ICMP\Header Files</Filter>
    </ClInclude>
    <ClInclude Include="..\..\Net\include\Poco\Net\IPAddress.h">
      <Filter>NetCore\Header Files</Filter>
    </ClInclude>
    <ClInclude Include="..\..\Net\include\Poco\Net\IPAddressImpl.h">
      <Filter>NetCore\Header Files</Filter>
    </ClInclude>
    <ClInclude Include="..\..\Net\include\Poco\Net\MailMessage.h">
      <Filter>Mail\Header Files</Filter>
    </ClInclude>
    <ClInclude Include="..\..\Net\include\Poco\Net\MailRecipient.h">
      <Filter>Mail\Header Files</Filter>
    </ClInclude>
    <ClInclude Include="..\..\Net\include\Poco\Net\MailStream.h">
      <Filter>Mail\Header Files</Filter>
    </ClInclude>
    <ClInclude Include="..\..\Net\include\Poco\Net\MediaType.h">
      <Filter>Messages\Header Files</Filter>
    </ClInclude>
    <ClInclude Include="..\..\Net\include\Poco\Net\MessageHeader.h">
      <Filter>Messages\Header Files</Filter>
    </ClInclude>
    <ClInclude Include="..\..\Net\include\Poco\Net\MulticastSocket.h">
      <Filter>Sockets\Header Files</Filter>
    </ClInclude>
    <ClInclude Include="..\..\Net\include\Poco\Net\MultipartReader.h">
      <Filter>Messages\Header Files</Filter>
    </ClInclude>
    <ClInclude Include="..\..\Net\include\Poco\Net\MultipartWriter.h">
      <Filter>Messages\Header Files</Filter>
    </ClInclude>
    <ClInclude Include="..\..\Net\include\Poco\Net\NameValueCollection.h">
      <Filter>Messages\Header Files</Filter>
    </ClInclude>
    <ClInclude Include="..\..\Net\include\Poco\Net\Net.h">
      <Filter>NetCore\Header Files</Filter>
    </ClInclude>
    <ClInclude Include="..\..\Net\include\Poco\Net\NetException.h">
      <Filter>NetCore\Header Files</Filter>
    </ClInclude>
    <ClInclude Include="..\..\Net\include\Poco\Net\NetworkInterface.h">
      <Filter>Sockets\Header Files</Filter>
    </ClInclude>
    <ClInclude Include="..\..\Net\include\Poco\Net\NTPClient.h">
      <Filter>NTP\Header Files</Filter>
    </ClInclude>
    <ClInclude Include="..\..\Net\include\Poco\Net\NTPEventArgs.h">
      <Filter>NTP\Header Files</Filter>
    </ClInclude>
    <ClInclude Include="..\..\Net\include\Poco\Net\NTPPacket.h">
      <Filter>NTP\Header Files</Filter>
    </ClInclude>
    <ClInclude Include="..\..\Net\include\Poco\Net\NullPartHandler.h">
      <Filter>Messages\Header Files</Filter>
    </ClInclude>
    <ClInclude Include="..\..\Net\include\Poco\Net\OAuth10Credentials.h">
      <Filter>OAuth\Header Files</Filter>
    </ClInclude>
    <ClInclude Include="..\..\Net\include\Poco\Net\OAuth20Credentials.h">
      <Filter>OAuth\Header Files</Filter>
    </ClInclude>
    <ClInclude Include="..\..\Net\include\Poco\Net\ParallelSocketAcceptor.h">
      <Filter>Reactor\Header Files</Filter>
    </ClInclude>
    <ClInclude Include="..\..\Net\include\Poco\Net\ParallelSocketReactor.h">
      <Filter>Reactor\Header Files</Filter>
    </ClInclude>
    <ClInclude Include="..\..\Net\include\Poco\Net\PartHandler.h">
      <Filter>Messages\Header Files</Filter>
    </ClInclude>
    <ClInclude Include="..\..\Net\include\Poco\Net\PartSource.h">
      <Filter>Messages\Header Files</Filter>
    </ClInclude>
    <ClInclude Include="..\..\Net\include\Poco\Net\PartStore.h">
      <Filter>Messages\Header Files</Filter>
    </ClInclude>
    <ClInclude Include="..\..\Net\include\Poco\Net\POP3ClientSession.h">
      <Filter>Mail\Header Files</Filter>
    </ClInclude>
    <ClInclude Include="..\..\Net\include\Poco\Net\QuotedPrintableDecoder.h">
      <Filter>Messages\Header Files</Filter>
    </ClInclude>
    <ClInclude Include="..\..\Net\include\Poco\Net\QuotedPrintableEncoder.h">
      <Filter>Messages\Header Files</Filter>
    </ClInclude>
    <ClInclude Include="..\..\Net\include\Poco\Net\RawSocket.h">
      <Filter>Sockets\Header Files</Filter>
    </ClInclude>
    <ClInclude Include="..\..\Net\include\Poco\Net\RawSocketImpl.h">
      <Filter>Sockets\Header Files</Filter>
    </ClInclude>
    <ClInclude Include="..\..\Net\include\Poco\Net\RemoteSyslogChannel.h">
      <Filter>Logging\Header Files</Filter>
    </ClInclude>
    <ClInclude Include="..\..\Net\include\Poco\Net\RemoteSyslogListener.h">
      <Filter>Logging\Header Files</Filter>
    </ClInclude>
    <ClInclude Include="..\..\Net\include\Poco\Net\ServerSocket.h">
      <Filter>Sockets\Header Files</Filter>
    </ClInclude>
    <ClInclude Include="..\..\Net\include\Poco\Net\ServerSocketImpl.h">
      <Filter>Sockets\Header Files</Filter>
    </ClInclude>
    <ClInclude Include="..\..\Net\include\Poco\Net\SMTPChannel.h">
      <Filter>Logging\Header Files</Filter>
    </ClInclude>
    <ClInclude Include="..\..\Net\include\Poco\Net\SMTPClientSession.h">
      <Filter>Mail\Header Files</Filter>
    </ClInclude>
    <ClInclude Include="..\..\Net\include\Poco\Net\Socket.h">
      <Filter>Sockets\Header Files</Filter>
    </ClInclude>
    <ClInclude Include="..\..\Net\include\Poco\Net\SocketAcceptor.h">
      <Filter>Reactor\Header Files</Filter>
    </ClInclude>
    <ClInclude Include="..\..\Net\include\Poco\Net\SocketAddress.h">
      <Filter>NetCore\Header Files</Filter>
    </ClInclude>
    <ClInclude Include="..\..\Net\include\Poco\Net\SocketAddressImpl.h">
      <Filter>NetCore\Header Files</Filter>
    </ClInclude>
    <ClInclude Include="..\..\Net\include\Poco\Net\SocketConnector.h">
      <Filter>Reactor\Header Files</Filter>
    </ClInclude>
    <ClInclude Include="..\..\Net\include\Poco\Net\SocketDefs.h">
      <Filter>NetCore\Header Files</Filter>
    </ClInclude>
    <ClInclude Include="..\..\Net\include\Poco\Net\SocketImpl.h">
      <Filter>Sockets\Header Files</Filter>
    </ClInclude>
    <ClInclude Include="..\..\Net\include\Poco\Net\SocketNotification.h">
      <Filter>Reactor\Header Files</Filter>
    </ClInclude>
    <ClInclude Include="..\..\Net\include\Poco\Net\SocketNotifier.h">
      <Filter>Reactor\Header Files</Filter>
    </ClInclude>
    <ClInclude Include="..\..\Net\include\Poco\Net\SocketReactor.h">
      <Filter>Reactor\Header Files</Filter>
    </ClInclude>
    <ClInclude Include="..\..\Net\include\Poco\Net\SocketStream.h">
      <Filter>Sockets\Header Files</Filter>
    </ClInclude>
    <ClInclude Include="..\..\Net\include\Poco\Net\StreamSocket.h">
      <Filter>Sockets\Header Files</Filter>
    </ClInclude>
    <ClInclude Include="..\..\Net\include\Poco\Net\StreamSocketImpl.h">
      <Filter>Sockets\Header Files</Filter>
    </ClInclude>
    <ClInclude Include="..\..\Net\include\Poco\Net\StringPartSource.h">
      <Filter>Messages\Header Files</Filter>
    </ClInclude>
    <ClInclude Include="..\..\Net\include\Poco\Net\TCPServer.h">
      <Filter>TCPServer\Header Files</Filter>
    </ClInclude>
    <ClInclude Include="..\..\Net\include\Poco\Net\TCPServerConnection.h">
      <Filter>TCPServer\Header Files</Filter>
    </ClInclude>
    <ClInclude Include="..\..\Net\include\Poco\Net\TCPServerConnectionFactory.h">
      <Filter>TCPServer\Header Files</Filter>
    </ClInclude>
    <ClInclude Include="..\..\Net\include\Poco\Net\TCPServerDispatcher.h">
      <Filter>TCPServer\Header Files</Filter>
    </ClInclude>
    <ClInclude Include="..\..\Net\include\Poco\Net\TCPServerParams.h">
      <Filter>TCPServer\Header Files</Filter>
    </ClInclude>
    <ClInclude Include="..\..\Net\include\Poco\Net\WebSocket.h">
      <Filter>WebSocket\Header Files</Filter>
    </ClInclude>
    <ClInclude Include="..\..\Net\include\Poco\Net\WebSocketImpl.h">
      <Filter>WebSocket\Header Files</Filter>
    </ClInclude>
  </ItemGroup>
  <ItemGroup>
    <Filter Include="NetCore\Source Files">
      <UniqueIdentifier>{B2431AA5-D28C-469E-9549-BAD0D00270D2}</UniqueIdentifier>
    </Filter>
    <Filter Include="NetCore\Header Files">
      <UniqueIdentifier>{8AC31762-B505-45A9-A243-0A1431E30150}</UniqueIdentifier>
    </Filter>
    <Filter Include="Messages\Source Files">
      <UniqueIdentifier>{C5ADCCD2-CD03-4424-9588-BF006BFDC5BB}</UniqueIdentifier>
    </Filter>
    <Filter Include="Messages\Header Files">
      <UniqueIdentifier>{F1E48800-0497-40C0-852F-1E0F8DE5BA2E}</UniqueIdentifier>
    </Filter>
    <Filter Include="Sockets\Source Files">
      <UniqueIdentifier>{9EFC4167-EBE7-496E-A2D6-8B402D461C92}</UniqueIdentifier>
    </Filter>
    <Filter Include="Sockets\Header Files">
      <UniqueIdentifier>{9507E89F-417A-4B3E-8255-AEEFA4D24E45}</UniqueIdentifier>
    </Filter>
    <Filter Include="HTTPServer\Source Files">
      <UniqueIdentifier>{1DC7F97D-68DA-4081-A9FC-C6D8B9DA68D7}</UniqueIdentifier>
    </Filter>
    <Filter Include="HTTPServer\Header Files">
      <UniqueIdentifier>{ABD43758-40FA-415D-A296-9FA9E39361BA}</UniqueIdentifier>
    </Filter>
    <Filter Include="HTTPServer">
      <UniqueIdentifier>{24B586B6-3034-49C3-B8C0-2CAD43FD20A3}</UniqueIdentifier>
    </Filter>
    <Filter Include="Sockets">
      <UniqueIdentifier>{5535B82F-D7D8-4468-A1B7-DA43B9D00C1B}</UniqueIdentifier>
    </Filter>
    <Filter Include="NetCore">
      <UniqueIdentifier>{5194F849-1B51-4F81-84F2-5DF1FBA42A5D}</UniqueIdentifier>
    </Filter>
    <Filter Include="Messages">
      <UniqueIdentifier>{7302899E-B330-4823-A061-62E5EB47899C}</UniqueIdentifier>
    </Filter>
    <Filter Include="FTP">
      <UniqueIdentifier>{98AF3D8D-4277-4416-9410-03D1BC259A29}</UniqueIdentifier>
    </Filter>
    <Filter Include="HTML">
      <UniqueIdentifier>{DF62FB43-9FE7-4843-8BBD-07227333500C}</UniqueIdentifier>
    </Filter>
    <Filter Include="HTTP">
      <UniqueIdentifier>{BC590DC8-D96B-4DD4-8FF9-F4837F4E41FC}</UniqueIdentifier>
    </Filter>
    <Filter Include="HTTPClient">
      <UniqueIdentifier>{C09AAE3C-EA78-49F5-A591-5A52527F8072}</UniqueIdentifier>
    </Filter>
    <Filter Include="ICMP">
      <UniqueIdentifier>{43AC5EA1-FC2A-4688-AAB2-89E11EF03A50}</UniqueIdentifier>
    </Filter>
    <Filter Include="Mail">
      <UniqueIdentifier>{439E3F5C-0410-471F-AA58-982A4389EAE6}</UniqueIdentifier>
    </Filter>
    <Filter Include="NTP">
      <UniqueIdentifier>{638F7DD4-2DF1-4CBB-B087-FAB81E207C12}</UniqueIdentifier>
    </Filter>
    <Filter Include="OAuth">
      <UniqueIdentifier>{A2F2987F-1724-49DA-A65A-E2A20186446C}</UniqueIdentifier>
    </Filter>
    <Filter Include="Logging">
      <UniqueIdentifier>{D988D852-4852-4D92-AE17-81AB9FCD4BC1}</UniqueIdentifier>
    </Filter>
    <Filter Include="Reactor">
      <UniqueIdentifier>{9C8731E2-3364-48F9-9581-E0EB63A3E0A3}</UniqueIdentifier>
    </Filter>
    <Filter Include="TCPServer">
      <UniqueIdentifier>{2D95A731-003A-4F80-A6B9-6DDF7C68811B}</UniqueIdentifier>
    </Filter>
    <Filter Include="WebSocket">
      <UniqueIdentifier>{456E2A80-492C-412C-8FA4-D86D5FC08B8E}</UniqueIdentifier>
    </Filter>
    <Filter Include="ICMP\Source Files">
      <UniqueIdentifier>{720DBA1B-C5B3-48A6-95B6-D8083CAF8ED1}</UniqueIdentifier>
    </Filter>
    <Filter Include="ICMP\Header Files">
      <UniqueIdentifier>{069E2A4A-FD4A-4DBF-9136-2952E54C9AEE}</UniqueIdentifier>
    </Filter>
    <Filter Include="HTTPClient\Source Files">
      <UniqueIdentifier>{BBF14AC6-8604-4E7C-992E-2B793F853B39}</UniqueIdentifier>
    </Filter>
    <Filter Include="HTTPClient\Header Files">
      <UniqueIdentifier>{575AAB44-EA77-41BE-89B3-23680D834BAF}</UniqueIdentifier>
    </Filter>
    <Filter Include="FTP\Source Files">
      <UniqueIdentifier>{D6C89241-8DC8-4CAC-9039-0A09DB1946B6}</UniqueIdentifier>
    </Filter>
    <Filter Include="FTP\Header Files">
      <UniqueIdentifier>{D95B4C76-AC5F-4C84-BA4E-4744A11FCC1F}</UniqueIdentifier>
    </Filter>
    <Filter Include="NTP\Source Files">
      <UniqueIdentifier>{212BD4C0-77E3-42A0-BE76-044E314E8F3A}</UniqueIdentifier>
    </Filter>
    <Filter Include="NTP\Header Files">
      <UniqueIdentifier>{0C9F731C-ABF9-4524-88FB-FB758C86A1BD}</UniqueIdentifier>
    </Filter>
    <Filter Include="Mail\Source Files">
      <UniqueIdentifier>{9D85F2E2-522D-4548-A26C-4D244B50CACD}</UniqueIdentifier>
    </Filter>
    <Filter Include="Mail\Header Files">
      <UniqueIdentifier>{37540451-C4E0-4134-933C-FC63D64DAB39}</UniqueIdentifier>
    </Filter>
    <Filter Include="Reactor\Source Files">
      <UniqueIdentifier>{FBFAC13B-69D9-404E-BFD2-01D87987C7AF}</UniqueIdentifier>
    </Filter>
    <Filter Include="Reactor\Header Files">
      <UniqueIdentifier>{4E7934ED-D6EC-4B50-A881-757646A3EE15}</UniqueIdentifier>
    </Filter>
    <Filter Include="OAuth\Source Files">
      <UniqueIdentifier>{5787C59F-CA3A-49FA-979E-56F1BA3E041E}</UniqueIdentifier>
    </Filter>
    <Filter Include="OAuth\Header Files">
      <UniqueIdentifier>{C9EE1C46-D4CE-4EB1-88C7-DE34DF8DB45A}</UniqueIdentifier>
    </Filter>
    <Filter Include="HTML\Source Files">
      <UniqueIdentifier>{85429ECE-F437-4911-B072-FCCE3353E5E9}</UniqueIdentifier>
    </Filter>
    <Filter Include="HTML\Header Files">
      <UniqueIdentifier>{3E344C1A-C202-4A9F-AA47-E574088FEF34}</UniqueIdentifier>
    </Filter>
    <Filter Include="Logging\Source Files">
      <UniqueIdentifier>{BF457F4F-5063-41CF-AD13-12C4E08EC5C1}</UniqueIdentifier>
    </Filter>
    <Filter Include="Logging\Header Files">
      <UniqueIdentifier>{96ECB7E0-BEBC-4DA4-B084-4F2FAFD6E27B}</UniqueIdentifier>
    </Filter>
    <Filter Include="TCPServer\Source Files">
      <UniqueIdentifier>{5A1FF547-FCF3-463A-BFB8-6FA2CDE4CB2F}</UniqueIdentifier>
    </Filter>
    <Filter Include="TCPServer\Header Files">
      <UniqueIdentifier>{7632D35B-C176-490E-BF49-9BFFD9439FAA}</UniqueIdentifier>
    </Filter>
    <Filter Include="WebSocket\Source Files">
      <UniqueIdentifier>{CDEB13B8-568B-4250-A88E-0CFA650A3CE5}</UniqueIdentifier>
    </Filter>
    <Filter Include="WebSocket\Header Files">
      <UniqueIdentifier>{FBA65AD2-F615-4DCA-8162-30F7CF468D14}</UniqueIdentifier>
    </Filter>
    <Filter Include="HTTP\Source Files">
      <UniqueIdentifier>{D4D19AEE-BF18-46C5-AB01-B8FDC02C862D}</UniqueIdentifier>
    </Filter>
    <Filter Include="HTTP\Header Files">
      <UniqueIdentifier>{FA87FF81-3C32-4FD7-8B2F-64B9337E859C}</UniqueIdentifier>
    </Filter>
  </ItemGroup>
</Project>